// !$*UTF8*$!
{
	archiveVersion = 1;
	classes = {
	};
	objectVersion = 77;
	objects = {

/* Begin PBXBuildFile section */
		98374BE52FF759EB005D18E1 /* README.md in Resources */ = {isa = PBXBuildFile; fileRef = 98374BC12FF759EB005D18E1 /* README.md */; };
		98EA8EFE2FFE15890067F8EA /* CheckpointEditView.swift in Sources */ = {isa = PBXBuildFile; fileRef = 98EA8EF22FFE15890067F8EA /* CheckpointEditView.swift */; };
		98EA8EFF2FFE15890067F8EA /* Checkpoint.swift in Sources */ = {isa = PBXBuildFile; fileRef = 98EA8ECB2FFE15890067F8EA /* Checkpoint.swift */; };
		98EA8F002FFE15890067F8EA /* TextFieldBottomSheet.swift in Sources */ = {isa = PBXBuildFile; fileRef = 98EA8EE02FFE15890067F8EA /* TextFieldBottomSheet.swift */; };
		98EA8F012FFE15890067F8EA /* LocationManager.swift in Sources */ = {isa = PBXBuildFile; fileRef = 98EA8EC72FFE15890067F8EA /* LocationManager.swift */; };
		98EA8F022FFE15890067F8EA /* MCQBoardEntity.swift in Sources */ = {isa = PBXBuildFile; fileRef = 98EA8EDE2FFE15890067F8EA /* MCQBoardEntity.swift */; };
		98EA8F032FFE15890067F8EA /* ImagePicker.swift in Sources */ = {isa = PBXBuildFile; fileRef = 98EA8EDD2FFE15890067F8EA /* ImagePicker.swift */; };
		98EA8F042FFE15890067F8EA /* CitizenARViewModel.swift in Sources */ = {isa = PBXBuildFile; fileRef = 98EA8EEC2FFE15890067F8EA /* CitizenARViewModel.swift */; };
		98EA8F052FFE15890067F8EA /* RelativeMakerARView.swift in Sources */ = {isa = PBXBuildFile; fileRef = 98EA8EF92FFE15890067F8EA /* RelativeMakerARView.swift */; };
		98EA8F062FFE15890067F8EA /* CheckpointListView.swift in Sources */ = {isa = PBXBuildFile; fileRef = 98EA8EF32FFE15890067F8EA /* CheckpointListView.swift */; };
		98EA8F072FFE15890067F8EA /* MakerResponsesView.swift in Sources */ = {isa = PBXBuildFile; fileRef = 98EA8EF52FFE15890067F8EA /* MakerResponsesView.swift */; };
		98EA8F082FFE15890067F8EA /* ARPlacementPrototypeView.swift in Sources */ = {isa = PBXBuildFile; fileRef = 98EA8EEF2FFE15890067F8EA /* ARPlacementPrototypeView.swift */; };
		98EA8F092FFE15890067F8EA /* MessageBoardEntity.swift in Sources */ = {isa = PBXBuildFile; fileRef = 98EA8EDF2FFE15890067F8EA /* MessageBoardEntity.swift */; };
		98EA8F0A2FFE15890067F8EA /* WalkableAspirationSceneController.swift in Sources */ = {isa = PBXBuildFile; fileRef = 98EA8EC92FFE15890067F8EA /* WalkableAspirationSceneController.swift */; };
		98EA8F0B2FFE15890067F8EA /* MockPhotoService.swift in Sources */ = {isa = PBXBuildFile; fileRef = 98EA8ED52FFE15890067F8EA /* MockPhotoService.swift */; };
		98EA8F0C2FFE15890067F8EA /* PhotoGalleryView.swift in Sources */ = {isa = PBXBuildFile; fileRef = 98EA8EF82FFE15890067F8EA /* PhotoGalleryView.swift */; };
		98EA8F0D2FFE15890067F8EA /* SandboxDashboardView.swift in Sources */ = {isa = PBXBuildFile; fileRef = 98EA8EF02FFE15890067F8EA /* SandboxDashboardView.swift */; };
		98EA8F0E2FFE15890067F8EA /* ARMinimapView.swift in Sources */ = {isa = PBXBuildFile; fileRef = 98EA8ED72FFE15890067F8EA /* ARMinimapView.swift */; };
		98EA8F0F2FFE15890067F8EA /* ARWalkView.swift in Sources */ = {isa = PBXBuildFile; fileRef = 98EA8EE32FFE15890067F8EA /* ARWalkView.swift */; };
		98EA8F102FFE15890067F8EA /* MockDatabaseService.swift in Sources */ = {isa = PBXBuildFile; fileRef = 98EA8ED42FFE15890067F8EA /* MockDatabaseService.swift */; };
		98EA8F112FFE15890067F8EA /* CustomCameraView_Backup.swift in Sources */ = {isa = PBXBuildFile; fileRef = 98EA8EDB2FFE15890067F8EA /* CustomCameraView_Backup.swift */; };
		98EA8F122FFE15890067F8EA /* PhotoboothCaptureView.swift in Sources */ = {isa = PBXBuildFile; fileRef = 98EA8EF62FFE15890067F8EA /* PhotoboothCaptureView.swift */; };
		98EA8F132FFE15890067F8EA /* MakerViewModel.swift in Sources */ = {isa = PBXBuildFile; fileRef = 98EA8EED2FFE15890067F8EA /* MakerViewModel.swift */; };
		98EA8F142FFE15890067F8EA /* UserMinimapView.swift in Sources */ = {isa = PBXBuildFile; fileRef = 98EA8EFB2FFE15890067F8EA /* UserMinimapView.swift */; };
		98EA8F152FFE15890067F8EA /* PhotoboothCaptureView_Backup.swift in Sources */ = {isa = PBXBuildFile; fileRef = 98EA8EF72FFE15890067F8EA /* PhotoboothCaptureView_Backup.swift */; };
		98EA8F162FFE15890067F8EA /* WalkableAspiration.swift in Sources */ = {isa = PBXBuildFile; fileRef = 98EA8ECC2FFE15890067F8EA /* WalkableAspiration.swift */; };
		98EA8F172FFE15890067F8EA /* TanyaLeApp.swift in Sources */ = {isa = PBXBuildFile; fileRef = 98EA8EE92FFE15890067F8EA /* TanyaLeApp.swift */; };
		98EA8F182FFE15890067F8EA /* CheckpointFormContent.swift in Sources */ = {isa = PBXBuildFile; fileRef = 98EA8EDA2FFE15890067F8EA /* CheckpointFormContent.swift */; };
		98EA8F192FFE15890067F8EA /* WalkableAspirationButton.swift in Sources */ = {isa = PBXBuildFile; fileRef = 98EA8EE12FFE15890067F8EA /* WalkableAspirationButton.swift */; };
		98EA8F1A2FFE15890067F8EA /* WalkableAspirationManager.swift in Sources */ = {isa = PBXBuildFile; fileRef = 98EA8EC82FFE15890067F8EA /* WalkableAspirationManager.swift */; };
		98EA8F1B2FFE15890067F8EA /* EmojiCelebrationView.swift in Sources */ = {isa = PBXBuildFile; fileRef = 98EA8EDC2FFE15890067F8EA /* EmojiCelebrationView.swift */; };
		98EA8F1C2FFE15890067F8EA /* MakerMapView.swift in Sources */ = {isa = PBXBuildFile; fileRef = 98EA8EF42FFE15890067F8EA /* MakerMapView.swift */; };
		98EA8F1D2FFE15890067F8EA /* WalkableAspirationView.swift in Sources */ = {isa = PBXBuildFile; fileRef = 98EA8EE52FFE15890067F8EA /* WalkableAspirationView.swift */; };
		98EA8F1E2FFE15890067F8EA /* ARSurveyBoard.swift in Sources */ = {isa = PBXBuildFile; fileRef = 98EA8ED82FFE15890067F8EA /* ARSurveyBoard.swift */; };
		98EA8F1F2FFE15890067F8EA /* RelativeUserARView.swift in Sources */ = {isa = PBXBuildFile; fileRef = 98EA8EFA2FFE15890067F8EA /* RelativeUserARView.swift */; };
		98EA8F202FFE15890067F8EA /* CheckpointBoardLoader.swift in Sources */ = {isa = PBXBuildFile; fileRef = 98EA8ED92FFE15890067F8EA /* CheckpointBoardLoader.swift */; };
		98EA8F212FFE15890067F8EA /* RelativeARViewContainer.swift in Sources */ = {isa = PBXBuildFile; fileRef = 98EA8EE42FFE15890067F8EA /* RelativeARViewContainer.swift */; };
		98EA8F222FFE15890067F8EA /* WelcomeView.swift in Sources */ = {isa = PBXBuildFile; fileRef = 98EA8EE62FFE15890067F8EA /* WelcomeView.swift */; };
		98EA8F232FFE15890067F8EA /* appicon_tanyale.icon in Resources */ = {isa = PBXBuildFile; fileRef = 98EA8ECE2FFE15890067F8EA /* appicon_tanyale.icon */; };
		98EA8F242FFE15890067F8EA /* Assets.xcassets in Resources */ = {isa = PBXBuildFile; fileRef = 98EA8ECF2FFE15890067F8EA /* Assets.xcassets */; };
		98EA8F252FFE15890067F8EA /* tanyale_map_illustration.svg in Resources */ = {isa = PBXBuildFile; fileRef = 98EA8ED02FFE15890067F8EA /* tanyale_map_illustration.svg */; };
		98EA8F262FFE15890067F8EA /* tanyale_map_illustrationx3.svg in Resources */ = {isa = PBXBuildFile; fileRef = 98EA8ED22FFE15890067F8EA /* tanyale_map_illustrationx3.svg */; };
		98EA8F272FFE15890067F8EA /* tanyale_map_illustrationx2.svg in Resources */ = {isa = PBXBuildFile; fileRef = 98EA8ED12FFE15890067F8EA /* tanyale_map_illustrationx2.svg */; };
/* End PBXBuildFile section */

/* Begin PBXFileReference section */
		98374BC12FF759EB005D18E1 /* README.md */ = {isa = PBXFileReference; lastKnownFileType = net.daringfireball.markdown; path = README.md; sourceTree = "<group>"; };
		987379372FF61D8900739D44 /* TanyaLe.app */ = {isa = PBXFileReference; explicitFileType = wrapper.application; includeInIndex = 0; path = TanyaLe.app; sourceTree = BUILT_PRODUCTS_DIR; };
		98EA8EC72FFE15890067F8EA /* LocationManager.swift */ = {isa = PBXFileReference; lastKnownFileType = sourcecode.swift; path = LocationManager.swift; sourceTree = "<group>"; };
		98EA8EC82FFE15890067F8EA /* WalkableAspirationManager.swift */ = {isa = PBXFileReference; lastKnownFileType = sourcecode.swift; path = WalkableAspirationManager.swift; sourceTree = "<group>"; };
		98EA8EC92FFE15890067F8EA /* WalkableAspirationSceneController.swift */ = {isa = PBXFileReference; lastKnownFileType = sourcecode.swift; path = WalkableAspirationSceneController.swift; sourceTree = "<group>"; };
		98EA8ECB2FFE15890067F8EA /* Checkpoint.swift */ = {isa = PBXFileReference; lastKnownFileType = sourcecode.swift; path = Checkpoint.swift; sourceTree = "<group>"; };
		98EA8ECC2FFE15890067F8EA /* WalkableAspiration.swift */ = {isa = PBXFileReference; lastKnownFileType = sourcecode.swift; path = WalkableAspiration.swift; sourceTree = "<group>"; };
		98EA8ECE2FFE15890067F8EA /* appicon_tanyale.icon */ = {isa = PBXFileReference; lastKnownFileType = folder.iconcomposer.icon; path = appicon_tanyale.icon; sourceTree = "<group>"; };
		98EA8ECF2FFE15890067F8EA /* Assets.xcassets */ = {isa = PBXFileReference; lastKnownFileType = folder.assetcatalog; path = Assets.xcassets; sourceTree = "<group>"; };
		98EA8ED02FFE15890067F8EA /* tanyale_map_illustration.svg */ = {isa = PBXFileReference; lastKnownFileType = text; path = tanyale_map_illustration.svg; sourceTree = "<group>"; };
		98EA8ED12FFE15890067F8EA /* tanyale_map_illustrationx2.svg */ = {isa = PBXFileReference; lastKnownFileType = text; path = tanyale_map_illustrationx2.svg; sourceTree = "<group>"; };
		98EA8ED22FFE15890067F8EA /* tanyale_map_illustrationx3.svg */ = {isa = PBXFileReference; lastKnownFileType = text; path = tanyale_map_illustrationx3.svg; sourceTree = "<group>"; };
		98EA8ED42FFE15890067F8EA /* MockDatabaseService.swift */ = {isa = PBXFileReference; lastKnownFileType = sourcecode.swift; path = MockDatabaseService.swift; sourceTree = "<group>"; };
		98EA8ED52FFE15890067F8EA /* MockPhotoService.swift */ = {isa = PBXFileReference; lastKnownFileType = sourcecode.swift; path = MockPhotoService.swift; sourceTree = "<group>"; };
		98EA8ED72FFE15890067F8EA /* ARMinimapView.swift */ = {isa = PBXFileReference; lastKnownFileType = sourcecode.swift; path = ARMinimapView.swift; sourceTree = "<group>"; };
		98EA8ED82FFE15890067F8EA /* ARSurveyBoard.swift */ = {isa = PBXFileReference; lastKnownFileType = sourcecode.swift; path = ARSurveyBoard.swift; sourceTree = "<group>"; };
		98EA8ED92FFE15890067F8EA /* CheckpointBoardLoader.swift */ = {isa = PBXFileReference; lastKnownFileType = sourcecode.swift; path = CheckpointBoardLoader.swift; sourceTree = "<group>"; };
		98EA8EDA2FFE15890067F8EA /* CheckpointFormContent.swift */ = {isa = PBXFileReference; lastKnownFileType = sourcecode.swift; path = CheckpointFormContent.swift; sourceTree = "<group>"; };
		98EA8EDB2FFE15890067F8EA /* CustomCameraView_Backup.swift */ = {isa = PBXFileReference; lastKnownFileType = sourcecode.swift; path = CustomCameraView_Backup.swift; sourceTree = "<group>"; };
		98EA8EDC2FFE15890067F8EA /* EmojiCelebrationView.swift */ = {isa = PBXFileReference; lastKnownFileType = sourcecode.swift; path = EmojiCelebrationView.swift; sourceTree = "<group>"; };
		98EA8EDD2FFE15890067F8EA /* ImagePicker.swift */ = {isa = PBXFileReference; lastKnownFileType = sourcecode.swift; path = ImagePicker.swift; sourceTree = "<group>"; };
		98EA8EDE2FFE15890067F8EA /* MCQBoardEntity.swift */ = {isa = PBXFileReference; lastKnownFileType = sourcecode.swift; path = MCQBoardEntity.swift; sourceTree = "<group>"; };
		98EA8EDF2FFE15890067F8EA /* MessageBoardEntity.swift */ = {isa = PBXFileReference; lastKnownFileType = sourcecode.swift; path = MessageBoardEntity.swift; sourceTree = "<group>"; };
		98EA8EE02FFE15890067F8EA /* TextFieldBottomSheet.swift */ = {isa = PBXFileReference; lastKnownFileType = sourcecode.swift; path = TextFieldBottomSheet.swift; sourceTree = "<group>"; };
		98EA8EE12FFE15890067F8EA /* WalkableAspirationButton.swift */ = {isa = PBXFileReference; lastKnownFileType = sourcecode.swift; path = WalkableAspirationButton.swift; sourceTree = "<group>"; };
		98EA8EE32FFE15890067F8EA /* ARWalkView.swift */ = {isa = PBXFileReference; lastKnownFileType = sourcecode.swift; path = ARWalkView.swift; sourceTree = "<group>"; };
		98EA8EE42FFE15890067F8EA /* RelativeARViewContainer.swift */ = {isa = PBXFileReference; lastKnownFileType = sourcecode.swift; path = RelativeARViewContainer.swift; sourceTree = "<group>"; };
		98EA8EE52FFE15890067F8EA /* WalkableAspirationView.swift */ = {isa = PBXFileReference; lastKnownFileType = sourcecode.swift; path = WalkableAspirationView.swift; sourceTree = "<group>"; };
		98EA8EE62FFE15890067F8EA /* WelcomeView.swift */ = {isa = PBXFileReference; lastKnownFileType = sourcecode.swift; path = WelcomeView.swift; sourceTree = "<group>"; };
		98EA8EE92FFE15890067F8EA /* TanyaLeApp.swift */ = {isa = PBXFileReference; lastKnownFileType = sourcecode.swift; path = TanyaLeApp.swift; sourceTree = "<group>"; };
		98EA8EEC2FFE15890067F8EA /* CitizenARViewModel.swift */ = {isa = PBXFileReference; lastKnownFileType = sourcecode.swift; path = CitizenARViewModel.swift; sourceTree = "<group>"; };
		98EA8EED2FFE15890067F8EA /* MakerViewModel.swift */ = {isa = PBXFileReference; lastKnownFileType = sourcecode.swift; path = MakerViewModel.swift; sourceTree = "<group>"; };
		98EA8EEF2FFE15890067F8EA /* ARPlacementPrototypeView.swift */ = {isa = PBXFileReference; lastKnownFileType = sourcecode.swift; path = ARPlacementPrototypeView.swift; sourceTree = "<group>"; };
		98EA8EF02FFE15890067F8EA /* SandboxDashboardView.swift */ = {isa = PBXFileReference; lastKnownFileType = sourcecode.swift; path = SandboxDashboardView.swift; sourceTree = "<group>"; };
		98EA8EF22FFE15890067F8EA /* CheckpointEditView.swift */ = {isa = PBXFileReference; lastKnownFileType = sourcecode.swift; path = CheckpointEditView.swift; sourceTree = "<group>"; };
		98EA8EF32FFE15890067F8EA /* CheckpointListView.swift */ = {isa = PBXFileReference; lastKnownFileType = sourcecode.swift; path = CheckpointListView.swift; sourceTree = "<group>"; };
		98EA8EF42FFE15890067F8EA /* MakerMapView.swift */ = {isa = PBXFileReference; lastKnownFileType = sourcecode.swift; path = MakerMapView.swift; sourceTree = "<group>"; };
		98EA8EF52FFE15890067F8EA /* MakerResponsesView.swift */ = {isa = PBXFileReference; lastKnownFileType = sourcecode.swift; path = MakerResponsesView.swift; sourceTree = "<group>"; };
		98EA8EF62FFE15890067F8EA /* PhotoboothCaptureView.swift */ = {isa = PBXFileReference; lastKnownFileType = sourcecode.swift; path = PhotoboothCaptureView.swift; sourceTree = "<group>"; };
		98EA8EF72FFE15890067F8EA /* PhotoboothCaptureView_Backup.swift */ = {isa = PBXFileReference; lastKnownFileType = sourcecode.swift; path = PhotoboothCaptureView_Backup.swift; sourceTree = "<group>"; };
		98EA8EF82FFE15890067F8EA /* PhotoGalleryView.swift */ = {isa = PBXFileReference; lastKnownFileType = sourcecode.swift; path = PhotoGalleryView.swift; sourceTree = "<group>"; };
		98EA8EF92FFE15890067F8EA /* RelativeMakerARView.swift */ = {isa = PBXFileReference; lastKnownFileType = sourcecode.swift; path = RelativeMakerARView.swift; sourceTree = "<group>"; };
		98EA8EFA2FFE15890067F8EA /* RelativeUserARView.swift */ = {isa = PBXFileReference; lastKnownFileType = sourcecode.swift; path = RelativeUserARView.swift; sourceTree = "<group>"; };
		98EA8EFB2FFE15890067F8EA /* UserMinimapView.swift */ = {isa = PBXFileReference; lastKnownFileType = sourcecode.swift; path = UserMinimapView.swift; sourceTree = "<group>"; };
/* End PBXFileReference section */

/* Begin PBXFrameworksBuildPhase section */
		987379342FF61D8900739D44 /* Frameworks */ = {
			isa = PBXFrameworksBuildPhase;
			buildActionMask = 2147483647;
			files = (
			);
			runOnlyForDeploymentPostprocessing = 0;
		};
/* End PBXFrameworksBuildPhase section */

/* Begin PBXGroup section */
		9873792E2FF61D8900739D44 = {
			isa = PBXGroup;
			children = (
				98374BC12FF759EB005D18E1 /* README.md */,
				987379382FF61D8900739D44 /* Products */,
				98EA8EE82FFE15890067F8EA /* Shared */,
				98EA8EFD2FFE15890067F8EA /* TanyaLeApp */,
			);
			sourceTree = "<group>";
		};
		987379382FF61D8900739D44 /* Products */ = {
			isa = PBXGroup;
			children = (
				987379372FF61D8900739D44 /* TanyaLe.app */,
			);
			name = Products;
			sourceTree = "<group>";
		};
		98EA8ECA2FFE15890067F8EA /* Manager */ = {
			isa = PBXGroup;
			children = (
				98EA8EC72FFE15890067F8EA /* LocationManager.swift */,
				98EA8EC82FFE15890067F8EA /* WalkableAspirationManager.swift */,
				98EA8EC92FFE15890067F8EA /* WalkableAspirationSceneController.swift */,
			);
			path = Manager;
			sourceTree = "<group>";
		};
		98EA8ECD2FFE15890067F8EA /* Models */ = {
			isa = PBXGroup;
			children = (
				98EA8ECB2FFE15890067F8EA /* Checkpoint.swift */,
				98EA8ECC2FFE15890067F8EA /* WalkableAspiration.swift */,
			);
			path = Models;
			sourceTree = "<group>";
		};
		98EA8ED32FFE15890067F8EA /* Resources */ = {
			isa = PBXGroup;
			children = (
				98EA8ECE2FFE15890067F8EA /* appicon_tanyale.icon */,
				98EA8ECF2FFE15890067F8EA /* Assets.xcassets */,
				98EA8ED02FFE15890067F8EA /* tanyale_map_illustration.svg */,
				98EA8ED12FFE15890067F8EA /* tanyale_map_illustrationx2.svg */,
				98EA8ED22FFE15890067F8EA /* tanyale_map_illustrationx3.svg */,
			);
			path = Resources;
			sourceTree = "<group>";
		};
		98EA8ED62FFE15890067F8EA /* Services */ = {
			isa = PBXGroup;
			children = (
				98EA8ED42FFE15890067F8EA /* MockDatabaseService.swift */,
				98EA8ED52FFE15890067F8EA /* MockPhotoService.swift */,
			);
			path = Services;
			sourceTree = "<group>";
		};
		98EA8EE22FFE15890067F8EA /* Components */ = {
			isa = PBXGroup;
			children = (
				98EA8ED72FFE15890067F8EA /* ARMinimapView.swift */,
				98EA8ED82FFE15890067F8EA /* ARSurveyBoard.swift */,
				98EA8ED92FFE15890067F8EA /* CheckpointBoardLoader.swift */,
				98EA8EDA2FFE15890067F8EA /* CheckpointFormContent.swift */,
				98EA8EDB2FFE15890067F8EA /* CustomCameraView_Backup.swift */,
				98EA8EDC2FFE15890067F8EA /* EmojiCelebrationView.swift */,
				98EA8EDD2FFE15890067F8EA /* ImagePicker.swift */,
				98EA8EDE2FFE15890067F8EA /* MCQBoardEntity.swift */,
				98EA8EDF2FFE15890067F8EA /* MessageBoardEntity.swift */,
				98EA8EE02FFE15890067F8EA /* TextFieldBottomSheet.swift */,
				98EA8EE12FFE15890067F8EA /* WalkableAspirationButton.swift */,
			);
			path = Components;
			sourceTree = "<group>";
		};
		98EA8EE72FFE15890067F8EA /* Views */ = {
			isa = PBXGroup;
			children = (
				98EA8EE22FFE15890067F8EA /* Components */,
				98EA8EE32FFE15890067F8EA /* ARWalkView.swift */,
				98EA8EE42FFE15890067F8EA /* RelativeARViewContainer.swift */,
				98EA8EE52FFE15890067F8EA /* WalkableAspirationView.swift */,
				98EA8EE62FFE15890067F8EA /* WelcomeView.swift */,
			);
			path = Views;
			sourceTree = "<group>";
		};
		98EA8EE82FFE15890067F8EA /* Shared */ = {
			isa = PBXGroup;
			children = (
				98EA8ECA2FFE15890067F8EA /* Manager */,
				98EA8ECD2FFE15890067F8EA /* Models */,
				98EA8ED32FFE15890067F8EA /* Resources */,
				98EA8ED62FFE15890067F8EA /* Services */,
				98EA8EE72FFE15890067F8EA /* Views */,
			);
			path = Shared;
			sourceTree = "<group>";
		};
		98EA8EEA2FFE15890067F8EA /* App */ = {
			isa = PBXGroup;
			children = (
				98EA8EE92FFE15890067F8EA /* TanyaLeApp.swift */,
			);
			path = App;
			sourceTree = "<group>";
		};
		98EA8EEB2FFE15890067F8EA /* Resources */ = {
			isa = PBXGroup;
			children = (
			);
			path = Resources;
			sourceTree = "<group>";
		};
		98EA8EEE2FFE15890067F8EA /* ViewModels */ = {
			isa = PBXGroup;
			children = (
				98EA8EEC2FFE15890067F8EA /* CitizenARViewModel.swift */,
				98EA8EED2FFE15890067F8EA /* MakerViewModel.swift */,
			);
			path = ViewModels;
			sourceTree = "<group>";
		};
		98EA8EF12FFE15890067F8EA /* Prototypes */ = {
			isa = PBXGroup;
			children = (
				98EA8EEF2FFE15890067F8EA /* ARPlacementPrototypeView.swift */,
				98EA8EF02FFE15890067F8EA /* SandboxDashboardView.swift */,
			);
			path = Prototypes;
			sourceTree = "<group>";
		};
		98EA8EFC2FFE15890067F8EA /* Views */ = {
			isa = PBXGroup;
			children = (
				98EA8EF12FFE15890067F8EA /* Prototypes */,
				98EA8EF22FFE15890067F8EA /* CheckpointEditView.swift */,
				98EA8EF32FFE15890067F8EA /* CheckpointListView.swift */,
				98EA8EF42FFE15890067F8EA /* MakerMapView.swift */,
				98EA8EF52FFE15890067F8EA /* MakerResponsesView.swift */,
				98EA8EF62FFE15890067F8EA /* PhotoboothCaptureView.swift */,
				98EA8EF72FFE15890067F8EA /* PhotoboothCaptureView_Backup.swift */,
				98EA8EF82FFE15890067F8EA /* PhotoGalleryView.swift */,
				98EA8EF92FFE15890067F8EA /* RelativeMakerARView.swift */,
				98EA8EFA2FFE15890067F8EA /* RelativeUserARView.swift */,
				98EA8EFB2FFE15890067F8EA /* UserMinimapView.swift */,
			);
			path = Views;
			sourceTree = "<group>";
		};
		98EA8EFD2FFE15890067F8EA /* TanyaLeApp */ = {
			isa = PBXGroup;
			children = (
				98EA8EEA2FFE15890067F8EA /* App */,
				98EA8EEB2FFE15890067F8EA /* Resources */,
				98EA8EEE2FFE15890067F8EA /* ViewModels */,
				98EA8EFC2FFE15890067F8EA /* Views */,
			);
			path = TanyaLeApp;
			sourceTree = "<group>";
		};
/* End PBXGroup section */

/* Begin PBXNativeTarget section */
		987379362FF61D8900739D44 /* TanyaLe */ = {
			isa = PBXNativeTarget;
			buildConfigurationList = 987379442FF61D8A00739D44 /* Build configuration list for PBXNativeTarget "TanyaLe" */;
			buildPhases = (
				987379332FF61D8900739D44 /* Sources */,
				987379342FF61D8900739D44 /* Frameworks */,
				987379352FF61D8900739D44 /* Resources */,
			);
			buildRules = (
			);
			dependencies = (
			);
			name = TanyaLe;
			packageProductDependencies = (
			);
			productName = TanyaLe;
			productReference = 987379372FF61D8900739D44 /* TanyaLe.app */;
			productType = "com.apple.product-type.application";
		};
/* End PBXNativeTarget section */

/* Begin PBXProject section */
		9873792F2FF61D8900739D44 /* Project object */ = {
			isa = PBXProject;
			attributes = {
				BuildIndependentTargetsInParallel = 1;
				LastSwiftUpdateCheck = 2660;
				LastUpgradeCheck = 2660;
				TargetAttributes = {
					987379362FF61D8900739D44 = {
						CreatedOnToolsVersion = 26.6;
					};
				};
			};
			buildConfigurationList = 987379322FF61D8900739D44 /* Build configuration list for PBXProject "TanyaLe" */;
			developmentRegion = en;
			hasScannedForEncodings = 0;
			knownRegions = (
				en,
				Base,
			);
			mainGroup = 9873792E2FF61D8900739D44;
			minimizedProjectReferenceProxies = 1;
			preferredProjectObjectVersion = 77;
			productRefGroup = 987379382FF61D8900739D44 /* Products */;
			projectDirPath = "";
			projectRoot = "";
			targets = (
				987379362FF61D8900739D44 /* TanyaLe */,
			);
		};
/* End PBXProject section */

/* Begin PBXResourcesBuildPhase section */
		987379352FF61D8900739D44 /* Resources */ = {
			isa = PBXResourcesBuildPhase;
			buildActionMask = 2147483647;
			files = (
				98374BE52FF759EB005D18E1 /* README.md in Resources */,
				98EA8F232FFE15890067F8EA /* appicon_tanyale.icon in Resources */,
				98EA8F242FFE15890067F8EA /* Assets.xcassets in Resources */,
				98EA8F252FFE15890067F8EA /* tanyale_map_illustration.svg in Resources */,
				98EA8F262FFE15890067F8EA /* tanyale_map_illustrationx3.svg in Resources */,
				98EA8F272FFE15890067F8EA /* tanyale_map_illustrationx2.svg in Resources */,
			);
			runOnlyForDeploymentPostprocessing = 0;
		};
/* End PBXResourcesBuildPhase section */

/* Begin PBXSourcesBuildPhase section */
		987379332FF61D8900739D44 /* Sources */ = {
			isa = PBXSourcesBuildPhase;
			buildActionMask = 2147483647;
			files = (
				98EA8EFE2FFE15890067F8EA /* CheckpointEditView.swift in Sources */,
				98EA8EFF2FFE15890067F8EA /* Checkpoint.swift in Sources */,
				98EA8F002FFE15890067F8EA /* TextFieldBottomSheet.swift in Sources */,
				98EA8F012FFE15890067F8EA /* LocationManager.swift in Sources */,
				98EA8F022FFE15890067F8EA /* MCQBoardEntity.swift in Sources */,
				98EA8F032FFE15890067F8EA /* ImagePicker.swift in Sources */,
				98EA8F042FFE15890067F8EA /* CitizenARViewModel.swift in Sources */,
				98EA8F052FFE15890067F8EA /* RelativeMakerARView.swift in Sources */,
				98EA8F062FFE15890067F8EA /* CheckpointListView.swift in Sources */,
				98EA8F072FFE15890067F8EA /* MakerResponsesView.swift in Sources */,
				98EA8F082FFE15890067F8EA /* ARPlacementPrototypeView.swift in Sources */,
				98EA8F092FFE15890067F8EA /* MessageBoardEntity.swift in Sources */,
				98EA8F0A2FFE15890067F8EA /* WalkableAspirationSceneController.swift in Sources */,
				98EA8F0B2FFE15890067F8EA /* MockPhotoService.swift in Sources */,
				98EA8F0C2FFE15890067F8EA /* PhotoGalleryView.swift in Sources */,
				98EA8F0D2FFE15890067F8EA /* SandboxDashboardView.swift in Sources */,
				98EA8F0E2FFE15890067F8EA /* ARMinimapView.swift in Sources */,
				98EA8F0F2FFE15890067F8EA /* ARWalkView.swift in Sources */,
				98EA8F102FFE15890067F8EA /* MockDatabaseService.swift in Sources */,
				98EA8F112FFE15890067F8EA /* CustomCameraView_Backup.swift in Sources */,
				98EA8F122FFE15890067F8EA /* PhotoboothCaptureView.swift in Sources */,
				98EA8F132FFE15890067F8EA /* MakerViewModel.swift in Sources */,
				98EA8F142FFE15890067F8EA /* UserMinimapView.swift in Sources */,
				98EA8F152FFE15890067F8EA /* PhotoboothCaptureView_Backup.swift in Sources */,
				98EA8F162FFE15890067F8EA /* WalkableAspiration.swift in Sources */,
				98EA8F172FFE15890067F8EA /* TanyaLeApp.swift in Sources */,
				98EA8F182FFE15890067F8EA /* CheckpointFormContent.swift in Sources */,
				98EA8F192FFE15890067F8EA /* WalkableAspirationButton.swift in Sources */,
				98EA8F1A2FFE15890067F8EA /* WalkableAspirationManager.swift in Sources */,
				98EA8F1B2FFE15890067F8EA /* EmojiCelebrationView.swift in Sources */,
				98EA8F1C2FFE15890067F8EA /* MakerMapView.swift in Sources */,
				98EA8F1D2FFE15890067F8EA /* WalkableAspirationView.swift in Sources */,
				98EA8F1E2FFE15890067F8EA /* ARSurveyBoard.swift in Sources */,
				98EA8F1F2FFE15890067F8EA /* RelativeUserARView.swift in Sources */,
				98EA8F202FFE15890067F8EA /* CheckpointBoardLoader.swift in Sources */,
				98EA8F212FFE15890067F8EA /* RelativeARViewContainer.swift in Sources */,
				98EA8F222FFE15890067F8EA /* WelcomeView.swift in Sources */,
			);
			runOnlyForDeploymentPostprocessing = 0;
		};
/* End PBXSourcesBuildPhase section */

/* Begin XCBuildConfiguration section */
		987379452FF61D8A00739D44 /* Debug */ = {
			isa = XCBuildConfiguration;
			buildSettings = {
				ASSETCATALOG_COMPILER_APPICON_NAME = appicon_tanyale;
				ASSETCATALOG_COMPILER_GLOBAL_ACCENT_COLOR_NAME = AccentColor;
				CODE_SIGN_STYLE = Automatic;
				CURRENT_PROJECT_VERSION = 1;
				DEVELOPMENT_TEAM = MABNSMHA8L;
				ENABLE_PREVIEWS = YES;
				GENERATE_INFOPLIST_FILE = YES;
				INFOPLIST_KEY_NSCameraUsageDescription = CAMERA_USAGE_DESCRIPTION;
				INFOPLIST_KEY_UIApplicationSupportsIndirectInputEvents = YES;
				INFOPLIST_KEY_UILaunchScreen_Generation = YES;
				INFOPLIST_KEY_UIRequiredDeviceCapabilities = arkit;
				INFOPLIST_KEY_UIStatusBarHidden = YES;
				INFOPLIST_KEY_UISupportedInterfaceOrientations_iPad = "UIInterfaceOrientationPortrait UIInterfaceOrientationPortraitUpsideDown UIInterfaceOrientationLandscapeLeft UIInterfaceOrientationLandscapeRight";
				INFOPLIST_KEY_UISupportedInterfaceOrientations_iPhone = "UIInterfaceOrientationPortrait UIInterfaceOrientationLandscapeLeft UIInterfaceOrientationLandscapeRight";
				IPHONEOS_DEPLOYMENT_TARGET = 26.0;
				LD_RUNPATH_SEARCH_PATHS = (
					"$(inherited)",
					"@executable_path/Frameworks",
				);
				MARKETING_VERSION = 1.0;
				PRODUCT_BUNDLE_IDENTIFIER = com.caca.TanyaLe;
				PRODUCT_NAME = "$(TARGET_NAME)";
				STRING_CATALOG_GENERATE_SYMBOLS = YES;
				SWIFT_APPROACHABLE_CONCURRENCY = YES;
				SWIFT_DEFAULT_ACTOR_ISOLATION = MainActor;
				SWIFT_EMIT_LOC_STRINGS = YES;
				SWIFT_UPCOMING_FEATURE_MEMBER_IMPORT_VISIBILITY = YES;
				SWIFT_VERSION = 5.0;
				TARGETED_DEVICE_FAMILY = "1,2";
			};
			name = Debug;
		};
		987379462FF61D8A00739D44 /* Release */ = {
			isa = XCBuildConfiguration;
			buildSettings = {
				ASSETCATALOG_COMPILER_APPICON_NAME = appicon_tanyale;
				ASSETCATALOG_COMPILER_GLOBAL_ACCENT_COLOR_NAME = AccentColor;
				CODE_SIGN_STYLE = Automatic;
				CURRENT_PROJECT_VERSION = 1;
				DEVELOPMENT_TEAM = MABNSMHA8L;
				ENABLE_PREVIEWS = YES;
				GENERATE_INFOPLIST_FILE = YES;
				INFOPLIST_KEY_NSCameraUsageDescription = CAMERA_USAGE_DESCRIPTION;
				INFOPLIST_KEY_UIApplicationSupportsIndirectInputEvents = YES;
				INFOPLIST_KEY_UILaunchScreen_Generation = YES;
				INFOPLIST_KEY_UIRequiredDeviceCapabilities = arkit;
				INFOPLIST_KEY_UIStatusBarHidden = YES;
				INFOPLIST_KEY_UISupportedInterfaceOrientations_iPad = "UIInterfaceOrientationPortrait UIInterfaceOrientationPortraitUpsideDown UIInterfaceOrientationLandscapeLeft UIInterfaceOrientationLandscapeRight";
				INFOPLIST_KEY_UISupportedInterfaceOrientations_iPhone = "UIInterfaceOrientationPortrait UIInterfaceOrientationLandscapeLeft UIInterfaceOrientationLandscapeRight";
				IPHONEOS_DEPLOYMENT_TARGET = 26.0;
				LD_RUNPATH_SEARCH_PATHS = (
					"$(inherited)",
					"@executable_path/Frameworks",
				);
				MARKETING_VERSION = 1.0;
				PRODUCT_BUNDLE_IDENTIFIER = com.caca.TanyaLe;
				PRODUCT_NAME = "$(TARGET_NAME)";
				STRING_CATALOG_GENERATE_SYMBOLS = YES;
				SWIFT_APPROACHABLE_CONCURRENCY = YES;
				SWIFT_DEFAULT_ACTOR_ISOLATION = MainActor;
				SWIFT_EMIT_LOC_STRINGS = YES;
				SWIFT_UPCOMING_FEATURE_MEMBER_IMPORT_VISIBILITY = YES;
				SWIFT_VERSION = 5.0;
				TARGETED_DEVICE_FAMILY = "1,2";
			};
			name = Release;
		};
		987379472FF61D8A00739D44 /* Debug */ = {
			isa = XCBuildConfiguration;
			buildSettings = {
				ALWAYS_SEARCH_USER_PATHS = NO;
				ASSETCATALOG_COMPILER_GENERATE_SWIFT_ASSET_SYMBOL_EXTENSIONS = YES;
				CLANG_ANALYZER_NONNULL = YES;
				CLANG_ANALYZER_NUMBER_OBJECT_CONVERSION = YES_AGGRESSIVE;
				CLANG_CXX_LANGUAGE_STANDARD = "gnu++20";
				CLANG_ENABLE_MODULES = YES;
				CLANG_ENABLE_OBJC_ARC = YES;
				CLANG_ENABLE_OBJC_WEAK = YES;
				CLANG_WARN_BLOCK_CAPTURE_AUTORELEASING = YES;
				CLANG_WARN_BOOL_CONVERSION = YES;
				CLANG_WARN_COMMA = YES;
				CLANG_WARN_CONSTANT_CONVERSION = YES;
				CLANG_WARN_DEPRECATED_OBJC_IMPLEMENTATIONS = YES;
				CLANG_WARN_DIRECT_OBJC_ISA_USAGE = YES_ERROR;
				CLANG_WARN_DOCUMENTATION_COMMENTS = YES;
				CLANG_WARN_EMPTY_BODY = YES;
				CLANG_WARN_ENUM_CONVERSION = YES;
				CLANG_WARN_INFINITE_RECURSION = YES;
				CLANG_WARN_INT_CONVERSION = YES;
				CLANG_WARN_NON_LITERAL_NULL_CONVERSION = YES;
				CLANG_WARN_OBJC_IMPLICIT_RETAIN_SELF = YES;
				CLANG_WARN_OBJC_LITERAL_CONVERSION = YES;
				CLANG_WARN_OBJC_ROOT_CLASS = YES_ERROR;
				CLANG_WARN_QUOTED_INCLUDE_IN_FRAMEWORK_HEADER = YES;
				CLANG_WARN_RANGE_LOOP_ANALYSIS = YES;
				CLANG_WARN_STRICT_PROTOTYPES = YES;
				CLANG_WARN_SUSPICIOUS_MOVE = YES;
				CLANG_WARN_UNGUARDED_AVAILABILITY = YES_AGGRESSIVE;
				CLANG_WARN_UNREACHABLE_CODE = YES;
				CLANG_WARN__DUPLICATE_METHOD_MATCH = YES;
				COPY_PHASE_STRIP = NO;
				DEBUG_INFORMATION_FORMAT = dwarf;
				ENABLE_STRICT_OBJC_MSGSEND = YES;
				ENABLE_TESTABILITY = YES;
				ENABLE_USER_SCRIPT_SANDBOXING = YES;
				GCC_C_LANGUAGE_STANDARD = gnu17;
				GCC_DYNAMIC_NO_PIC = NO;
				GCC_NO_COMMON_BLOCKS = YES;
				GCC_OPTIMIZATION_LEVEL = 0;
				GCC_PREPROCESSOR_DEFINITIONS = (
					"DEBUG=1",
					"$(inherited)",
				);
				GCC_WARN_64_TO_32_BIT_CONVERSION = YES;
				GCC_WARN_ABOUT_RETURN_TYPE = YES_ERROR;
				GCC_WARN_UNDECLARED_SELECTOR = YES;
				GCC_WARN_UNINITIALIZED_AUTOS = YES_AGGRESSIVE;
				GCC_WARN_UNUSED_FUNCTION = YES;
				GCC_WARN_UNUSED_VARIABLE = YES;
				IPHONEOS_DEPLOYMENT_TARGET = 26.5;
				LOCALIZATION_PREFERS_STRING_CATALOGS = YES;
				MTL_ENABLE_DEBUG_INFO = INCLUDE_SOURCE;
				MTL_FAST_MATH = YES;
				ONLY_ACTIVE_ARCH = YES;
				SDKROOT = iphoneos;
				SWIFT_ACTIVE_COMPILATION_CONDITIONS = "DEBUG $(inherited)";
				SWIFT_OPTIMIZATION_LEVEL = "-Onone";
			};
			name = Debug;
		};
		987379482FF61D8A00739D44 /* Release */ = {
			isa = XCBuildConfiguration;
			buildSettings = {
				ALWAYS_SEARCH_USER_PATHS = NO;
				ASSETCATALOG_COMPILER_GENERATE_SWIFT_ASSET_SYMBOL_EXTENSIONS = YES;
				CLANG_ANALYZER_NONNULL = YES;
				CLANG_ANALYZER_NUMBER_OBJECT_CONVERSION = YES_AGGRESSIVE;
				CLANG_CXX_LANGUAGE_STANDARD = "gnu++20";
				CLANG_ENABLE_MODULES = YES;
				CLANG_ENABLE_OBJC_ARC = YES;
				CLANG_ENABLE_OBJC_WEAK = YES;
				CLANG_WARN_BLOCK_CAPTURE_AUTORELEASING = YES;
				CLANG_WARN_BOOL_CONVERSION = YES;
				CLANG_WARN_COMMA = YES;
				CLANG_WARN_CONSTANT_CONVERSION = YES;
				CLANG_WARN_DEPRECATED_OBJC_IMPLEMENTATIONS = YES;
				CLANG_WARN_DIRECT_OBJC_ISA_USAGE = YES_ERROR;
				CLANG_WARN_DOCUMENTATION_COMMENTS = YES;
				CLANG_WARN_EMPTY_BODY = YES;
				CLANG_WARN_ENUM_CONVERSION = YES;
				CLANG_WARN_INFINITE_RECURSION = YES;
				CLANG_WARN_INT_CONVERSION = YES;
				CLANG_WARN_NON_LITERAL_NULL_CONVERSION = YES;
				CLANG_WARN_OBJC_IMPLICIT_RETAIN_SELF = YES;
				CLANG_WARN_OBJC_LITERAL_CONVERSION = YES;
				CLANG_WARN_OBJC_ROOT_CLASS = YES_ERROR;
				CLANG_WARN_QUOTED_INCLUDE_IN_FRAMEWORK_HEADER = YES;
				CLANG_WARN_RANGE_LOOP_ANALYSIS = YES;
				CLANG_WARN_STRICT_PROTOTYPES = YES;
				CLANG_WARN_SUSPICIOUS_MOVE = YES;
				CLANG_WARN_UNGUARDED_AVAILABILITY = YES_AGGRESSIVE;
				CLANG_WARN_UNREACHABLE_CODE = YES;
				CLANG_WARN__DUPLICATE_METHOD_MATCH = YES;
				COPY_PHASE_STRIP = NO;
				DEBUG_INFORMATION_FORMAT = "dwarf-with-dsym";
				ENABLE_NS_ASSERTIONS = NO;
				ENABLE_STRICT_OBJC_MSGSEND = YES;
				ENABLE_USER_SCRIPT_SANDBOXING = YES;
				GCC_C_LANGUAGE_STANDARD = gnu17;
				GCC_NO_COMMON_BLOCKS = YES;
				GCC_WARN_64_TO_32_BIT_CONVERSION = YES;
				GCC_WARN_ABOUT_RETURN_TYPE = YES_ERROR;
				GCC_WARN_UNDECLARED_SELECTOR = YES;
				GCC_WARN_UNINITIALIZED_AUTOS = YES_AGGRESSIVE;
				GCC_WARN_UNUSED_FUNCTION = YES;
				GCC_WARN_UNUSED_VARIABLE = YES;
				IPHONEOS_DEPLOYMENT_TARGET = 26.5;
				LOCALIZATION_PREFERS_STRING_CATALOGS = YES;
				MTL_ENABLE_DEBUG_INFO = NO;
				MTL_FAST_MATH = YES;
				SDKROOT = iphoneos;
				SWIFT_COMPILATION_MODE = wholemodule;
				VALIDATE_PRODUCT = YES;
			};
			name = Release;
		};
/* End XCBuildConfiguration section */

/* Begin XCConfigurationList section */
		987379322FF61D8900739D44 /* Build configuration list for PBXProject "TanyaLe" */ = {
			isa = XCConfigurationList;
			buildConfigurations = (
				987379472FF61D8A00739D44 /* Debug */,
				987379482FF61D8A00739D44 /* Release */,
			);
			defaultConfigurationIsVisible = 0;
			defaultConfigurationName = Release;
		};
		987379442FF61D8A00739D44 /* Build configuration list for PBXNativeTarget "TanyaLe" */ = {
			isa = XCConfigurationList;
			buildConfigurations = (
				987379452FF61D8A00739D44 /* Debug */,
				987379462FF61D8A00739D44 /* Release */,
			);
			defaultConfigurationIsVisible = 0;
			defaultConfigurationName = Release;
		};
/* End XCConfigurationList section */
	};
	rootObject = 9873792F2FF61D8900739D44 /* Project object */;
}
