// !$*UTF8*$!
{
	archiveVersion = 1;
	classes = {
	};
	objectVersion = 77;
	objects = {

/* Begin PBXBuildFile section */
		98374BE52FF759EB005D18E1 /* README.md in Resources */ = {isa = PBXBuildFile; fileRef = 98374BC12FF759EB005D18E1 /* README.md */; };
		AA5E76462FFEC265009F664A /* (null) in Sources */ = {isa = PBXBuildFile; };
		BFE500AB3000DF3E0013CF67 /* JourneyLandingView.swift in Sources */ = {isa = PBXBuildFile; fileRef = BFE5009B3000DF3E0013CF67 /* JourneyLandingView.swift */; };
		BFE500AC3000DF3E0013CF67 /* MakerResponsesView.swift in Sources */ = {isa = PBXBuildFile; fileRef = BFE500A03000DF3E0013CF67 /* MakerResponsesView.swift */; };
		BFE500AD3000DF3E0013CF67 /* ConfirmationPopup.swift in Sources */ = {isa = PBXBuildFile; fileRef = BFE5006B3000DF3E0013CF67 /* ConfirmationPopup.swift */; };
		BFE500AE3000DF3E0013CF67 /* AssetThumbnailImage.swift in Sources */ = {isa = PBXBuildFile; fileRef = BFE500803000DF3E0013CF67 /* AssetThumbnailImage.swift */; };
		BFE500AF3000DF3E0013CF67 /* WalkableAspirationButton.swift in Sources */ = {isa = PBXBuildFile; fileRef = BFE500673000DF3E0013CF67 /* WalkableAspirationButton.swift */; };
		BFE500B03000DF3E0013CF67 /* MockPhotoService.swift in Sources */ = {isa = PBXBuildFile; fileRef = BFE500643000DF3E0013CF67 /* MockPhotoService.swift */; };
		BFE500B13000DF3E0013CF67 /* PhotoboothBoardController.swift in Sources */ = {isa = PBXBuildFile; fileRef = BFE500853000DF3E0013CF67 /* PhotoboothBoardController.swift */; };
		BFE500B23000DF3E0013CF67 /* BrandTheme.swift in Sources */ = {isa = PBXBuildFile; fileRef = BFE500813000DF3E0013CF67 /* BrandTheme.swift */; };
		BFE500B33000DF3E0013CF67 /* UserMinimapView.swift in Sources */ = {isa = PBXBuildFile; fileRef = BFE500A43000DF3E0013CF67 /* UserMinimapView.swift */; };
		BFE500B43000DF3E0013CF67 /* AppClipRootView.swift in Sources */ = {isa = PBXBuildFile; fileRef = BFE500883000DF3E0013CF67 /* AppClipRootView.swift */; };
		BFE500B53000DF3E0013CF67 /* WalkableAspirationView.swift in Sources */ = {isa = PBXBuildFile; fileRef = BFE500943000DF3E0013CF67 /* WalkableAspirationView.swift */; };
		BFE500B63000DF3E0013CF67 /* RelativeARViewContainer.swift in Sources */ = {isa = PBXBuildFile; fileRef = BFE5006C3000DF3E0013CF67 /* RelativeARViewContainer.swift */; };
		BFE500B73000DF3E0013CF67 /* Asset3D.swift in Sources */ = {isa = PBXBuildFile; fileRef = BFE500553000DF3E0013CF67 /* Asset3D.swift */; };
		BFE500B83000DF3E0013CF67 /* MakerMapView.swift in Sources */ = {isa = PBXBuildFile; fileRef = BFE5009F3000DF3E0013CF67 /* MakerMapView.swift */; };
		BFE500B93000DF3E0013CF67 /* CheckpointListView.swift in Sources */ = {isa = PBXBuildFile; fileRef = BFE500973000DF3E0013CF67 /* CheckpointListView.swift */; };
		BFE500BA3000DF3E0013CF67 /* WelcomeView.swift in Sources */ = {isa = PBXBuildFile; fileRef = BFE5006F3000DF3E0013CF67 /* WelcomeView.swift */; };
		BFE500BB3000DF3E0013CF67 /* MessageBoardEntity.swift in Sources */ = {isa = PBXBuildFile; fileRef = BFE500793000DF3E0013CF67 /* MessageBoardEntity.swift */; };
		BFE500BC3000DF3E0013CF67 /* PrimaryActionButton.swift in Sources */ = {isa = PBXBuildFile; fileRef = BFE500863000DF3E0013CF67 /* PrimaryActionButton.swift */; };
		BFE500BD3000DF3E0013CF67 /* CheckpointReachedCard.swift in Sources */ = {isa = PBXBuildFile; fileRef = BFE5006A3000DF3E0013CF67 /* CheckpointReachedCard.swift */; };
		BFE500BE3000DF3E0013CF67 /* CheckpointEditView.swift in Sources */ = {isa = PBXBuildFile; fileRef = BFE500963000DF3E0013CF67 /* CheckpointEditView.swift */; };
		BFE500BF3000DF3E0013CF67 /* LocationManager.swift in Sources */ = {isa = PBXBuildFile; fileRef = BFE500513000DF3E0013CF67 /* LocationManager.swift */; };
		BFE500C03000DF3E0013CF67 /* SetStartPointView.swift in Sources */ = {isa = PBXBuildFile; fileRef = BFE500A33000DF3E0013CF67 /* SetStartPointView.swift */; };
		BFE500C13000DF3E0013CF67 /* ImagePicker.swift in Sources */ = {isa = PBXBuildFile; fileRef = BFE500773000DF3E0013CF67 /* ImagePicker.swift */; };
		BFE500C23000DF3E0013CF67 /* CheckpointFormContent.swift in Sources */ = {isa = PBXBuildFile; fileRef = BFE500753000DF3E0013CF67 /* CheckpointFormContent.swift */; };
		BFE500C33000DF3E0013CF67 /* TutorialPopup.swift in Sources */ = {isa = PBXBuildFile; fileRef = BFE5006E3000DF3E0013CF67 /* TutorialPopup.swift */; };
		BFE500C43000DF3E0013CF67 /* AssetPickerView.swift in Sources */ = {isa = PBXBuildFile; fileRef = BFE5007E3000DF3E0013CF67 /* AssetPickerView.swift */; };
		BFE500C63000DF3E0013CF67 /* AssetDetailView.swift in Sources */ = {isa = PBXBuildFile; fileRef = BFE5007D3000DF3E0013CF67 /* AssetDetailView.swift */; };
		BFE500C73000DF3E0013CF67 /* MCQBoardEntity.swift in Sources */ = {isa = PBXBuildFile; fileRef = BFE500783000DF3E0013CF67 /* MCQBoardEntity.swift */; };
		BFE500C83000DF3E0013CF67 /* WalkableAspirationSceneController.swift in Sources */ = {isa = PBXBuildFile; fileRef = BFE500533000DF3E0013CF67 /* WalkableAspirationSceneController.swift */; };
		BFE500C93000DF3E0013CF67 /* JourneyPreviewView.swift in Sources */ = {isa = PBXBuildFile; fileRef = BFE5009C3000DF3E0013CF67 /* JourneyPreviewView.swift */; };
		BFE500CA3000DF3E0013CF67 /* TextFieldBottomSheet.swift in Sources */ = {isa = PBXBuildFile; fileRef = BFE500663000DF3E0013CF67 /* TextFieldBottomSheet.swift */; };
		BFE500CB3000DF3E0013CF67 /* JourneyService.swift in Sources */ = {isa = PBXBuildFile; fileRef = BFE5009D3000DF3E0013CF67 /* JourneyService.swift */; };
		BFE500CC3000DF3E0013CF67 /* EmojiCelebrationView.swift in Sources */ = {isa = PBXBuildFile; fileRef = BFE500763000DF3E0013CF67 /* EmojiCelebrationView.swift */; };
		BFE500CD3000DF3E0013CF67 /* ARWalkView.swift in Sources */ = {isa = PBXBuildFile; fileRef = BFE500693000DF3E0013CF67 /* ARWalkView.swift */; };
		BFE500CE3000DF3E0013CF67 /* PhotoPreviewView.swift in Sources */ = {isa = PBXBuildFile; fileRef = BFE5008B3000DF3E0013CF67 /* PhotoPreviewView.swift */; };
		BFE500CF3000DF3E0013CF67 /* Asset3DLoader.swift in Sources */ = {isa = PBXBuildFile; fileRef = BFE5007C3000DF3E0013CF67 /* Asset3DLoader.swift */; };
		BFE500D03000DF3E0013CF67 /* MockDatabaseService.swift in Sources */ = {isa = PBXBuildFile; fileRef = BFE500633000DF3E0013CF67 /* MockDatabaseService.swift */; };
		BFE500D13000DF3E0013CF67 /* JourneyDetailView.swift in Sources */ = {isa = PBXBuildFile; fileRef = BFE5009A3000DF3E0013CF67 /* JourneyDetailView.swift */; };
		BFE500D23000DF3E0013CF67 /* PhotoboothCaptureView.swift in Sources */ = {isa = PBXBuildFile; fileRef = BFE500893000DF3E0013CF67 /* PhotoboothCaptureView.swift */; };
		BFE500D43000DF3E0013CF67 /* MakerViewModel.swift in Sources */ = {isa = PBXBuildFile; fileRef = BFE500903000DF3E0013CF67 /* MakerViewModel.swift */; };
		BFE500D53000DF3E0013CF67 /* PhotoboothCaptureView_Backup.swift in Sources */ = {isa = PBXBuildFile; fileRef = BFE5008A3000DF3E0013CF67 /* PhotoboothCaptureView_Backup.swift */; };
		BFE500D63000DF3E0013CF67 /* Entity+GroundPlacement.swift in Sources */ = {isa = PBXBuildFile; fileRef = BFE500843000DF3E0013CF67 /* Entity+GroundPlacement.swift */; };
		BFE500D73000DF3E0013CF67 /* SandboxDashboardView.swift in Sources */ = {isa = PBXBuildFile; fileRef = BFE500933000DF3E0013CF67 /* SandboxDashboardView.swift */; };
		BFE500D83000DF3E0013CF67 /* WalkableAspirationManager.swift in Sources */ = {isa = PBXBuildFile; fileRef = BFE500523000DF3E0013CF67 /* WalkableAspirationManager.swift */; };
		BFE500D93000DF3E0013CF67 /* ARSurveyBoard.swift in Sources */ = {isa = PBXBuildFile; fileRef = BFE500733000DF3E0013CF67 /* ARSurveyBoard.swift */; };
		BFE500DA3000DF3E0013CF67 /* RelativeUserARView.swift in Sources */ = {isa = PBXBuildFile; fileRef = BFE5006D3000DF3E0013CF67 /* RelativeUserARView.swift */; };
		BFE500DB3000DF3E0013CF67 /* CheckpointBoardLoader.swift in Sources */ = {isa = PBXBuildFile; fileRef = BFE500743000DF3E0013CF67 /* CheckpointBoardLoader.swift */; };
		BFE500DC3000DF3E0013CF67 /* ARPlacementPrototypeView.swift in Sources */ = {isa = PBXBuildFile; fileRef = BFE500923000DF3E0013CF67 /* ARPlacementPrototypeView.swift */; };
		BFE500DE3000DF3E0013CF67 /* Checkpoint.swift in Sources */ = {isa = PBXBuildFile; fileRef = BFE500573000DF3E0013CF67 /* Checkpoint.swift */; };
		BFE500DF3000DF3E0013CF67 /* CitizenARViewModel.swift in Sources */ = {isa = PBXBuildFile; fileRef = BFE500503000DF3E0013CF67 /* CitizenARViewModel.swift */; };
		BFE500E03000DF3E0013CF67 /* ARMinimapView.swift in Sources */ = {isa = PBXBuildFile; fileRef = BFE500713000DF3E0013CF67 /* ARMinimapView.swift */; };
		BFE500E13000DF3E0013CF67 /* AssetPlacementConfig.swift in Sources */ = {isa = PBXBuildFile; fileRef = BFE500563000DF3E0013CF67 /* AssetPlacementConfig.swift */; };
		BFE500E23000DF3E0013CF67 /* AssetPlacementController.swift in Sources */ = {isa = PBXBuildFile; fileRef = BFE5007F3000DF3E0013CF67 /* AssetPlacementController.swift */; };
		BFE500E33000DF3E0013CF67 /* WalkableAspiration.swift in Sources */ = {isa = PBXBuildFile; fileRef = BFE500583000DF3E0013CF67 /* WalkableAspiration.swift */; };
		BFE500E43000DF3E0013CF67 /* RelativeMakerARView.swift in Sources */ = {isa = PBXBuildFile; fileRef = BFE500A23000DF3E0013CF67 /* RelativeMakerARView.swift */; };
		BFE500E53000DF3E0013CF67 /* Journey.swift in Sources */ = {isa = PBXBuildFile; fileRef = BFE500983000DF3E0013CF67 /* Journey.swift */; };
		BFE500E63000DF3E0013CF67 /* JourneySetupView.swift in Sources */ = {isa = PBXBuildFile; fileRef = BFE5009E3000DF3E0013CF67 /* JourneySetupView.swift */; };
		BFE500E73000DF3E0013CF67 /* CustomCameraView_Backup.swift in Sources */ = {isa = PBXBuildFile; fileRef = BFE500833000DF3E0013CF67 /* CustomCameraView_Backup.swift */; };
		BFE500E83000DF3E0013CF67 /* JourneyARPlacementView.swift in Sources */ = {isa = PBXBuildFile; fileRef = BFE500993000DF3E0013CF67 /* JourneyARPlacementView.swift */; };
		BFE500E93000DF3E0013CF67 /* PhotoGalleryView.swift in Sources */ = {isa = PBXBuildFile; fileRef = BFE5007A3000DF3E0013CF67 /* PhotoGalleryView.swift */; };
		BFE500EA3000DF3E0013CF67 /* TanyaleAppClipApp.swift in Sources */ = {isa = PBXBuildFile; fileRef = BFE500A93000DF3E0013CF67 /* TanyaleAppClipApp.swift */; };
		BFE500EB3000DF3E0013CF67 /* PastJourneysListView.swift in Sources */ = {isa = PBXBuildFile; fileRef = BFE500A13000DF3E0013CF67 /* PastJourneysListView.swift */; };
		BFE500EC3000DF3E0013CF67 /* Assets.xcassets in Resources */ = {isa = PBXBuildFile; fileRef = BFE5005F3000DF3E0013CF67 /* Assets.xcassets */; };
		BFE500ED3000DF3E0013CF67 /* asset3d_trashbin.usdz in Resources */ = {isa = PBXBuildFile; fileRef = BFE5005B3000DF3E0013CF67 /* asset3d_trashbin.usdz */; };
		BFE500EE3000DF3E0013CF67 /* asset3d_kandang-ayam.usdz in Resources */ = {isa = PBXBuildFile; fileRef = BFE5005A3000DF3E0013CF67 /* asset3d_kandang-ayam.usdz */; };
		BFE500EF3000DF3E0013CF67 /* Lele_Checkpoint.usdz in Resources */ = {isa = PBXBuildFile; fileRef = BFE500603000DF3E0013CF67 /* Lele_Checkpoint.usdz */; };
		BFE500F03000DF3E0013CF67 /* appicon_tanyale.icon in Resources */ = {isa = PBXBuildFile; fileRef = BFE5005E3000DF3E0013CF67 /* appicon_tanyale.icon */; };
		BFE500F13000DF3E0013CF67 /* Assets.xcassets in Resources */ = {isa = PBXBuildFile; fileRef = BFE500A73000DF3E0013CF67 /* Assets.xcassets */; };
		BFE500F23000DF3E0013CF67 /* appclipicon_tanyale.icon in Resources */ = {isa = PBXBuildFile; fileRef = BFE5005D3000DF3E0013CF67 /* appclipicon_tanyale.icon */; };
		BFE500F33000DF3E0013CF67 /* JourneyLandingView.swift in Sources */ = {isa = PBXBuildFile; fileRef = BFE5009B3000DF3E0013CF67 /* JourneyLandingView.swift */; };
		BFE500F43000DF3E0013CF67 /* MakerResponsesView.swift in Sources */ = {isa = PBXBuildFile; fileRef = BFE500A03000DF3E0013CF67 /* MakerResponsesView.swift */; };
		BFE500F53000DF3E0013CF67 /* ConfirmationPopup.swift in Sources */ = {isa = PBXBuildFile; fileRef = BFE5006B3000DF3E0013CF67 /* ConfirmationPopup.swift */; };
		BFE500F63000DF3E0013CF67 /* AssetThumbnailImage.swift in Sources */ = {isa = PBXBuildFile; fileRef = BFE500803000DF3E0013CF67 /* AssetThumbnailImage.swift */; };
		BFE500F73000DF3E0013CF67 /* WalkableAspirationButton.swift in Sources */ = {isa = PBXBuildFile; fileRef = BFE500673000DF3E0013CF67 /* WalkableAspirationButton.swift */; };
		BFE500F83000DF3E0013CF67 /* MockPhotoService.swift in Sources */ = {isa = PBXBuildFile; fileRef = BFE500643000DF3E0013CF67 /* MockPhotoService.swift */; };
		BFE500F93000DF3E0013CF67 /* PhotoboothBoardController.swift in Sources */ = {isa = PBXBuildFile; fileRef = BFE500853000DF3E0013CF67 /* PhotoboothBoardController.swift */; };
		BFE500FA3000DF3E0013CF67 /* BrandTheme.swift in Sources */ = {isa = PBXBuildFile; fileRef = BFE500813000DF3E0013CF67 /* BrandTheme.swift */; };
		BFE500FB3000DF3E0013CF67 /* UserMinimapView.swift in Sources */ = {isa = PBXBuildFile; fileRef = BFE500A43000DF3E0013CF67 /* UserMinimapView.swift */; };
		BFE500FC3000DF3E0013CF67 /* AppClipRootView.swift in Sources */ = {isa = PBXBuildFile; fileRef = BFE500883000DF3E0013CF67 /* AppClipRootView.swift */; };
		BFE500FD3000DF3E0013CF67 /* WalkableAspirationView.swift in Sources */ = {isa = PBXBuildFile; fileRef = BFE500943000DF3E0013CF67 /* WalkableAspirationView.swift */; };
		BFE500FE3000DF3E0013CF67 /* RelativeARViewContainer.swift in Sources */ = {isa = PBXBuildFile; fileRef = BFE5006C3000DF3E0013CF67 /* RelativeARViewContainer.swift */; };
		BFE500FF3000DF3E0013CF67 /* Asset3D.swift in Sources */ = {isa = PBXBuildFile; fileRef = BFE500553000DF3E0013CF67 /* Asset3D.swift */; };
		BFE501003000DF3E0013CF67 /* MakerMapView.swift in Sources */ = {isa = PBXBuildFile; fileRef = BFE5009F3000DF3E0013CF67 /* MakerMapView.swift */; };
		BFE501013000DF3E0013CF67 /* CheckpointListView.swift in Sources */ = {isa = PBXBuildFile; fileRef = BFE500973000DF3E0013CF67 /* CheckpointListView.swift */; };
		BFE501023000DF3E0013CF67 /* WelcomeView.swift in Sources */ = {isa = PBXBuildFile; fileRef = BFE5006F3000DF3E0013CF67 /* WelcomeView.swift */; };
		BFE501033000DF3E0013CF67 /* MessageBoardEntity.swift in Sources */ = {isa = PBXBuildFile; fileRef = BFE500793000DF3E0013CF67 /* MessageBoardEntity.swift */; };
		BFE501043000DF3E0013CF67 /* PrimaryActionButton.swift in Sources */ = {isa = PBXBuildFile; fileRef = BFE500863000DF3E0013CF67 /* PrimaryActionButton.swift */; };
		BFE501053000DF3E0013CF67 /* CheckpointReachedCard.swift in Sources */ = {isa = PBXBuildFile; fileRef = BFE5006A3000DF3E0013CF67 /* CheckpointReachedCard.swift */; };
		BFE501063000DF3E0013CF67 /* CheckpointEditView.swift in Sources */ = {isa = PBXBuildFile; fileRef = BFE500963000DF3E0013CF67 /* CheckpointEditView.swift */; };
		BFE501073000DF3E0013CF67 /* LocationManager.swift in Sources */ = {isa = PBXBuildFile; fileRef = BFE500513000DF3E0013CF67 /* LocationManager.swift */; };
		BFE501083000DF3E0013CF67 /* SetStartPointView.swift in Sources */ = {isa = PBXBuildFile; fileRef = BFE500A33000DF3E0013CF67 /* SetStartPointView.swift */; };
		BFE501093000DF3E0013CF67 /* ImagePicker.swift in Sources */ = {isa = PBXBuildFile; fileRef = BFE500773000DF3E0013CF67 /* ImagePicker.swift */; };
		BFE5010A3000DF3E0013CF67 /* CheckpointFormContent.swift in Sources */ = {isa = PBXBuildFile; fileRef = BFE500753000DF3E0013CF67 /* CheckpointFormContent.swift */; };
		BFE5010B3000DF3E0013CF67 /* TutorialPopup.swift in Sources */ = {isa = PBXBuildFile; fileRef = BFE5006E3000DF3E0013CF67 /* TutorialPopup.swift */; };
		BFE5010C3000DF3E0013CF67 /* AssetPickerView.swift in Sources */ = {isa = PBXBuildFile; fileRef = BFE5007E3000DF3E0013CF67 /* AssetPickerView.swift */; };
		BFE5010D3000DF3E0013CF67 /* MockAssetService.swift in Sources */ = {isa = PBXBuildFile; fileRef = BFE500623000DF3E0013CF67 /* MockAssetService.swift */; };
		BFE5010E3000DF3E0013CF67 /* AssetDetailView.swift in Sources */ = {isa = PBXBuildFile; fileRef = BFE5007D3000DF3E0013CF67 /* AssetDetailView.swift */; };
		BFE5010F3000DF3E0013CF67 /* MCQBoardEntity.swift in Sources */ = {isa = PBXBuildFile; fileRef = BFE500783000DF3E0013CF67 /* MCQBoardEntity.swift */; };
		BFE501103000DF3E0013CF67 /* WalkableAspirationSceneController.swift in Sources */ = {isa = PBXBuildFile; fileRef = BFE500533000DF3E0013CF67 /* WalkableAspirationSceneController.swift */; };
		BFE501113000DF3E0013CF67 /* JourneyPreviewView.swift in Sources */ = {isa = PBXBuildFile; fileRef = BFE5009C3000DF3E0013CF67 /* JourneyPreviewView.swift */; };
		BFE501123000DF3E0013CF67 /* TextFieldBottomSheet.swift in Sources */ = {isa = PBXBuildFile; fileRef = BFE500663000DF3E0013CF67 /* TextFieldBottomSheet.swift */; };
		BFE501133000DF3E0013CF67 /* JourneyService.swift in Sources */ = {isa = PBXBuildFile; fileRef = BFE5009D3000DF3E0013CF67 /* JourneyService.swift */; };
		BFE501143000DF3E0013CF67 /* EmojiCelebrationView.swift in Sources */ = {isa = PBXBuildFile; fileRef = BFE500763000DF3E0013CF67 /* EmojiCelebrationView.swift */; };
		BFE501153000DF3E0013CF67 /* ARWalkView.swift in Sources */ = {isa = PBXBuildFile; fileRef = BFE500693000DF3E0013CF67 /* ARWalkView.swift */; };
		BFE501163000DF3E0013CF67 /* PhotoPreviewView.swift in Sources */ = {isa = PBXBuildFile; fileRef = BFE5008B3000DF3E0013CF67 /* PhotoPreviewView.swift */; };
		BFE501173000DF3E0013CF67 /* Asset3DLoader.swift in Sources */ = {isa = PBXBuildFile; fileRef = BFE5007C3000DF3E0013CF67 /* Asset3DLoader.swift */; };
		BFE501183000DF3E0013CF67 /* MockDatabaseService.swift in Sources */ = {isa = PBXBuildFile; fileRef = BFE500633000DF3E0013CF67 /* MockDatabaseService.swift */; };
		BFE501193000DF3E0013CF67 /* JourneyDetailView.swift in Sources */ = {isa = PBXBuildFile; fileRef = BFE5009A3000DF3E0013CF67 /* JourneyDetailView.swift */; };
		BFE5011A3000DF3E0013CF67 /* PhotoboothCaptureView.swift in Sources */ = {isa = PBXBuildFile; fileRef = BFE500893000DF3E0013CF67 /* PhotoboothCaptureView.swift */; };
		BFE5011C3000DF3E0013CF67 /* MakerViewModel.swift in Sources */ = {isa = PBXBuildFile; fileRef = BFE500903000DF3E0013CF67 /* MakerViewModel.swift */; };
		BFE5011D3000DF3E0013CF67 /* PhotoboothCaptureView_Backup.swift in Sources */ = {isa = PBXBuildFile; fileRef = BFE5008A3000DF3E0013CF67 /* PhotoboothCaptureView_Backup.swift */; };
		BFE5011E3000DF3E0013CF67 /* Entity+GroundPlacement.swift in Sources */ = {isa = PBXBuildFile; fileRef = BFE500843000DF3E0013CF67 /* Entity+GroundPlacement.swift */; };
		BFE5011F3000DF3E0013CF67 /* SandboxDashboardView.swift in Sources */ = {isa = PBXBuildFile; fileRef = BFE500933000DF3E0013CF67 /* SandboxDashboardView.swift */; };
		BFE501203000DF3E0013CF67 /* WalkableAspirationManager.swift in Sources */ = {isa = PBXBuildFile; fileRef = BFE500523000DF3E0013CF67 /* WalkableAspirationManager.swift */; };
		BFE501213000DF3E0013CF67 /* ARSurveyBoard.swift in Sources */ = {isa = PBXBuildFile; fileRef = BFE500733000DF3E0013CF67 /* ARSurveyBoard.swift */; };
		BFE501223000DF3E0013CF67 /* RelativeUserARView.swift in Sources */ = {isa = PBXBuildFile; fileRef = BFE5006D3000DF3E0013CF67 /* RelativeUserARView.swift */; };
		BFE501233000DF3E0013CF67 /* CheckpointBoardLoader.swift in Sources */ = {isa = PBXBuildFile; fileRef = BFE500743000DF3E0013CF67 /* CheckpointBoardLoader.swift */; };
		BFE501243000DF3E0013CF67 /* ARPlacementPrototypeView.swift in Sources */ = {isa = PBXBuildFile; fileRef = BFE500923000DF3E0013CF67 /* ARPlacementPrototypeView.swift */; };
		BFE501253000DF3E0013CF67 /* TanyaLeApp.swift in Sources */ = {isa = PBXBuildFile; fileRef = BFE5008E3000DF3E0013CF67 /* TanyaLeApp.swift */; };
		BFE501263000DF3E0013CF67 /* Checkpoint.swift in Sources */ = {isa = PBXBuildFile; fileRef = BFE500573000DF3E0013CF67 /* Checkpoint.swift */; };
		BFE501273000DF3E0013CF67 /* CitizenARViewModel.swift in Sources */ = {isa = PBXBuildFile; fileRef = BFE500503000DF3E0013CF67 /* CitizenARViewModel.swift */; };
		BFE501283000DF3E0013CF67 /* ARMinimapView.swift in Sources */ = {isa = PBXBuildFile; fileRef = BFE500713000DF3E0013CF67 /* ARMinimapView.swift */; };
		BFE501293000DF3E0013CF67 /* AssetPlacementConfig.swift in Sources */ = {isa = PBXBuildFile; fileRef = BFE500563000DF3E0013CF67 /* AssetPlacementConfig.swift */; };
		BFE5012A3000DF3E0013CF67 /* AssetPlacementController.swift in Sources */ = {isa = PBXBuildFile; fileRef = BFE5007F3000DF3E0013CF67 /* AssetPlacementController.swift */; };
		BFE5012B3000DF3E0013CF67 /* WalkableAspiration.swift in Sources */ = {isa = PBXBuildFile; fileRef = BFE500583000DF3E0013CF67 /* WalkableAspiration.swift */; };
		BFE5012C3000DF3E0013CF67 /* RelativeMakerARView.swift in Sources */ = {isa = PBXBuildFile; fileRef = BFE500A23000DF3E0013CF67 /* RelativeMakerARView.swift */; };
		BFE5012D3000DF3E0013CF67 /* Journey.swift in Sources */ = {isa = PBXBuildFile; fileRef = BFE500983000DF3E0013CF67 /* Journey.swift */; };
		BFE5012E3000DF3E0013CF67 /* JourneySetupView.swift in Sources */ = {isa = PBXBuildFile; fileRef = BFE5009E3000DF3E0013CF67 /* JourneySetupView.swift */; };
		BFE5012F3000DF3E0013CF67 /* CustomCameraView_Backup.swift in Sources */ = {isa = PBXBuildFile; fileRef = BFE500833000DF3E0013CF67 /* CustomCameraView_Backup.swift */; };
		BFE501303000DF3E0013CF67 /* JourneyARPlacementView.swift in Sources */ = {isa = PBXBuildFile; fileRef = BFE500993000DF3E0013CF67 /* JourneyARPlacementView.swift */; };
		BFE501313000DF3E0013CF67 /* PhotoGalleryView.swift in Sources */ = {isa = PBXBuildFile; fileRef = BFE5007A3000DF3E0013CF67 /* PhotoGalleryView.swift */; };
		BFE501333000DF3E0013CF67 /* PastJourneysListView.swift in Sources */ = {isa = PBXBuildFile; fileRef = BFE500A13000DF3E0013CF67 /* PastJourneysListView.swift */; };
		BFE501343000DF3E0013CF67 /* Assets.xcassets in Resources */ = {isa = PBXBuildFile; fileRef = BFE5005F3000DF3E0013CF67 /* Assets.xcassets */; };
		BFE501353000DF3E0013CF67 /* asset3d_trashbin.usdz in Resources */ = {isa = PBXBuildFile; fileRef = BFE5005B3000DF3E0013CF67 /* asset3d_trashbin.usdz */; };
		BFE501363000DF3E0013CF67 /* asset3d_kandang-ayam.usdz in Resources */ = {isa = PBXBuildFile; fileRef = BFE5005A3000DF3E0013CF67 /* asset3d_kandang-ayam.usdz */; };
		BFE501373000DF3E0013CF67 /* Lele_Checkpoint.usdz in Resources */ = {isa = PBXBuildFile; fileRef = BFE500603000DF3E0013CF67 /* Lele_Checkpoint.usdz */; };
		BFE501383000DF3E0013CF67 /* appicon_tanyale.icon in Resources */ = {isa = PBXBuildFile; fileRef = BFE5005E3000DF3E0013CF67 /* appicon_tanyale.icon */; };
		BFE501393000DF3E0013CF67 /* Assets.xcassets in Resources */ = {isa = PBXBuildFile; fileRef = BFE500A73000DF3E0013CF67 /* Assets.xcassets */; };
		BFE5013A3000DF3E0013CF67 /* appclipicon_tanyale.icon in Resources */ = {isa = PBXBuildFile; fileRef = BFE5005D3000DF3E0013CF67 /* appclipicon_tanyale.icon */; };
		BFE5013B3000E0640013CF67 /* MockAssetService.swift in Sources */ = {isa = PBXBuildFile; fileRef = BFE500623000DF3E0013CF67 /* MockAssetService.swift */; };
/* End PBXBuildFile section */

/* Begin PBXContainerItemProxy section */
		AA07A9412FFE0B7400CCB838 /* PBXContainerItemProxy */ = {
			isa = PBXContainerItemProxy;
			containerPortal = 9873792F2FF61D8900739D44 /* Project object */;
			proxyType = 1;
			remoteGlobalIDString = AA07A9362FFE0B7300CCB838;
			remoteInfo = TanyaleAppClip;
		};
/* End PBXContainerItemProxy section */

/* Begin PBXCopyFilesBuildPhase section */
		AA07A9482FFE0B7400CCB838 /* Embed App Clips */ = {
			isa = PBXCopyFilesBuildPhase;
			buildActionMask = 2147483647;
			dstPath = "$(CONTENTS_FOLDER_PATH)/AppClips";
			dstSubfolderSpec = 16;
			files = (
			);
			name = "Embed App Clips";
			runOnlyForDeploymentPostprocessing = 0;
		};
/* End PBXCopyFilesBuildPhase section */

/* Begin PBXFileReference section */
		98374BC12FF759EB005D18E1 /* README.md */ = {isa = PBXFileReference; lastKnownFileType = net.daringfireball.markdown; path = README.md; sourceTree = "<group>"; };
		AA07A9372FFE0B7300CCB838 /* TanyaleAppClip.app */ = {isa = PBXFileReference; explicitFileType = wrapper.application; includeInIndex = 0; name = TanyaleAppClip.app; path = "/Users/rizkihidayatullaeli/apple-dev/C4/TanyaLe/TanyaLe/build/Debug-iphoneos/TanyaleAppClip.app"; sourceTree = "<absolute>"; };
		BFE5004F3000DF1C0013CF67 /* TanyaLe.app */ = {isa = PBXFileReference; explicitFileType = wrapper.application; includeInIndex = 0; name = TanyaLe.app; path = "/Users/rizkihidayatullaeli/apple-dev/C4/TanyaLe/TanyaLe/build/Debug-iphoneos/TanyaLe.app"; sourceTree = "<absolute>"; };
		BFE500503000DF3E0013CF67 /* CitizenARViewModel.swift */ = {isa = PBXFileReference; lastKnownFileType = sourcecode.swift; path = CitizenARViewModel.swift; sourceTree = "<group>"; };
		BFE500513000DF3E0013CF67 /* LocationManager.swift */ = {isa = PBXFileReference; lastKnownFileType = sourcecode.swift; path = LocationManager.swift; sourceTree = "<group>"; };
		BFE500523000DF3E0013CF67 /* WalkableAspirationManager.swift */ = {isa = PBXFileReference; lastKnownFileType = sourcecode.swift; path = WalkableAspirationManager.swift; sourceTree = "<group>"; };
		BFE500533000DF3E0013CF67 /* WalkableAspirationSceneController.swift */ = {isa = PBXFileReference; lastKnownFileType = sourcecode.swift; path = WalkableAspirationSceneController.swift; sourceTree = "<group>"; };
		BFE500553000DF3E0013CF67 /* Asset3D.swift */ = {isa = PBXFileReference; lastKnownFileType = sourcecode.swift; path = Asset3D.swift; sourceTree = "<group>"; };
		BFE500563000DF3E0013CF67 /* AssetPlacementConfig.swift */ = {isa = PBXFileReference; lastKnownFileType = sourcecode.swift; path = AssetPlacementConfig.swift; sourceTree = "<group>"; };
		BFE500573000DF3E0013CF67 /* Checkpoint.swift */ = {isa = PBXFileReference; lastKnownFileType = sourcecode.swift; path = Checkpoint.swift; sourceTree = "<group>"; };
		BFE500583000DF3E0013CF67 /* WalkableAspiration.swift */ = {isa = PBXFileReference; lastKnownFileType = sourcecode.swift; path = WalkableAspiration.swift; sourceTree = "<group>"; };
		BFE5005A3000DF3E0013CF67 /* asset3d_kandang-ayam.usdz */ = {isa = PBXFileReference; lastKnownFileType = file; path = "asset3d_kandang-ayam.usdz"; sourceTree = "<group>"; };
		BFE5005B3000DF3E0013CF67 /* asset3d_trashbin.usdz */ = {isa = PBXFileReference; lastKnownFileType = file; path = asset3d_trashbin.usdz; sourceTree = "<group>"; };
		BFE5005D3000DF3E0013CF67 /* appclipicon_tanyale.icon */ = {isa = PBXFileReference; lastKnownFileType = folder.iconcomposer.icon; path = appclipicon_tanyale.icon; sourceTree = "<group>"; };
		BFE5005E3000DF3E0013CF67 /* appicon_tanyale.icon */ = {isa = PBXFileReference; lastKnownFileType = folder.iconcomposer.icon; path = appicon_tanyale.icon; sourceTree = "<group>"; };
		BFE5005F3000DF3E0013CF67 /* Assets.xcassets */ = {isa = PBXFileReference; lastKnownFileType = folder.assetcatalog; path = Assets.xcassets; sourceTree = "<group>"; };
		BFE500603000DF3E0013CF67 /* Lele_Checkpoint.usdz */ = {isa = PBXFileReference; lastKnownFileType = file; path = Lele_Checkpoint.usdz; sourceTree = "<group>"; };
		BFE500623000DF3E0013CF67 /* MockAssetService.swift */ = {isa = PBXFileReference; lastKnownFileType = sourcecode.swift; path = MockAssetService.swift; sourceTree = "<group>"; };
		BFE500633000DF3E0013CF67 /* MockDatabaseService.swift */ = {isa = PBXFileReference; lastKnownFileType = sourcecode.swift; path = MockDatabaseService.swift; sourceTree = "<group>"; };
		BFE500643000DF3E0013CF67 /* MockPhotoService.swift */ = {isa = PBXFileReference; lastKnownFileType = sourcecode.swift; path = MockPhotoService.swift; sourceTree = "<group>"; };
		BFE500663000DF3E0013CF67 /* TextFieldBottomSheet.swift */ = {isa = PBXFileReference; lastKnownFileType = sourcecode.swift; path = TextFieldBottomSheet.swift; sourceTree = "<group>"; };
		BFE500673000DF3E0013CF67 /* WalkableAspirationButton.swift */ = {isa = PBXFileReference; lastKnownFileType = sourcecode.swift; path = WalkableAspirationButton.swift; sourceTree = "<group>"; };
		BFE500693000DF3E0013CF67 /* ARWalkView.swift */ = {isa = PBXFileReference; lastKnownFileType = sourcecode.swift; path = ARWalkView.swift; sourceTree = "<group>"; };
		BFE5006A3000DF3E0013CF67 /* CheckpointReachedCard.swift */ = {isa = PBXFileReference; lastKnownFileType = sourcecode.swift; path = CheckpointReachedCard.swift; sourceTree = "<group>"; };
		BFE5006B3000DF3E0013CF67 /* ConfirmationPopup.swift */ = {isa = PBXFileReference; lastKnownFileType = sourcecode.swift; path = ConfirmationPopup.swift; sourceTree = "<group>"; };
		BFE5006C3000DF3E0013CF67 /* RelativeARViewContainer.swift */ = {isa = PBXFileReference; lastKnownFileType = sourcecode.swift; path = RelativeARViewContainer.swift; sourceTree = "<group>"; };
		BFE5006D3000DF3E0013CF67 /* RelativeUserARView.swift */ = {isa = PBXFileReference; lastKnownFileType = sourcecode.swift; path = RelativeUserARView.swift; sourceTree = "<group>"; };
		BFE5006E3000DF3E0013CF67 /* TutorialPopup.swift */ = {isa = PBXFileReference; lastKnownFileType = sourcecode.swift; path = TutorialPopup.swift; sourceTree = "<group>"; };
		BFE5006F3000DF3E0013CF67 /* WelcomeView.swift */ = {isa = PBXFileReference; lastKnownFileType = sourcecode.swift; path = WelcomeView.swift; sourceTree = "<group>"; };
		BFE500713000DF3E0013CF67 /* ARMinimapView.swift */ = {isa = PBXFileReference; lastKnownFileType = sourcecode.swift; path = ARMinimapView.swift; sourceTree = "<group>"; };
		BFE500733000DF3E0013CF67 /* ARSurveyBoard.swift */ = {isa = PBXFileReference; lastKnownFileType = sourcecode.swift; path = ARSurveyBoard.swift; sourceTree = "<group>"; };
		BFE500743000DF3E0013CF67 /* CheckpointBoardLoader.swift */ = {isa = PBXFileReference; lastKnownFileType = sourcecode.swift; path = CheckpointBoardLoader.swift; sourceTree = "<group>"; };
		BFE500753000DF3E0013CF67 /* CheckpointFormContent.swift */ = {isa = PBXFileReference; lastKnownFileType = sourcecode.swift; path = CheckpointFormContent.swift; sourceTree = "<group>"; };
		BFE500763000DF3E0013CF67 /* EmojiCelebrationView.swift */ = {isa = PBXFileReference; lastKnownFileType = sourcecode.swift; path = EmojiCelebrationView.swift; sourceTree = "<group>"; };
		BFE500773000DF3E0013CF67 /* ImagePicker.swift */ = {isa = PBXFileReference; lastKnownFileType = sourcecode.swift; path = ImagePicker.swift; sourceTree = "<group>"; };
		BFE500783000DF3E0013CF67 /* MCQBoardEntity.swift */ = {isa = PBXFileReference; lastKnownFileType = sourcecode.swift; path = MCQBoardEntity.swift; sourceTree = "<group>"; };
		BFE500793000DF3E0013CF67 /* MessageBoardEntity.swift */ = {isa = PBXFileReference; lastKnownFileType = sourcecode.swift; path = MessageBoardEntity.swift; sourceTree = "<group>"; };
		BFE5007A3000DF3E0013CF67 /* PhotoGalleryView.swift */ = {isa = PBXFileReference; lastKnownFileType = sourcecode.swift; path = PhotoGalleryView.swift; sourceTree = "<group>"; };
		BFE5007C3000DF3E0013CF67 /* Asset3DLoader.swift */ = {isa = PBXFileReference; lastKnownFileType = sourcecode.swift; path = Asset3DLoader.swift; sourceTree = "<group>"; };
		BFE5007D3000DF3E0013CF67 /* AssetDetailView.swift */ = {isa = PBXFileReference; lastKnownFileType = sourcecode.swift; path = AssetDetailView.swift; sourceTree = "<group>"; };
		BFE5007E3000DF3E0013CF67 /* AssetPickerView.swift */ = {isa = PBXFileReference; lastKnownFileType = sourcecode.swift; path = AssetPickerView.swift; sourceTree = "<group>"; };
		BFE5007F3000DF3E0013CF67 /* AssetPlacementController.swift */ = {isa = PBXFileReference; lastKnownFileType = sourcecode.swift; path = AssetPlacementController.swift; sourceTree = "<group>"; };
		BFE500803000DF3E0013CF67 /* AssetThumbnailImage.swift */ = {isa = PBXFileReference; lastKnownFileType = sourcecode.swift; path = AssetThumbnailImage.swift; sourceTree = "<group>"; };
		BFE500813000DF3E0013CF67 /* BrandTheme.swift */ = {isa = PBXFileReference; lastKnownFileType = sourcecode.swift; path = BrandTheme.swift; sourceTree = "<group>"; };
		BFE500833000DF3E0013CF67 /* CustomCameraView_Backup.swift */ = {isa = PBXFileReference; lastKnownFileType = sourcecode.swift; path = CustomCameraView_Backup.swift; sourceTree = "<group>"; };
		BFE500843000DF3E0013CF67 /* Entity+GroundPlacement.swift */ = {isa = PBXFileReference; lastKnownFileType = sourcecode.swift; path = "Entity+GroundPlacement.swift"; sourceTree = "<group>"; };
		BFE500853000DF3E0013CF67 /* PhotoboothBoardController.swift */ = {isa = PBXFileReference; lastKnownFileType = sourcecode.swift; path = PhotoboothBoardController.swift; sourceTree = "<group>"; };
		BFE500863000DF3E0013CF67 /* PrimaryActionButton.swift */ = {isa = PBXFileReference; lastKnownFileType = sourcecode.swift; path = PrimaryActionButton.swift; sourceTree = "<group>"; };
		BFE500883000DF3E0013CF67 /* AppClipRootView.swift */ = {isa = PBXFileReference; lastKnownFileType = sourcecode.swift; path = AppClipRootView.swift; sourceTree = "<group>"; };
		BFE500893000DF3E0013CF67 /* PhotoboothCaptureView.swift */ = {isa = PBXFileReference; lastKnownFileType = sourcecode.swift; path = PhotoboothCaptureView.swift; sourceTree = "<group>"; };
		BFE5008A3000DF3E0013CF67 /* PhotoboothCaptureView_Backup.swift */ = {isa = PBXFileReference; lastKnownFileType = sourcecode.swift; path = PhotoboothCaptureView_Backup.swift; sourceTree = "<group>"; };
		BFE5008B3000DF3E0013CF67 /* PhotoPreviewView.swift */ = {isa = PBXFileReference; lastKnownFileType = sourcecode.swift; path = PhotoPreviewView.swift; sourceTree = "<group>"; };
		BFE5008E3000DF3E0013CF67 /* TanyaLeApp.swift */ = {isa = PBXFileReference; lastKnownFileType = sourcecode.swift; path = TanyaLeApp.swift; sourceTree = "<group>"; };
		BFE500903000DF3E0013CF67 /* MakerViewModel.swift */ = {isa = PBXFileReference; lastKnownFileType = sourcecode.swift; path = MakerViewModel.swift; sourceTree = "<group>"; };
		BFE500923000DF3E0013CF67 /* ARPlacementPrototypeView.swift */ = {isa = PBXFileReference; lastKnownFileType = sourcecode.swift; path = ARPlacementPrototypeView.swift; sourceTree = "<group>"; };
		BFE500933000DF3E0013CF67 /* SandboxDashboardView.swift */ = {isa = PBXFileReference; lastKnownFileType = sourcecode.swift; path = SandboxDashboardView.swift; sourceTree = "<group>"; };
		BFE500943000DF3E0013CF67 /* WalkableAspirationView.swift */ = {isa = PBXFileReference; lastKnownFileType = sourcecode.swift; path = WalkableAspirationView.swift; sourceTree = "<group>"; };
		BFE500963000DF3E0013CF67 /* CheckpointEditView.swift */ = {isa = PBXFileReference; lastKnownFileType = sourcecode.swift; path = CheckpointEditView.swift; sourceTree = "<group>"; };
		BFE500973000DF3E0013CF67 /* CheckpointListView.swift */ = {isa = PBXFileReference; lastKnownFileType = sourcecode.swift; path = CheckpointListView.swift; sourceTree = "<group>"; };
		BFE500983000DF3E0013CF67 /* Journey.swift */ = {isa = PBXFileReference; lastKnownFileType = sourcecode.swift; path = Journey.swift; sourceTree = "<group>"; };
		BFE500993000DF3E0013CF67 /* JourneyARPlacementView.swift */ = {isa = PBXFileReference; lastKnownFileType = sourcecode.swift; path = JourneyARPlacementView.swift; sourceTree = "<group>"; };
		BFE5009A3000DF3E0013CF67 /* JourneyDetailView.swift */ = {isa = PBXFileReference; lastKnownFileType = sourcecode.swift; path = JourneyDetailView.swift; sourceTree = "<group>"; };
		BFE5009B3000DF3E0013CF67 /* JourneyLandingView.swift */ = {isa = PBXFileReference; lastKnownFileType = sourcecode.swift; path = JourneyLandingView.swift; sourceTree = "<group>"; };
		BFE5009C3000DF3E0013CF67 /* JourneyPreviewView.swift */ = {isa = PBXFileReference; lastKnownFileType = sourcecode.swift; path = JourneyPreviewView.swift; sourceTree = "<group>"; };
		BFE5009D3000DF3E0013CF67 /* JourneyService.swift */ = {isa = PBXFileReference; lastKnownFileType = sourcecode.swift; path = JourneyService.swift; sourceTree = "<group>"; };
		BFE5009E3000DF3E0013CF67 /* JourneySetupView.swift */ = {isa = PBXFileReference; lastKnownFileType = sourcecode.swift; path = JourneySetupView.swift; sourceTree = "<group>"; };
		BFE5009F3000DF3E0013CF67 /* MakerMapView.swift */ = {isa = PBXFileReference; lastKnownFileType = sourcecode.swift; path = MakerMapView.swift; sourceTree = "<group>"; };
		BFE500A03000DF3E0013CF67 /* MakerResponsesView.swift */ = {isa = PBXFileReference; lastKnownFileType = sourcecode.swift; path = MakerResponsesView.swift; sourceTree = "<group>"; };
		BFE500A13000DF3E0013CF67 /* PastJourneysListView.swift */ = {isa = PBXFileReference; lastKnownFileType = sourcecode.swift; path = PastJourneysListView.swift; sourceTree = "<group>"; };
		BFE500A23000DF3E0013CF67 /* RelativeMakerARView.swift */ = {isa = PBXFileReference; lastKnownFileType = sourcecode.swift; path = RelativeMakerARView.swift; sourceTree = "<group>"; };
		BFE500A33000DF3E0013CF67 /* SetStartPointView.swift */ = {isa = PBXFileReference; lastKnownFileType = sourcecode.swift; path = SetStartPointView.swift; sourceTree = "<group>"; };
		BFE500A43000DF3E0013CF67 /* UserMinimapView.swift */ = {isa = PBXFileReference; lastKnownFileType = sourcecode.swift; path = UserMinimapView.swift; sourceTree = "<group>"; };
		BFE500A73000DF3E0013CF67 /* Assets.xcassets */ = {isa = PBXFileReference; lastKnownFileType = folder.assetcatalog; path = Assets.xcassets; sourceTree = "<group>"; };
		BFE500A83000DF3E0013CF67 /* TanyaleAppClip.entitlements */ = {isa = PBXFileReference; lastKnownFileType = text.plist.entitlements; path = TanyaleAppClip.entitlements; sourceTree = "<group>"; };
		BFE500A93000DF3E0013CF67 /* TanyaleAppClipApp.swift */ = {isa = PBXFileReference; lastKnownFileType = sourcecode.swift; path = TanyaleAppClipApp.swift; sourceTree = "<group>"; };
/* End PBXFileReference section */

/* Begin PBXFrameworksBuildPhase section */
		987379342FF61D8900739D44 /* Frameworks */ = {
			isa = PBXFrameworksBuildPhase;
			buildActionMask = 2147483647;
			files = (
			);
			runOnlyForDeploymentPostprocessing = 0;
		};
		AA07A9342FFE0B7300CCB838 /* Frameworks */ = {
			isa = PBXFrameworksBuildPhase;
			buildActionMask = 2147483647;
			files = (
			);
			runOnlyForDeploymentPostprocessing = 0;
		};
/* End PBXFrameworksBuildPhase section */

/* Begin PBXGroup section */
		9873792E2FF61D8900739D44 = {
			isa = PBXGroup;
			children = (
				BFE5008D3000DF3E0013CF67 /* Shared */,
				BFE500A63000DF3E0013CF67 /* TanyaLeApp */,
				BFE500AA3000DF3E0013CF67 /* TanyaleAppClip */,
				98374BC12FF759EB005D18E1 /* README.md */,
			);
			sourceTree = "<group>";
		};
		BFE500543000DF3E0013CF67 /* Manager */ = {
			isa = PBXGroup;
			children = (
				BFE500503000DF3E0013CF67 /* CitizenARViewModel.swift */,
				BFE500513000DF3E0013CF67 /* LocationManager.swift */,
				BFE500523000DF3E0013CF67 /* WalkableAspirationManager.swift */,
				BFE500533000DF3E0013CF67 /* WalkableAspirationSceneController.swift */,
			);
			path = Manager;
			sourceTree = "<group>";
		};
		BFE500593000DF3E0013CF67 /* Models */ = {
			isa = PBXGroup;
			children = (
				BFE500553000DF3E0013CF67 /* Asset3D.swift */,
				BFE500563000DF3E0013CF67 /* AssetPlacementConfig.swift */,
				BFE500573000DF3E0013CF67 /* Checkpoint.swift */,
				BFE500583000DF3E0013CF67 /* WalkableAspiration.swift */,
			);
			path = Models;
			sourceTree = "<group>";
		};
		BFE5005C3000DF3E0013CF67 /* Models3D */ = {
			isa = PBXGroup;
			children = (
				BFE5005A3000DF3E0013CF67 /* asset3d_kandang-ayam.usdz */,
				BFE5005B3000DF3E0013CF67 /* asset3d_trashbin.usdz */,
			);
			path = Models3D;
			sourceTree = "<group>";
		};
		BFE500613000DF3E0013CF67 /* Resources */ = {
			isa = PBXGroup;
			children = (
				BFE5005C3000DF3E0013CF67 /* Models3D */,
				BFE5005D3000DF3E0013CF67 /* appclipicon_tanyale.icon */,
				BFE5005E3000DF3E0013CF67 /* appicon_tanyale.icon */,
				BFE5005F3000DF3E0013CF67 /* Assets.xcassets */,
				BFE500603000DF3E0013CF67 /* Lele_Checkpoint.usdz */,
			);
			path = Resources;
			sourceTree = "<group>";
		};
		BFE500653000DF3E0013CF67 /* Services */ = {
			isa = PBXGroup;
			children = (
				BFE500623000DF3E0013CF67 /* MockAssetService.swift */,
				BFE500633000DF3E0013CF67 /* MockDatabaseService.swift */,
				BFE500643000DF3E0013CF67 /* MockPhotoService.swift */,
			);
			path = Services;
			sourceTree = "<group>";
		};
		BFE500683000DF3E0013CF67 /* Aspiration */ = {
			isa = PBXGroup;
			children = (
				BFE500663000DF3E0013CF67 /* TextFieldBottomSheet.swift */,
				BFE500673000DF3E0013CF67 /* WalkableAspirationButton.swift */,
			);
			path = Aspiration;
			sourceTree = "<group>";
		};
		BFE500703000DF3E0013CF67 /* Main View */ = {
			isa = PBXGroup;
			children = (
				BFE500693000DF3E0013CF67 /* ARWalkView.swift */,
				BFE5006A3000DF3E0013CF67 /* CheckpointReachedCard.swift */,
				BFE5006B3000DF3E0013CF67 /* ConfirmationPopup.swift */,
				BFE5006C3000DF3E0013CF67 /* RelativeARViewContainer.swift */,
				BFE5006D3000DF3E0013CF67 /* RelativeUserARView.swift */,
				BFE5006E3000DF3E0013CF67 /* TutorialPopup.swift */,
				BFE5006F3000DF3E0013CF67 /* WelcomeView.swift */,
			);
			path = "Main View";
			sourceTree = "<group>";
		};
		BFE500723000DF3E0013CF67 /* Map */ = {
			isa = PBXGroup;
			children = (
				BFE500713000DF3E0013CF67 /* ARMinimapView.swift */,
			);
			path = Map;
			sourceTree = "<group>";
		};
		BFE5007B3000DF3E0013CF67 /* Task */ = {
			isa = PBXGroup;
			children = (
				BFE500733000DF3E0013CF67 /* ARSurveyBoard.swift */,
				BFE500743000DF3E0013CF67 /* CheckpointBoardLoader.swift */,
				BFE500753000DF3E0013CF67 /* CheckpointFormContent.swift */,
				BFE500763000DF3E0013CF67 /* EmojiCelebrationView.swift */,
				BFE500773000DF3E0013CF67 /* ImagePicker.swift */,
				BFE500783000DF3E0013CF67 /* MCQBoardEntity.swift */,
				BFE500793000DF3E0013CF67 /* MessageBoardEntity.swift */,
				BFE5007A3000DF3E0013CF67 /* PhotoGalleryView.swift */,
			);
			path = Task;
			sourceTree = "<group>";
		};
		BFE500873000DF3E0013CF67 /* Components */ = {
			isa = PBXGroup;
			children = (
				BFE500683000DF3E0013CF67 /* Aspiration */,
				BFE500703000DF3E0013CF67 /* Main View */,
				BFE500723000DF3E0013CF67 /* Map */,
				BFE5007B3000DF3E0013CF67 /* Task */,
				BFE5007C3000DF3E0013CF67 /* Asset3DLoader.swift */,
				BFE5007D3000DF3E0013CF67 /* AssetDetailView.swift */,
				BFE5007E3000DF3E0013CF67 /* AssetPickerView.swift */,
				BFE5007F3000DF3E0013CF67 /* AssetPlacementController.swift */,
				BFE500803000DF3E0013CF67 /* AssetThumbnailImage.swift */,
				BFE500813000DF3E0013CF67 /* BrandTheme.swift */,
				BFE500833000DF3E0013CF67 /* CustomCameraView_Backup.swift */,
				BFE500843000DF3E0013CF67 /* Entity+GroundPlacement.swift */,
				BFE500853000DF3E0013CF67 /* PhotoboothBoardController.swift */,
				BFE500863000DF3E0013CF67 /* PrimaryActionButton.swift */,
			);
			path = Components;
			sourceTree = "<group>";
		};
		BFE5008C3000DF3E0013CF67 /* Views */ = {
			isa = PBXGroup;
			children = (
				BFE500873000DF3E0013CF67 /* Components */,
				BFE500883000DF3E0013CF67 /* AppClipRootView.swift */,
				BFE500893000DF3E0013CF67 /* PhotoboothCaptureView.swift */,
				BFE5008A3000DF3E0013CF67 /* PhotoboothCaptureView_Backup.swift */,
				BFE5008B3000DF3E0013CF67 /* PhotoPreviewView.swift */,
			);
			path = Views;
			sourceTree = "<group>";
		};
		BFE5008D3000DF3E0013CF67 /* Shared */ = {
			isa = PBXGroup;
			children = (
				BFE500543000DF3E0013CF67 /* Manager */,
				BFE500593000DF3E0013CF67 /* Models */,
				BFE500613000DF3E0013CF67 /* Resources */,
				BFE500653000DF3E0013CF67 /* Services */,
				BFE5008C3000DF3E0013CF67 /* Views */,
			);
			path = Shared;
			sourceTree = "<group>";
		};
		BFE5008F3000DF3E0013CF67 /* App */ = {
			isa = PBXGroup;
			children = (
				BFE5008E3000DF3E0013CF67 /* TanyaLeApp.swift */,
			);
			path = App;
			sourceTree = "<group>";
		};
		BFE500913000DF3E0013CF67 /* ViewModels */ = {
			isa = PBXGroup;
			children = (
				BFE500903000DF3E0013CF67 /* MakerViewModel.swift */,
			);
			path = ViewModels;
			sourceTree = "<group>";
		};
		BFE500953000DF3E0013CF67 /* Prototypes */ = {
			isa = PBXGroup;
			children = (
				BFE500923000DF3E0013CF67 /* ARPlacementPrototypeView.swift */,
				BFE500933000DF3E0013CF67 /* SandboxDashboardView.swift */,
				BFE500943000DF3E0013CF67 /* WalkableAspirationView.swift */,
			);
			path = Prototypes;
			sourceTree = "<group>";
		};
		BFE500A53000DF3E0013CF67 /* Views */ = {
			isa = PBXGroup;
			children = (
				BFE500953000DF3E0013CF67 /* Prototypes */,
				BFE500963000DF3E0013CF67 /* CheckpointEditView.swift */,
				BFE500973000DF3E0013CF67 /* CheckpointListView.swift */,
				BFE500983000DF3E0013CF67 /* Journey.swift */,
				BFE500993000DF3E0013CF67 /* JourneyARPlacementView.swift */,
				BFE5009A3000DF3E0013CF67 /* JourneyDetailView.swift */,
				BFE5009B3000DF3E0013CF67 /* JourneyLandingView.swift */,
				BFE5009C3000DF3E0013CF67 /* JourneyPreviewView.swift */,
				BFE5009D3000DF3E0013CF67 /* JourneyService.swift */,
				BFE5009E3000DF3E0013CF67 /* JourneySetupView.swift */,
				BFE5009F3000DF3E0013CF67 /* MakerMapView.swift */,
				BFE500A03000DF3E0013CF67 /* MakerResponsesView.swift */,
				BFE500A13000DF3E0013CF67 /* PastJourneysListView.swift */,
				BFE500A23000DF3E0013CF67 /* RelativeMakerARView.swift */,
				BFE500A33000DF3E0013CF67 /* SetStartPointView.swift */,
				BFE500A43000DF3E0013CF67 /* UserMinimapView.swift */,
			);
			path = Views;
			sourceTree = "<group>";
		};
		BFE500A63000DF3E0013CF67 /* TanyaLeApp */ = {
			isa = PBXGroup;
			children = (
				BFE5008F3000DF3E0013CF67 /* App */,
				BFE500913000DF3E0013CF67 /* ViewModels */,
				BFE500A53000DF3E0013CF67 /* Views */,
			);
			path = TanyaLeApp;
			sourceTree = "<group>";
		};
		BFE500AA3000DF3E0013CF67 /* TanyaleAppClip */ = {
			isa = PBXGroup;
			children = (
				BFE500A73000DF3E0013CF67 /* Assets.xcassets */,
				BFE500A83000DF3E0013CF67 /* TanyaleAppClip.entitlements */,
				BFE500A93000DF3E0013CF67 /* TanyaleAppClipApp.swift */,
			);
			path = TanyaleAppClip;
			sourceTree = "<group>";
		};
/* End PBXGroup section */

/* Begin PBXNativeTarget section */
		987379362FF61D8900739D44 /* TanyaLe */ = {
			isa = PBXNativeTarget;
			buildConfigurationList = 987379442FF61D8A00739D44 /* Build configuration list for PBXNativeTarget "TanyaLe" */;
			buildPhases = (
				987379332FF61D8900739D44 /* Sources */,
				987379342FF61D8900739D44 /* Frameworks */,
				987379352FF61D8900739D44 /* Resources */,
				AA07A9482FFE0B7400CCB838 /* Embed App Clips */,
			);
			buildRules = (
			);
			dependencies = (
				AA07A9422FFE0B7400CCB838 /* PBXTargetDependency */,
			);
			name = TanyaLe;
			packageProductDependencies = (
			);
			productName = TanyaLe;
			productReference = BFE5004F3000DF1C0013CF67 /* TanyaLe.app */;
			productType = "com.apple.product-type.application";
		};
		AA07A9362FFE0B7300CCB838 /* TanyaleAppClip */ = {
			isa = PBXNativeTarget;
			buildConfigurationList = AA07A9452FFE0B7400CCB838 /* Build configuration list for PBXNativeTarget "TanyaleAppClip" */;
			buildPhases = (
				AA07A9332FFE0B7300CCB838 /* Sources */,
				AA07A9342FFE0B7300CCB838 /* Frameworks */,
				AA07A9352FFE0B7300CCB838 /* Resources */,
			);
			buildRules = (
			);
			dependencies = (
			);
			name = TanyaleAppClip;
			packageProductDependencies = (
			);
			productName = TanyaleAppClip;
			productReference = AA07A9372FFE0B7300CCB838 /* TanyaleAppClip.app */;
			productType = "com.apple.product-type.application.on-demand-install-capable";
		};
/* End PBXNativeTarget section */

/* Begin PBXProject section */
		9873792F2FF61D8900739D44 /* Project object */ = {
			isa = PBXProject;
			attributes = {
				BuildIndependentTargetsInParallel = 1;
				LastSwiftUpdateCheck = 2630;
				LastUpgradeCheck = 2660;
				TargetAttributes = {
					987379362FF61D8900739D44 = {
						CreatedOnToolsVersion = 26.6;
						LastSwiftMigration = 2660;
					};
					AA07A9362FFE0B7300CCB838 = {
						CreatedOnToolsVersion = 26.3;
					};
				};
			};
			buildConfigurationList = 987379322FF61D8900739D44 /* Build configuration list for PBXProject "TanyaLe" */;
			developmentRegion = en;
			hasScannedForEncodings = 0;
			knownRegions = (
				en,
				Base,
			);
			mainGroup = 9873792E2FF61D8900739D44;
			minimizedProjectReferenceProxies = 1;
			preferredProjectObjectVersion = 77;
			productRefGroup = 9873792E2FF61D8900739D44;
			projectDirPath = "";
			projectRoot = "";
			targets = (
				987379362FF61D8900739D44 /* TanyaLe */,
				AA07A9362FFE0B7300CCB838 /* TanyaleAppClip */,
			);
		};
/* End PBXProject section */

/* Begin PBXResourcesBuildPhase section */
		987379352FF61D8900739D44 /* Resources */ = {
			isa = PBXResourcesBuildPhase;
			buildActionMask = 2147483647;
			files = (
				98374BE52FF759EB005D18E1 /* README.md in Resources */,
				BFE501343000DF3E0013CF67 /* Assets.xcassets in Resources */,
				BFE501353000DF3E0013CF67 /* asset3d_trashbin.usdz in Resources */,
				BFE501363000DF3E0013CF67 /* asset3d_kandang-ayam.usdz in Resources */,
				BFE501373000DF3E0013CF67 /* Lele_Checkpoint.usdz in Resources */,
				BFE501383000DF3E0013CF67 /* appicon_tanyale.icon in Resources */,
				BFE501393000DF3E0013CF67 /* Assets.xcassets in Resources */,
				BFE5013A3000DF3E0013CF67 /* appclipicon_tanyale.icon in Resources */,
			);
			runOnlyForDeploymentPostprocessing = 0;
		};
		AA07A9352FFE0B7300CCB838 /* Resources */ = {
			isa = PBXResourcesBuildPhase;
			buildActionMask = 2147483647;
			files = (
				BFE500EC3000DF3E0013CF67 /* Assets.xcassets in Resources */,
				BFE500ED3000DF3E0013CF67 /* asset3d_trashbin.usdz in Resources */,
				BFE500EE3000DF3E0013CF67 /* asset3d_kandang-ayam.usdz in Resources */,
				BFE500EF3000DF3E0013CF67 /* Lele_Checkpoint.usdz in Resources */,
				BFE500F03000DF3E0013CF67 /* appicon_tanyale.icon in Resources */,
				BFE500F13000DF3E0013CF67 /* Assets.xcassets in Resources */,
				BFE500F23000DF3E0013CF67 /* appclipicon_tanyale.icon in Resources */,
			);
			runOnlyForDeploymentPostprocessing = 0;
		};
/* End PBXResourcesBuildPhase section */

/* Begin PBXSourcesBuildPhase section */
		987379332FF61D8900739D44 /* Sources */ = {
			isa = PBXSourcesBuildPhase;
			buildActionMask = 2147483647;
			files = (
				BFE500F33000DF3E0013CF67 /* JourneyLandingView.swift in Sources */,
				BFE500F43000DF3E0013CF67 /* MakerResponsesView.swift in Sources */,
				BFE500F53000DF3E0013CF67 /* ConfirmationPopup.swift in Sources */,
				BFE500F63000DF3E0013CF67 /* AssetThumbnailImage.swift in Sources */,
				BFE500F73000DF3E0013CF67 /* WalkableAspirationButton.swift in Sources */,
				BFE500F83000DF3E0013CF67 /* MockPhotoService.swift in Sources */,
				BFE500F93000DF3E0013CF67 /* PhotoboothBoardController.swift in Sources */,
				BFE500FA3000DF3E0013CF67 /* BrandTheme.swift in Sources */,
				BFE500FB3000DF3E0013CF67 /* UserMinimapView.swift in Sources */,
				BFE500FC3000DF3E0013CF67 /* AppClipRootView.swift in Sources */,
				BFE500FD3000DF3E0013CF67 /* WalkableAspirationView.swift in Sources */,
				BFE500FE3000DF3E0013CF67 /* RelativeARViewContainer.swift in Sources */,
				BFE500FF3000DF3E0013CF67 /* Asset3D.swift in Sources */,
				BFE501003000DF3E0013CF67 /* MakerMapView.swift in Sources */,
				BFE501013000DF3E0013CF67 /* CheckpointListView.swift in Sources */,
				BFE501023000DF3E0013CF67 /* WelcomeView.swift in Sources */,
				BFE501033000DF3E0013CF67 /* MessageBoardEntity.swift in Sources */,
				BFE501043000DF3E0013CF67 /* PrimaryActionButton.swift in Sources */,
				BFE501053000DF3E0013CF67 /* CheckpointReachedCard.swift in Sources */,
				BFE501063000DF3E0013CF67 /* CheckpointEditView.swift in Sources */,
				BFE501073000DF3E0013CF67 /* LocationManager.swift in Sources */,
				BFE501083000DF3E0013CF67 /* SetStartPointView.swift in Sources */,
				BFE501093000DF3E0013CF67 /* ImagePicker.swift in Sources */,
				BFE5010A3000DF3E0013CF67 /* CheckpointFormContent.swift in Sources */,
				BFE5010B3000DF3E0013CF67 /* TutorialPopup.swift in Sources */,
				BFE5010C3000DF3E0013CF67 /* AssetPickerView.swift in Sources */,
				BFE5010D3000DF3E0013CF67 /* MockAssetService.swift in Sources */,
				BFE5010E3000DF3E0013CF67 /* AssetDetailView.swift in Sources */,
				BFE5010F3000DF3E0013CF67 /* MCQBoardEntity.swift in Sources */,
				BFE501103000DF3E0013CF67 /* WalkableAspirationSceneController.swift in Sources */,
				BFE501113000DF3E0013CF67 /* JourneyPreviewView.swift in Sources */,
				BFE501123000DF3E0013CF67 /* TextFieldBottomSheet.swift in Sources */,
				BFE501133000DF3E0013CF67 /* JourneyService.swift in Sources */,
				BFE501143000DF3E0013CF67 /* EmojiCelebrationView.swift in Sources */,
				BFE501153000DF3E0013CF67 /* ARWalkView.swift in Sources */,
				BFE501163000DF3E0013CF67 /* PhotoPreviewView.swift in Sources */,
				BFE501173000DF3E0013CF67 /* Asset3DLoader.swift in Sources */,
				BFE501183000DF3E0013CF67 /* MockDatabaseService.swift in Sources */,
				BFE501193000DF3E0013CF67 /* JourneyDetailView.swift in Sources */,
				BFE5011A3000DF3E0013CF67 /* PhotoboothCaptureView.swift in Sources */,
				BFE5011C3000DF3E0013CF67 /* MakerViewModel.swift in Sources */,
				BFE5011D3000DF3E0013CF67 /* PhotoboothCaptureView_Backup.swift in Sources */,
				BFE5011E3000DF3E0013CF67 /* Entity+GroundPlacement.swift in Sources */,
				BFE5011F3000DF3E0013CF67 /* SandboxDashboardView.swift in Sources */,
				BFE501203000DF3E0013CF67 /* WalkableAspirationManager.swift in Sources */,
				BFE501213000DF3E0013CF67 /* ARSurveyBoard.swift in Sources */,
				BFE501223000DF3E0013CF67 /* RelativeUserARView.swift in Sources */,
				BFE501233000DF3E0013CF67 /* CheckpointBoardLoader.swift in Sources */,
				BFE501243000DF3E0013CF67 /* ARPlacementPrototypeView.swift in Sources */,
				BFE501253000DF3E0013CF67 /* TanyaLeApp.swift in Sources */,
				BFE501263000DF3E0013CF67 /* Checkpoint.swift in Sources */,
				BFE501273000DF3E0013CF67 /* CitizenARViewModel.swift in Sources */,
				BFE501283000DF3E0013CF67 /* ARMinimapView.swift in Sources */,
				BFE501293000DF3E0013CF67 /* AssetPlacementConfig.swift in Sources */,
				BFE5012A3000DF3E0013CF67 /* AssetPlacementController.swift in Sources */,
				BFE5012B3000DF3E0013CF67 /* WalkableAspiration.swift in Sources */,
				BFE5012C3000DF3E0013CF67 /* RelativeMakerARView.swift in Sources */,
				BFE5012D3000DF3E0013CF67 /* Journey.swift in Sources */,
				BFE5012E3000DF3E0013CF67 /* JourneySetupView.swift in Sources */,
				BFE5012F3000DF3E0013CF67 /* CustomCameraView_Backup.swift in Sources */,
				BFE501303000DF3E0013CF67 /* JourneyARPlacementView.swift in Sources */,
				BFE501313000DF3E0013CF67 /* PhotoGalleryView.swift in Sources */,
				BFE501333000DF3E0013CF67 /* PastJourneysListView.swift in Sources */,
			);
			runOnlyForDeploymentPostprocessing = 0;
		};
		AA07A9332FFE0B7300CCB838 /* Sources */ = {
			isa = PBXSourcesBuildPhase;
			buildActionMask = 2147483647;
			files = (
				BFE500AB3000DF3E0013CF67 /* JourneyLandingView.swift in Sources */,
				BFE500AC3000DF3E0013CF67 /* MakerResponsesView.swift in Sources */,
				BFE500AD3000DF3E0013CF67 /* ConfirmationPopup.swift in Sources */,
				BFE500AE3000DF3E0013CF67 /* AssetThumbnailImage.swift in Sources */,
				BFE500AF3000DF3E0013CF67 /* WalkableAspirationButton.swift in Sources */,
				BFE500B03000DF3E0013CF67 /* MockPhotoService.swift in Sources */,
				BFE500B13000DF3E0013CF67 /* PhotoboothBoardController.swift in Sources */,
				BFE500B23000DF3E0013CF67 /* BrandTheme.swift in Sources */,
				BFE500B33000DF3E0013CF67 /* UserMinimapView.swift in Sources */,
				BFE500B43000DF3E0013CF67 /* AppClipRootView.swift in Sources */,
				BFE500B53000DF3E0013CF67 /* WalkableAspirationView.swift in Sources */,
				BFE500B63000DF3E0013CF67 /* RelativeARViewContainer.swift in Sources */,
				BFE500B73000DF3E0013CF67 /* Asset3D.swift in Sources */,
				BFE500B83000DF3E0013CF67 /* MakerMapView.swift in Sources */,
				BFE5013B3000E0640013CF67 /* MockAssetService.swift in Sources */,
				BFE500B93000DF3E0013CF67 /* CheckpointListView.swift in Sources */,
				BFE500BA3000DF3E0013CF67 /* WelcomeView.swift in Sources */,
				BFE500BB3000DF3E0013CF67 /* MessageBoardEntity.swift in Sources */,
				BFE500BC3000DF3E0013CF67 /* PrimaryActionButton.swift in Sources */,
				BFE500BD3000DF3E0013CF67 /* CheckpointReachedCard.swift in Sources */,
				BFE500BE3000DF3E0013CF67 /* CheckpointEditView.swift in Sources */,
				BFE500BF3000DF3E0013CF67 /* LocationManager.swift in Sources */,
				BFE500C03000DF3E0013CF67 /* SetStartPointView.swift in Sources */,
				BFE500C13000DF3E0013CF67 /* ImagePicker.swift in Sources */,
				BFE500C23000DF3E0013CF67 /* CheckpointFormContent.swift in Sources */,
				BFE500C33000DF3E0013CF67 /* TutorialPopup.swift in Sources */,
				BFE500C43000DF3E0013CF67 /* AssetPickerView.swift in Sources */,
				BFE500C63000DF3E0013CF67 /* AssetDetailView.swift in Sources */,
				BFE500C73000DF3E0013CF67 /* MCQBoardEntity.swift in Sources */,
				BFE500C83000DF3E0013CF67 /* WalkableAspirationSceneController.swift in Sources */,
				BFE500C93000DF3E0013CF67 /* JourneyPreviewView.swift in Sources */,
				BFE500CA3000DF3E0013CF67 /* TextFieldBottomSheet.swift in Sources */,
				BFE500CB3000DF3E0013CF67 /* JourneyService.swift in Sources */,
				BFE500CC3000DF3E0013CF67 /* EmojiCelebrationView.swift in Sources */,
				BFE500CD3000DF3E0013CF67 /* ARWalkView.swift in Sources */,
				BFE500CE3000DF3E0013CF67 /* PhotoPreviewView.swift in Sources */,
				BFE500CF3000DF3E0013CF67 /* Asset3DLoader.swift in Sources */,
				BFE500D03000DF3E0013CF67 /* MockDatabaseService.swift in Sources */,
				BFE500D13000DF3E0013CF67 /* JourneyDetailView.swift in Sources */,
				BFE500D23000DF3E0013CF67 /* PhotoboothCaptureView.swift in Sources */,
				BFE500D43000DF3E0013CF67 /* MakerViewModel.swift in Sources */,
				BFE500D53000DF3E0013CF67 /* PhotoboothCaptureView_Backup.swift in Sources */,
				BFE500D63000DF3E0013CF67 /* Entity+GroundPlacement.swift in Sources */,
				BFE500D73000DF3E0013CF67 /* SandboxDashboardView.swift in Sources */,
				BFE500D83000DF3E0013CF67 /* WalkableAspirationManager.swift in Sources */,
				BFE500D93000DF3E0013CF67 /* ARSurveyBoard.swift in Sources */,
				BFE500DA3000DF3E0013CF67 /* RelativeUserARView.swift in Sources */,
				BFE500DB3000DF3E0013CF67 /* CheckpointBoardLoader.swift in Sources */,
				BFE500DC3000DF3E0013CF67 /* ARPlacementPrototypeView.swift in Sources */,
				BFE500DE3000DF3E0013CF67 /* Checkpoint.swift in Sources */,
				BFE500DF3000DF3E0013CF67 /* CitizenARViewModel.swift in Sources */,
				BFE500E03000DF3E0013CF67 /* ARMinimapView.swift in Sources */,
				BFE500E13000DF3E0013CF67 /* AssetPlacementConfig.swift in Sources */,
				BFE500E23000DF3E0013CF67 /* AssetPlacementController.swift in Sources */,
				BFE500E33000DF3E0013CF67 /* WalkableAspiration.swift in Sources */,
				BFE500E43000DF3E0013CF67 /* RelativeMakerARView.swift in Sources */,
				BFE500E53000DF3E0013CF67 /* Journey.swift in Sources */,
				BFE500E63000DF3E0013CF67 /* JourneySetupView.swift in Sources */,
				BFE500E73000DF3E0013CF67 /* CustomCameraView_Backup.swift in Sources */,
				BFE500E83000DF3E0013CF67 /* JourneyARPlacementView.swift in Sources */,
				BFE500E93000DF3E0013CF67 /* PhotoGalleryView.swift in Sources */,
				BFE500EA3000DF3E0013CF67 /* TanyaleAppClipApp.swift in Sources */,
				BFE500EB3000DF3E0013CF67 /* PastJourneysListView.swift in Sources */,
				AA5E76462FFEC265009F664A /* (null) in Sources */,
			);
			runOnlyForDeploymentPostprocessing = 0;
		};
/* End PBXSourcesBuildPhase section */

/* Begin PBXTargetDependency section */
		AA07A9422FFE0B7400CCB838 /* PBXTargetDependency */ = {
			isa = PBXTargetDependency;
			target = AA07A9362FFE0B7300CCB838 /* TanyaleAppClip */;
			targetProxy = AA07A9412FFE0B7400CCB838 /* PBXContainerItemProxy */;
		};
/* End PBXTargetDependency section */

/* Begin XCBuildConfiguration section */
		987379452FF61D8A00739D44 /* Debug */ = {
			isa = XCBuildConfiguration;
			buildSettings = {
				ASSETCATALOG_COMPILER_APPICON_NAME = appicon_tanyale;
				ASSETCATALOG_COMPILER_GLOBAL_ACCENT_COLOR_NAME = AccentColor;
				CLANG_ENABLE_MODULES = YES;
				CODE_SIGN_STYLE = Automatic;
				CURRENT_PROJECT_VERSION = 1;
				DEVELOPMENT_TEAM = VX33BG7ZDD;
				ENABLE_PREVIEWS = YES;
				GENERATE_INFOPLIST_FILE = YES;
				INFOPLIST_KEY_NSCameraUsageDescription = CAMERA_USAGE_DESCRIPTION;
				INFOPLIST_KEY_NSLocationWhenInUseUsageDescription = LOCATION_USAGE_DESCRIPTION;
				INFOPLIST_KEY_UIApplicationSupportsIndirectInputEvents = YES;
				INFOPLIST_KEY_UILaunchScreen_Generation = YES;
				INFOPLIST_KEY_UIRequiredDeviceCapabilities = arkit;
				INFOPLIST_KEY_UIStatusBarHidden = YES;
				INFOPLIST_KEY_UISupportedInterfaceOrientations_iPad = "UIInterfaceOrientationPortrait UIInterfaceOrientationPortraitUpsideDown UIInterfaceOrientationLandscapeLeft UIInterfaceOrientationLandscapeRight";
				INFOPLIST_KEY_UISupportedInterfaceOrientations_iPhone = "UIInterfaceOrientationPortrait UIInterfaceOrientationLandscapeLeft UIInterfaceOrientationLandscapeRight";
				IPHONEOS_DEPLOYMENT_TARGET = 26.0;
				LD_RUNPATH_SEARCH_PATHS = (
					"$(inherited)",
					"@executable_path/Frameworks",
				);
				MARKETING_VERSION = 1.0;
				PRODUCT_BUNDLE_IDENTIFIER = com.al.TanyaLe;
				PRODUCT_NAME = "$(TARGET_NAME)";
				STRING_CATALOG_GENERATE_SYMBOLS = YES;
				SWIFT_APPROACHABLE_CONCURRENCY = YES;
				SWIFT_DEFAULT_ACTOR_ISOLATION = MainActor;
				SWIFT_EMIT_LOC_STRINGS = YES;
				SWIFT_OPTIMIZATION_LEVEL = "-Onone";
				SWIFT_UPCOMING_FEATURE_MEMBER_IMPORT_VISIBILITY = YES;
				SWIFT_VERSION = 5.0;
				TARGETED_DEVICE_FAMILY = "1,2";
			};
			name = Debug;
		};
		987379462FF61D8A00739D44 /* Release */ = {
			isa = XCBuildConfiguration;
			buildSettings = {
				ASSETCATALOG_COMPILER_APPICON_NAME = appicon_tanyale;
				ASSETCATALOG_COMPILER_GLOBAL_ACCENT_COLOR_NAME = AccentColor;
				CLANG_ENABLE_MODULES = YES;
				CODE_SIGN_STYLE = Automatic;
				CURRENT_PROJECT_VERSION = 1;
				DEVELOPMENT_TEAM = VX33BG7ZDD;
				ENABLE_PREVIEWS = YES;
				GENERATE_INFOPLIST_FILE = YES;
				INFOPLIST_KEY_NSCameraUsageDescription = CAMERA_USAGE_DESCRIPTION;
				INFOPLIST_KEY_NSLocationWhenInUseUsageDescription = LOCATION_USAGE_DESCRIPTION;
				INFOPLIST_KEY_UIApplicationSupportsIndirectInputEvents = YES;
				INFOPLIST_KEY_UILaunchScreen_Generation = YES;
				INFOPLIST_KEY_UIRequiredDeviceCapabilities = arkit;
				INFOPLIST_KEY_UIStatusBarHidden = YES;
				INFOPLIST_KEY_UISupportedInterfaceOrientations_iPad = "UIInterfaceOrientationPortrait UIInterfaceOrientationPortraitUpsideDown UIInterfaceOrientationLandscapeLeft UIInterfaceOrientationLandscapeRight";
				INFOPLIST_KEY_UISupportedInterfaceOrientations_iPhone = "UIInterfaceOrientationPortrait UIInterfaceOrientationLandscapeLeft UIInterfaceOrientationLandscapeRight";
				IPHONEOS_DEPLOYMENT_TARGET = 26.0;
				LD_RUNPATH_SEARCH_PATHS = (
					"$(inherited)",
					"@executable_path/Frameworks",
				);
				MARKETING_VERSION = 1.0;
				PRODUCT_BUNDLE_IDENTIFIER = com.al.TanyaLe;
				PRODUCT_NAME = "$(TARGET_NAME)";
				STRING_CATALOG_GENERATE_SYMBOLS = YES;
				SWIFT_APPROACHABLE_CONCURRENCY = YES;
				SWIFT_DEFAULT_ACTOR_ISOLATION = MainActor;
				SWIFT_EMIT_LOC_STRINGS = YES;
				SWIFT_UPCOMING_FEATURE_MEMBER_IMPORT_VISIBILITY = YES;
				SWIFT_VERSION = 5.0;
				TARGETED_DEVICE_FAMILY = "1,2";
			};
			name = Release;
		};
		987379472FF61D8A00739D44 /* Debug */ = {
			isa = XCBuildConfiguration;
			buildSettings = {
				ALWAYS_SEARCH_USER_PATHS = NO;
				ASSETCATALOG_COMPILER_GENERATE_SWIFT_ASSET_SYMBOL_EXTENSIONS = YES;
				CLANG_ANALYZER_NONNULL = YES;
				CLANG_ANALYZER_NUMBER_OBJECT_CONVERSION = YES_AGGRESSIVE;
				CLANG_CXX_LANGUAGE_STANDARD = "gnu++20";
				CLANG_ENABLE_MODULES = YES;
				CLANG_ENABLE_OBJC_ARC = YES;
				CLANG_ENABLE_OBJC_WEAK = YES;
				CLANG_WARN_BLOCK_CAPTURE_AUTORELEASING = YES;
				CLANG_WARN_BOOL_CONVERSION = YES;
				CLANG_WARN_COMMA = YES;
				CLANG_WARN_CONSTANT_CONVERSION = YES;
				CLANG_WARN_DEPRECATED_OBJC_IMPLEMENTATIONS = YES;
				CLANG_WARN_DIRECT_OBJC_ISA_USAGE = YES_ERROR;
				CLANG_WARN_DOCUMENTATION_COMMENTS = YES;
				CLANG_WARN_EMPTY_BODY = YES;
				CLANG_WARN_ENUM_CONVERSION = YES;
				CLANG_WARN_INFINITE_RECURSION = YES;
				CLANG_WARN_INT_CONVERSION = YES;
				CLANG_WARN_NON_LITERAL_NULL_CONVERSION = YES;
				CLANG_WARN_OBJC_IMPLICIT_RETAIN_SELF = YES;
				CLANG_WARN_OBJC_LITERAL_CONVERSION = YES;
				CLANG_WARN_OBJC_ROOT_CLASS = YES_ERROR;
				CLANG_WARN_QUOTED_INCLUDE_IN_FRAMEWORK_HEADER = YES;
				CLANG_WARN_RANGE_LOOP_ANALYSIS = YES;
				CLANG_WARN_STRICT_PROTOTYPES = YES;
				CLANG_WARN_SUSPICIOUS_MOVE = YES;
				CLANG_WARN_UNGUARDED_AVAILABILITY = YES_AGGRESSIVE;
				CLANG_WARN_UNREACHABLE_CODE = YES;
				CLANG_WARN__DUPLICATE_METHOD_MATCH = YES;
				COPY_PHASE_STRIP = NO;
				DEBUG_INFORMATION_FORMAT = dwarf;
				ENABLE_STRICT_OBJC_MSGSEND = YES;
				ENABLE_TESTABILITY = YES;
				ENABLE_USER_SCRIPT_SANDBOXING = YES;
				GCC_C_LANGUAGE_STANDARD = gnu17;
				GCC_DYNAMIC_NO_PIC = NO;
				GCC_NO_COMMON_BLOCKS = YES;
				GCC_OPTIMIZATION_LEVEL = 0;
				GCC_PREPROCESSOR_DEFINITIONS = (
					"DEBUG=1",
					"$(inherited)",
				);
				GCC_WARN_64_TO_32_BIT_CONVERSION = YES;
				GCC_WARN_ABOUT_RETURN_TYPE = YES_ERROR;
				GCC_WARN_UNDECLARED_SELECTOR = YES;
				GCC_WARN_UNINITIALIZED_AUTOS = YES_AGGRESSIVE;
				GCC_WARN_UNUSED_FUNCTION = YES;
				GCC_WARN_UNUSED_VARIABLE = YES;
				IPHONEOS_DEPLOYMENT_TARGET = 26.5;
				LOCALIZATION_PREFERS_STRING_CATALOGS = YES;
				MTL_ENABLE_DEBUG_INFO = INCLUDE_SOURCE;
				MTL_FAST_MATH = YES;
				ONLY_ACTIVE_ARCH = YES;
				SDKROOT = iphoneos;
				SWIFT_ACTIVE_COMPILATION_CONDITIONS = "DEBUG $(inherited)";
				SWIFT_OPTIMIZATION_LEVEL = "-Onone";
			};
			name = Debug;
		};
		987379482FF61D8A00739D44 /* Release */ = {
			isa = XCBuildConfiguration;
			buildSettings = {
				ALWAYS_SEARCH_USER_PATHS = NO;
				ASSETCATALOG_COMPILER_GENERATE_SWIFT_ASSET_SYMBOL_EXTENSIONS = YES;
				CLANG_ANALYZER_NONNULL = YES;
				CLANG_ANALYZER_NUMBER_OBJECT_CONVERSION = YES_AGGRESSIVE;
				CLANG_CXX_LANGUAGE_STANDARD = "gnu++20";
				CLANG_ENABLE_MODULES = YES;
				CLANG_ENABLE_OBJC_ARC = YES;
				CLANG_ENABLE_OBJC_WEAK = YES;
				CLANG_WARN_BLOCK_CAPTURE_AUTORELEASING = YES;
				CLANG_WARN_BOOL_CONVERSION = YES;
				CLANG_WARN_COMMA = YES;
				CLANG_WARN_CONSTANT_CONVERSION = YES;
				CLANG_WARN_DEPRECATED_OBJC_IMPLEMENTATIONS = YES;
				CLANG_WARN_DIRECT_OBJC_ISA_USAGE = YES_ERROR;
				CLANG_WARN_DOCUMENTATION_COMMENTS = YES;
				CLANG_WARN_EMPTY_BODY = YES;
				CLANG_WARN_ENUM_CONVERSION = YES;
				CLANG_WARN_INFINITE_RECURSION = YES;
				CLANG_WARN_INT_CONVERSION = YES;
				CLANG_WARN_NON_LITERAL_NULL_CONVERSION = YES;
				CLANG_WARN_OBJC_IMPLICIT_RETAIN_SELF = YES;
				CLANG_WARN_OBJC_LITERAL_CONVERSION = YES;
				CLANG_WARN_OBJC_ROOT_CLASS = YES_ERROR;
				CLANG_WARN_QUOTED_INCLUDE_IN_FRAMEWORK_HEADER = YES;
				CLANG_WARN_RANGE_LOOP_ANALYSIS = YES;
				CLANG_WARN_STRICT_PROTOTYPES = YES;
				CLANG_WARN_SUSPICIOUS_MOVE = YES;
				CLANG_WARN_UNGUARDED_AVAILABILITY = YES_AGGRESSIVE;
				CLANG_WARN_UNREACHABLE_CODE = YES;
				CLANG_WARN__DUPLICATE_METHOD_MATCH = YES;
				COPY_PHASE_STRIP = NO;
				DEBUG_INFORMATION_FORMAT = "dwarf-with-dsym";
				ENABLE_NS_ASSERTIONS = NO;
				ENABLE_STRICT_OBJC_MSGSEND = YES;
				ENABLE_USER_SCRIPT_SANDBOXING = YES;
				GCC_C_LANGUAGE_STANDARD = gnu17;
				GCC_NO_COMMON_BLOCKS = YES;
				GCC_WARN_64_TO_32_BIT_CONVERSION = YES;
				GCC_WARN_ABOUT_RETURN_TYPE = YES_ERROR;
				GCC_WARN_UNDECLARED_SELECTOR = YES;
				GCC_WARN_UNINITIALIZED_AUTOS = YES_AGGRESSIVE;
				GCC_WARN_UNUSED_FUNCTION = YES;
				GCC_WARN_UNUSED_VARIABLE = YES;
				IPHONEOS_DEPLOYMENT_TARGET = 26.5;
				LOCALIZATION_PREFERS_STRING_CATALOGS = YES;
				MTL_ENABLE_DEBUG_INFO = NO;
				MTL_FAST_MATH = YES;
				SDKROOT = iphoneos;
				SWIFT_COMPILATION_MODE = wholemodule;
				VALIDATE_PRODUCT = YES;
			};
			name = Release;
		};
		AA07A9462FFE0B7400CCB838 /* Debug */ = {
			isa = XCBuildConfiguration;
			buildSettings = {
				ASSETCATALOG_COMPILER_APPICON_NAME = appclipicon_tanyale;
				ASSETCATALOG_COMPILER_GLOBAL_ACCENT_COLOR_NAME = AccentColor;
				CODE_SIGN_ENTITLEMENTS = TanyaleAppClip/TanyaleAppClip.entitlements;
				CODE_SIGN_STYLE = Automatic;
				CURRENT_PROJECT_VERSION = 1;
				DEVELOPMENT_TEAM = VX33BG7ZDD;
				ENABLE_PREVIEWS = YES;
				GENERATE_INFOPLIST_FILE = YES;
				INFOPLIST_KEY_CFBundleDisplayName = "TanyaLe App Clip";
				INFOPLIST_KEY_NSCameraUsageDescription = "TanyaLe uses the camera to place and view AR journey markers in the world around you.";
				INFOPLIST_KEY_NSLocationWhenInUseUsageDescription = "TanyaLe uses your location to place and guide you to AR journey markers nearby.";
				INFOPLIST_KEY_UIApplicationSceneManifest_Generation = YES;
				INFOPLIST_KEY_UIApplicationSupportsIndirectInputEvents = YES;
				INFOPLIST_KEY_UILaunchScreen_Generation = YES;
				INFOPLIST_KEY_UIRequiredDeviceCapabilities = arkit;
				INFOPLIST_KEY_UISupportedInterfaceOrientations_iPad = "UIInterfaceOrientationPortrait UIInterfaceOrientationPortraitUpsideDown UIInterfaceOrientationLandscapeLeft UIInterfaceOrientationLandscapeRight";
				INFOPLIST_KEY_UISupportedInterfaceOrientations_iPhone = "UIInterfaceOrientationPortrait UIInterfaceOrientationLandscapeLeft UIInterfaceOrientationLandscapeRight";
				IPHONEOS_DEPLOYMENT_TARGET = 26.2;
				LD_RUNPATH_SEARCH_PATHS = (
					"$(inherited)",
					"@executable_path/Frameworks",
				);
				MARKETING_VERSION = 1.0;
				PRODUCT_BUNDLE_IDENTIFIER = com.al.TanyaLe.Clip;
				PRODUCT_NAME = "$(TARGET_NAME)";
				STRING_CATALOG_GENERATE_SYMBOLS = YES;
				SWIFT_APPROACHABLE_CONCURRENCY = YES;
				SWIFT_DEFAULT_ACTOR_ISOLATION = MainActor;
				SWIFT_EMIT_LOC_STRINGS = YES;
				SWIFT_UPCOMING_FEATURE_MEMBER_IMPORT_VISIBILITY = YES;
				SWIFT_VERSION = 5.0;
				TARGETED_DEVICE_FAMILY = "1,2";
			};
			name = Debug;
		};
		AA07A9472FFE0B7400CCB838 /* Release */ = {
			isa = XCBuildConfiguration;
			buildSettings = {
				ASSETCATALOG_COMPILER_APPICON_NAME = appclipicon_tanyale;
				ASSETCATALOG_COMPILER_GLOBAL_ACCENT_COLOR_NAME = AccentColor;
				CODE_SIGN_ENTITLEMENTS = TanyaleAppClip/TanyaleAppClip.entitlements;
				CODE_SIGN_STYLE = Automatic;
				CURRENT_PROJECT_VERSION = 1;
				DEVELOPMENT_TEAM = VX33BG7ZDD;
				ENABLE_PREVIEWS = YES;
				GENERATE_INFOPLIST_FILE = YES;
				INFOPLIST_KEY_CFBundleDisplayName = "TanyaLe App Clip";
				INFOPLIST_KEY_NSCameraUsageDescription = "TanyaLe uses the camera to place and view AR journey markers in the world around you.";
				INFOPLIST_KEY_NSLocationWhenInUseUsageDescription = "TanyaLe uses your location to place and guide you to AR journey markers nearby.";
				INFOPLIST_KEY_UIApplicationSceneManifest_Generation = YES;
				INFOPLIST_KEY_UIApplicationSupportsIndirectInputEvents = YES;
				INFOPLIST_KEY_UILaunchScreen_Generation = YES;
				INFOPLIST_KEY_UIRequiredDeviceCapabilities = arkit;
				INFOPLIST_KEY_UISupportedInterfaceOrientations_iPad = "UIInterfaceOrientationPortrait UIInterfaceOrientationPortraitUpsideDown UIInterfaceOrientationLandscapeLeft UIInterfaceOrientationLandscapeRight";
				INFOPLIST_KEY_UISupportedInterfaceOrientations_iPhone = "UIInterfaceOrientationPortrait UIInterfaceOrientationLandscapeLeft UIInterfaceOrientationLandscapeRight";
				IPHONEOS_DEPLOYMENT_TARGET = 26.2;
				LD_RUNPATH_SEARCH_PATHS = (
					"$(inherited)",
					"@executable_path/Frameworks",
				);
				MARKETING_VERSION = 1.0;
				PRODUCT_BUNDLE_IDENTIFIER = com.al.TanyaLe.Clip;
				PRODUCT_NAME = "$(TARGET_NAME)";
				STRING_CATALOG_GENERATE_SYMBOLS = YES;
				SWIFT_APPROACHABLE_CONCURRENCY = YES;
				SWIFT_DEFAULT_ACTOR_ISOLATION = MainActor;
				SWIFT_EMIT_LOC_STRINGS = YES;
				SWIFT_UPCOMING_FEATURE_MEMBER_IMPORT_VISIBILITY = YES;
				SWIFT_VERSION = 5.0;
				TARGETED_DEVICE_FAMILY = "1,2";
			};
			name = Release;
		};
/* End XCBuildConfiguration section */

/* Begin XCConfigurationList section */
		987379322FF61D8900739D44 /* Build configuration list for PBXProject "TanyaLe" */ = {
			isa = XCConfigurationList;
			buildConfigurations = (
				987379472FF61D8A00739D44 /* Debug */,
				987379482FF61D8A00739D44 /* Release */,
			);
			defaultConfigurationIsVisible = 0;
			defaultConfigurationName = Release;
		};
		987379442FF61D8A00739D44 /* Build configuration list for PBXNativeTarget "TanyaLe" */ = {
			isa = XCConfigurationList;
			buildConfigurations = (
				987379452FF61D8A00739D44 /* Debug */,
				987379462FF61D8A00739D44 /* Release */,
			);
			defaultConfigurationIsVisible = 0;
			defaultConfigurationName = Release;
		};
		AA07A9452FFE0B7400CCB838 /* Build configuration list for PBXNativeTarget "TanyaleAppClip" */ = {
			isa = XCConfigurationList;
			buildConfigurations = (
				AA07A9462FFE0B7400CCB838 /* Debug */,
				AA07A9472FFE0B7400CCB838 /* Release */,
			);
			defaultConfigurationIsVisible = 0;
			defaultConfigurationName = Release;
		};
/* End XCConfigurationList section */
	};
	rootObject = 9873792F2FF61D8900739D44 /* Project object */;
}
