// !$*UTF8*$!
{
	archiveVersion = 1;
	classes = {
	};
	objectVersion = 77;
	objects = {

/* Begin PBXBuildFile section */
		98EA9C27300140380067F8EA /* Assets.xcassets in Resources */ = {isa = PBXBuildFile; fileRef = 98EA9C23300140380067F8EA /* Assets.xcassets */; };
		98EA9C28300140380067F8EA /* TanyaleAppClipApp.swift in Sources */ = {isa = PBXBuildFile; fileRef = 98EA9C25300140380067F8EA /* TanyaleAppClipApp.swift */; };
		98EA9C96300140510067F8EA /* Assets.xcassets in Resources */ = {isa = PBXBuildFile; fileRef = 98EA9C66300140510067F8EA /* Assets.xcassets */; };
		98EA9C97300140510067F8EA /* appclipicon_tanyale.icon in Resources */ = {isa = PBXBuildFile; fileRef = 98EA9C64300140510067F8EA /* appclipicon_tanyale.icon */; };
		98EA9C98300140510067F8EA /* asset3d_kandang-ayam.usdz in Resources */ = {isa = PBXBuildFile; fileRef = 98EA9C61300140510067F8EA /* asset3d_kandang-ayam.usdz */; };
		98EA9C99300140510067F8EA /* asset3d_trashbin.usdz in Resources */ = {isa = PBXBuildFile; fileRef = 98EA9C62300140510067F8EA /* asset3d_trashbin.usdz */; };
		98EA9C9A300140510067F8EA /* appicon_tanyale.icon in Resources */ = {isa = PBXBuildFile; fileRef = 98EA9C65300140510067F8EA /* appicon_tanyale.icon */; };
		98EA9C9B300140510067F8EA /* Lele_Checkpoint.usdz in Resources */ = {isa = PBXBuildFile; fileRef = 98EA9C67300140510067F8EA /* Lele_Checkpoint.usdz */; };
		98EA9C9C300140510067F8EA /* ARWalkView.swift in Sources */ = {isa = PBXBuildFile; fileRef = 98EA9C70300140510067F8EA /* ARWalkView.swift */; };
		98EA9C9D300140510067F8EA /* CheckpointBoardLoader.swift in Sources */ = {isa = PBXBuildFile; fileRef = 98EA9C7B300140510067F8EA /* CheckpointBoardLoader.swift */; };
		98EA9C9E300140510067F8EA /* ARMinimapView.swift in Sources */ = {isa = PBXBuildFile; fileRef = 98EA9C78300140510067F8EA /* ARMinimapView.swift */; };
		98EA9C9F300140510067F8EA /* MessageBoardEntity.swift in Sources */ = {isa = PBXBuildFile; fileRef = 98EA9C80300140510067F8EA /* MessageBoardEntity.swift */; };
		98EA9CA0300140510067F8EA /* Asset3DLoader.swift in Sources */ = {isa = PBXBuildFile; fileRef = 98EA9C83300140510067F8EA /* Asset3DLoader.swift */; };
		98EA9CA1300140510067F8EA /* WalkableAspirationButton.swift in Sources */ = {isa = PBXBuildFile; fileRef = 98EA9C6E300140510067F8EA /* WalkableAspirationButton.swift */; };
		98EA9CA2300140510067F8EA /* AssetPickerView.swift in Sources */ = {isa = PBXBuildFile; fileRef = 98EA9C85300140510067F8EA /* AssetPickerView.swift */; };
		98EA9CA3300140510067F8EA /* EmojiCelebrationView.swift in Sources */ = {isa = PBXBuildFile; fileRef = 98EA9C7D300140510067F8EA /* EmojiCelebrationView.swift */; };
		98EA9CA4300140510067F8EA /* Entity+GroundPlacement.swift in Sources */ = {isa = PBXBuildFile; fileRef = 98EA9C8B300140510067F8EA /* Entity+GroundPlacement.swift */; };
		98EA9CA5300140510067F8EA /* ConfirmationPopup.swift in Sources */ = {isa = PBXBuildFile; fileRef = 98EA9C72300140510067F8EA /* ConfirmationPopup.swift */; };
		98EA9CA6300140510067F8EA /* Asset3D.swift in Sources */ = {isa = PBXBuildFile; fileRef = 98EA9C5C300140510067F8EA /* Asset3D.swift */; };
		98EA9CA8300140510067F8EA /* TutorialPopup.swift in Sources */ = {isa = PBXBuildFile; fileRef = 98EA9C75300140510067F8EA /* TutorialPopup.swift */; };
		98EA9CA9300140510067F8EA /* CheckpointReachedCard.swift in Sources */ = {isa = PBXBuildFile; fileRef = 98EA9C71300140510067F8EA /* CheckpointReachedCard.swift */; };
		98EA9CAA300140510067F8EA /* MockDatabaseService.swift in Sources */ = {isa = PBXBuildFile; fileRef = 98EA9C6A300140510067F8EA /* MockDatabaseService.swift */; };
		98EA9CAB300140510067F8EA /* PhotoboothCaptureView.swift in Sources */ = {isa = PBXBuildFile; fileRef = 98EA9C91300140510067F8EA /* PhotoboothCaptureView.swift */; };
		98EA9CAC300140510067F8EA /* PhotoboothCaptureView_Backup.swift in Sources */ = {isa = PBXBuildFile; fileRef = 98EA9C92300140510067F8EA /* PhotoboothCaptureView_Backup.swift */; };
		98EA9CAD300140510067F8EA /* AssetPlacementConfig.swift in Sources */ = {isa = PBXBuildFile; fileRef = 98EA9C5D300140510067F8EA /* AssetPlacementConfig.swift */; };
		98EA9CAE300140510067F8EA /* AppClipRootView.swift in Sources */ = {isa = PBXBuildFile; fileRef = 98EA9C90300140510067F8EA /* AppClipRootView.swift */; };
		98EA9CAF300140510067F8EA /* AssetThumbnailImage.swift in Sources */ = {isa = PBXBuildFile; fileRef = 98EA9C87300140510067F8EA /* AssetThumbnailImage.swift */; };
		98EA9CB0300140510067F8EA /* LocationManager.swift in Sources */ = {isa = PBXBuildFile; fileRef = 98EA9C58300140510067F8EA /* LocationManager.swift */; };
		98EA9CB1300140510067F8EA /* WelcomeView.swift in Sources */ = {isa = PBXBuildFile; fileRef = 98EA9C76300140510067F8EA /* WelcomeView.swift */; };
		98EA9CB2300140510067F8EA /* PhotoGalleryView.swift in Sources */ = {isa = PBXBuildFile; fileRef = 98EA9C81300140510067F8EA /* PhotoGalleryView.swift */; };
		98EA9CB3300140510067F8EA /* RelativeARViewContainer.swift in Sources */ = {isa = PBXBuildFile; fileRef = 98EA9C73300140510067F8EA /* RelativeARViewContainer.swift */; };
		98EA9CB4300140510067F8EA /* CitizenARViewModel.swift in Sources */ = {isa = PBXBuildFile; fileRef = 98EA9C57300140510067F8EA /* CitizenARViewModel.swift */; };
		98EA9CB5300140510067F8EA /* BrandTheme.swift in Sources */ = {isa = PBXBuildFile; fileRef = 98EA9C88300140510067F8EA /* BrandTheme.swift */; };
		98EA9CB6300140510067F8EA /* MockAssetService.swift in Sources */ = {isa = PBXBuildFile; fileRef = 98EA9C69300140510067F8EA /* MockAssetService.swift */; };
		98EA9CB7300140510067F8EA /* MCQBoardEntity.swift in Sources */ = {isa = PBXBuildFile; fileRef = 98EA9C7F300140510067F8EA /* MCQBoardEntity.swift */; };
		98EA9CB8300140510067F8EA /* MockPhotoService.swift in Sources */ = {isa = PBXBuildFile; fileRef = 98EA9C6B300140510067F8EA /* MockPhotoService.swift */; };
		98EA9CB9300140510067F8EA /* PhotoPreviewView.swift in Sources */ = {isa = PBXBuildFile; fileRef = 98EA9C93300140510067F8EA /* PhotoPreviewView.swift */; };
		98EA9CBA300140510067F8EA /* PrimaryActionButton.swift in Sources */ = {isa = PBXBuildFile; fileRef = 98EA9C8D300140510067F8EA /* PrimaryActionButton.swift */; };
		98EA9CBB300140510067F8EA /* WalkableAspirationManager.swift in Sources */ = {isa = PBXBuildFile; fileRef = 98EA9C59300140510067F8EA /* WalkableAspirationManager.swift */; };
		98EA9CBC300140510067F8EA /* WalkableAspirationSceneController.swift in Sources */ = {isa = PBXBuildFile; fileRef = 98EA9C5A300140510067F8EA /* WalkableAspirationSceneController.swift */; };
		98EA9CBD300140510067F8EA /* ImagePicker.swift in Sources */ = {isa = PBXBuildFile; fileRef = 98EA9C7E300140510067F8EA /* ImagePicker.swift */; };
		98EA9CBE300140510067F8EA /* ARSurveyBoard.swift in Sources */ = {isa = PBXBuildFile; fileRef = 98EA9C7A300140510067F8EA /* ARSurveyBoard.swift */; };
		98EA9CBF300140510067F8EA /* PhotoboothBoardController.swift in Sources */ = {isa = PBXBuildFile; fileRef = 98EA9C8C300140510067F8EA /* PhotoboothBoardController.swift */; };
		98EA9CC0300140510067F8EA /* AssetPlacementController.swift in Sources */ = {isa = PBXBuildFile; fileRef = 98EA9C86300140510067F8EA /* AssetPlacementController.swift */; };
		98EA9CC1300140510067F8EA /* WalkableAspiration.swift in Sources */ = {isa = PBXBuildFile; fileRef = 98EA9C5F300140510067F8EA /* WalkableAspiration.swift */; };
		98EA9CC2300140510067F8EA /* AssetDetailView.swift in Sources */ = {isa = PBXBuildFile; fileRef = 98EA9C84300140510067F8EA /* AssetDetailView.swift */; };
		98EA9CC3300140510067F8EA /* RelativeUserARView.swift in Sources */ = {isa = PBXBuildFile; fileRef = 98EA9C74300140510067F8EA /* RelativeUserARView.swift */; };
		98EA9CC4300140510067F8EA /* CustomCameraView_Backup.swift in Sources */ = {isa = PBXBuildFile; fileRef = 98EA9C8A300140510067F8EA /* CustomCameraView_Backup.swift */; };
		98EA9CC5300140510067F8EA /* TextFieldBottomSheet.swift in Sources */ = {isa = PBXBuildFile; fileRef = 98EA9C6D300140510067F8EA /* TextFieldBottomSheet.swift */; };
		98EA9CC6300140510067F8EA /* Checkpoint.swift in Sources */ = {isa = PBXBuildFile; fileRef = 98EA9C5E300140510067F8EA /* Checkpoint.swift */; };
		98EA9CC7300140510067F8EA /* CheckpointFormContent.swift in Sources */ = {isa = PBXBuildFile; fileRef = 98EA9C7C300140510067F8EA /* CheckpointFormContent.swift */; };
		98EA9CC8300140510067F8EA /* ARWalkView.swift in Sources */ = {isa = PBXBuildFile; fileRef = 98EA9C70300140510067F8EA /* ARWalkView.swift */; };
		98EA9CC9300140510067F8EA /* CheckpointBoardLoader.swift in Sources */ = {isa = PBXBuildFile; fileRef = 98EA9C7B300140510067F8EA /* CheckpointBoardLoader.swift */; };
		98EA9CCA300140510067F8EA /* ARMinimapView.swift in Sources */ = {isa = PBXBuildFile; fileRef = 98EA9C78300140510067F8EA /* ARMinimapView.swift */; };
		98EA9CCB300140510067F8EA /* MessageBoardEntity.swift in Sources */ = {isa = PBXBuildFile; fileRef = 98EA9C80300140510067F8EA /* MessageBoardEntity.swift */; };
		98EA9CCC300140510067F8EA /* Asset3DLoader.swift in Sources */ = {isa = PBXBuildFile; fileRef = 98EA9C83300140510067F8EA /* Asset3DLoader.swift */; };
		98EA9CCD300140510067F8EA /* WalkableAspirationButton.swift in Sources */ = {isa = PBXBuildFile; fileRef = 98EA9C6E300140510067F8EA /* WalkableAspirationButton.swift */; };
		98EA9CCE300140510067F8EA /* AssetPickerView.swift in Sources */ = {isa = PBXBuildFile; fileRef = 98EA9C85300140510067F8EA /* AssetPickerView.swift */; };
		98EA9CCF300140510067F8EA /* EmojiCelebrationView.swift in Sources */ = {isa = PBXBuildFile; fileRef = 98EA9C7D300140510067F8EA /* EmojiCelebrationView.swift */; };
		98EA9CD0300140510067F8EA /* Entity+GroundPlacement.swift in Sources */ = {isa = PBXBuildFile; fileRef = 98EA9C8B300140510067F8EA /* Entity+GroundPlacement.swift */; };
		98EA9CD1300140510067F8EA /* ConfirmationPopup.swift in Sources */ = {isa = PBXBuildFile; fileRef = 98EA9C72300140510067F8EA /* ConfirmationPopup.swift */; };
		98EA9CD2300140510067F8EA /* Asset3D.swift in Sources */ = {isa = PBXBuildFile; fileRef = 98EA9C5C300140510067F8EA /* Asset3D.swift */; };
		98EA9CD4300140510067F8EA /* TutorialPopup.swift in Sources */ = {isa = PBXBuildFile; fileRef = 98EA9C75300140510067F8EA /* TutorialPopup.swift */; };
		98EA9CD5300140510067F8EA /* CheckpointReachedCard.swift in Sources */ = {isa = PBXBuildFile; fileRef = 98EA9C71300140510067F8EA /* CheckpointReachedCard.swift */; };
		98EA9CD6300140510067F8EA /* MockDatabaseService.swift in Sources */ = {isa = PBXBuildFile; fileRef = 98EA9C6A300140510067F8EA /* MockDatabaseService.swift */; };
		98EA9CD7300140510067F8EA /* PhotoboothCaptureView.swift in Sources */ = {isa = PBXBuildFile; fileRef = 98EA9C91300140510067F8EA /* PhotoboothCaptureView.swift */; };
		98EA9CD8300140510067F8EA /* PhotoboothCaptureView_Backup.swift in Sources */ = {isa = PBXBuildFile; fileRef = 98EA9C92300140510067F8EA /* PhotoboothCaptureView_Backup.swift */; };
		98EA9CD9300140510067F8EA /* AssetPlacementConfig.swift in Sources */ = {isa = PBXBuildFile; fileRef = 98EA9C5D300140510067F8EA /* AssetPlacementConfig.swift */; };
		98EA9CDA300140510067F8EA /* AppClipRootView.swift in Sources */ = {isa = PBXBuildFile; fileRef = 98EA9C90300140510067F8EA /* AppClipRootView.swift */; };
		98EA9CDB300140510067F8EA /* AssetThumbnailImage.swift in Sources */ = {isa = PBXBuildFile; fileRef = 98EA9C87300140510067F8EA /* AssetThumbnailImage.swift */; };
		98EA9CDC300140510067F8EA /* LocationManager.swift in Sources */ = {isa = PBXBuildFile; fileRef = 98EA9C58300140510067F8EA /* LocationManager.swift */; };
		98EA9CDD300140510067F8EA /* WelcomeView.swift in Sources */ = {isa = PBXBuildFile; fileRef = 98EA9C76300140510067F8EA /* WelcomeView.swift */; };
		98EA9CDE300140510067F8EA /* PhotoGalleryView.swift in Sources */ = {isa = PBXBuildFile; fileRef = 98EA9C81300140510067F8EA /* PhotoGalleryView.swift */; };
		98EA9CDF300140510067F8EA /* RelativeARViewContainer.swift in Sources */ = {isa = PBXBuildFile; fileRef = 98EA9C73300140510067F8EA /* RelativeARViewContainer.swift */; };
		98EA9CE0300140510067F8EA /* CitizenARViewModel.swift in Sources */ = {isa = PBXBuildFile; fileRef = 98EA9C57300140510067F8EA /* CitizenARViewModel.swift */; };
		98EA9CE1300140510067F8EA /* BrandTheme.swift in Sources */ = {isa = PBXBuildFile; fileRef = 98EA9C88300140510067F8EA /* BrandTheme.swift */; };
		98EA9CE2300140510067F8EA /* MockAssetService.swift in Sources */ = {isa = PBXBuildFile; fileRef = 98EA9C69300140510067F8EA /* MockAssetService.swift */; };
		98EA9CE3300140510067F8EA /* MCQBoardEntity.swift in Sources */ = {isa = PBXBuildFile; fileRef = 98EA9C7F300140510067F8EA /* MCQBoardEntity.swift */; };
		98EA9CE4300140510067F8EA /* MockPhotoService.swift in Sources */ = {isa = PBXBuildFile; fileRef = 98EA9C6B300140510067F8EA /* MockPhotoService.swift */; };
		98EA9CE5300140510067F8EA /* PhotoPreviewView.swift in Sources */ = {isa = PBXBuildFile; fileRef = 98EA9C93300140510067F8EA /* PhotoPreviewView.swift */; };
		98EA9CE6300140510067F8EA /* PrimaryActionButton.swift in Sources */ = {isa = PBXBuildFile; fileRef = 98EA9C8D300140510067F8EA /* PrimaryActionButton.swift */; };
		98EA9CE7300140510067F8EA /* WalkableAspirationManager.swift in Sources */ = {isa = PBXBuildFile; fileRef = 98EA9C59300140510067F8EA /* WalkableAspirationManager.swift */; };
		98EA9CE8300140510067F8EA /* WalkableAspirationSceneController.swift in Sources */ = {isa = PBXBuildFile; fileRef = 98EA9C5A300140510067F8EA /* WalkableAspirationSceneController.swift */; };
		98EA9CE9300140510067F8EA /* ImagePicker.swift in Sources */ = {isa = PBXBuildFile; fileRef = 98EA9C7E300140510067F8EA /* ImagePicker.swift */; };
		98EA9CEA300140510067F8EA /* ARSurveyBoard.swift in Sources */ = {isa = PBXBuildFile; fileRef = 98EA9C7A300140510067F8EA /* ARSurveyBoard.swift */; };
		98EA9CEB300140510067F8EA /* PhotoboothBoardController.swift in Sources */ = {isa = PBXBuildFile; fileRef = 98EA9C8C300140510067F8EA /* PhotoboothBoardController.swift */; };
		98EA9CEC300140510067F8EA /* AssetPlacementController.swift in Sources */ = {isa = PBXBuildFile; fileRef = 98EA9C86300140510067F8EA /* AssetPlacementController.swift */; };
		98EA9CED300140510067F8EA /* WalkableAspiration.swift in Sources */ = {isa = PBXBuildFile; fileRef = 98EA9C5F300140510067F8EA /* WalkableAspiration.swift */; };
		98EA9CEE300140510067F8EA /* AssetDetailView.swift in Sources */ = {isa = PBXBuildFile; fileRef = 98EA9C84300140510067F8EA /* AssetDetailView.swift */; };
		98EA9CEF300140510067F8EA /* RelativeUserARView.swift in Sources */ = {isa = PBXBuildFile; fileRef = 98EA9C74300140510067F8EA /* RelativeUserARView.swift */; };
		98EA9CF0300140510067F8EA /* CustomCameraView_Backup.swift in Sources */ = {isa = PBXBuildFile; fileRef = 98EA9C8A300140510067F8EA /* CustomCameraView_Backup.swift */; };
		98EA9CF1300140510067F8EA /* TextFieldBottomSheet.swift in Sources */ = {isa = PBXBuildFile; fileRef = 98EA9C6D300140510067F8EA /* TextFieldBottomSheet.swift */; };
		98EA9CF2300140510067F8EA /* Checkpoint.swift in Sources */ = {isa = PBXBuildFile; fileRef = 98EA9C5E300140510067F8EA /* Checkpoint.swift */; };
		98EA9CF3300140510067F8EA /* CheckpointFormContent.swift in Sources */ = {isa = PBXBuildFile; fileRef = 98EA9C7C300140510067F8EA /* CheckpointFormContent.swift */; };
		98EA9CF4300140510067F8EA /* Assets.xcassets in Resources */ = {isa = PBXBuildFile; fileRef = 98EA9C66300140510067F8EA /* Assets.xcassets */; };
		98EA9CF5300140510067F8EA /* appclipicon_tanyale.icon in Resources */ = {isa = PBXBuildFile; fileRef = 98EA9C64300140510067F8EA /* appclipicon_tanyale.icon */; };
		98EA9CF6300140510067F8EA /* asset3d_kandang-ayam.usdz in Resources */ = {isa = PBXBuildFile; fileRef = 98EA9C61300140510067F8EA /* asset3d_kandang-ayam.usdz */; };
		98EA9CF7300140510067F8EA /* asset3d_trashbin.usdz in Resources */ = {isa = PBXBuildFile; fileRef = 98EA9C62300140510067F8EA /* asset3d_trashbin.usdz */; };
		98EA9CF8300140510067F8EA /* appicon_tanyale.icon in Resources */ = {isa = PBXBuildFile; fileRef = 98EA9C65300140510067F8EA /* appicon_tanyale.icon */; };
		98EA9CF9300140510067F8EA /* Lele_Checkpoint.usdz in Resources */ = {isa = PBXBuildFile; fileRef = 98EA9C67300140510067F8EA /* Lele_Checkpoint.usdz */; };
		98EA9D1A3001438E0067F8EA /* MakerViewModel.swift in Sources */ = {isa = PBXBuildFile; fileRef = 98EA9CFF3001438E0067F8EA /* MakerViewModel.swift */; };
		98EA9D1B3001438E0067F8EA /* ARPlacementPrototypeView.swift in Sources */ = {isa = PBXBuildFile; fileRef = 98EA9D013001438E0067F8EA /* ARPlacementPrototypeView.swift */; };
		98EA9D1C3001438E0067F8EA /* SandboxMakerOnboardingView.swift in Sources */ = {isa = PBXBuildFile; fileRef = 98EA9D063001438E0067F8EA /* SandboxMakerOnboardingView.swift */; };
		98EA9D1D3001438E0067F8EA /* SandboxDashboardView.swift in Sources */ = {isa = PBXBuildFile; fileRef = 98EA9D053001438E0067F8EA /* SandboxDashboardView.swift */; };
		98EA9D1E3001438E0067F8EA /* CheckpointEditView.swift in Sources */ = {isa = PBXBuildFile; fileRef = 98EA9D093001438E0067F8EA /* CheckpointEditView.swift */; };
		98EA9D1F3001438E0067F8EA /* JourneyLandingView.swift in Sources */ = {isa = PBXBuildFile; fileRef = 98EA9D0E3001438E0067F8EA /* JourneyLandingView.swift */; };
		98EA9D203001438E0067F8EA /* JourneyARPlacementView.swift in Sources */ = {isa = PBXBuildFile; fileRef = 98EA9D0C3001438E0067F8EA /* JourneyARPlacementView.swift */; };
		98EA9D213001438E0067F8EA /* CheckpointListView.swift in Sources */ = {isa = PBXBuildFile; fileRef = 98EA9D0A3001438E0067F8EA /* CheckpointListView.swift */; };
		98EA9D223001438E0067F8EA /* Journey.swift in Sources */ = {isa = PBXBuildFile; fileRef = 98EA9D0B3001438E0067F8EA /* Journey.swift */; };
		98EA9D233001438E0067F8EA /* MakerResponsesView.swift in Sources */ = {isa = PBXBuildFile; fileRef = 98EA9D133001438E0067F8EA /* MakerResponsesView.swift */; };
		98EA9D243001438E0067F8EA /* MakerMapView.swift in Sources */ = {isa = PBXBuildFile; fileRef = 98EA9D123001438E0067F8EA /* MakerMapView.swift */; };
		98EA9D253001438E0067F8EA /* OnboardingPageThree.swift in Sources */ = {isa = PBXBuildFile; fileRef = 98EA9D033001438E0067F8EA /* OnboardingPageThree.swift */; };
		98EA9D263001438E0067F8EA /* OnboardingPageOne.swift in Sources */ = {isa = PBXBuildFile; fileRef = 98EA9D023001438E0067F8EA /* OnboardingPageOne.swift */; };
		98EA9D273001438E0067F8EA /* RelativeMakerARView.swift in Sources */ = {isa = PBXBuildFile; fileRef = 98EA9D153001438E0067F8EA /* RelativeMakerARView.swift */; };
		98EA9D283001438E0067F8EA /* PastJourneysListView.swift in Sources */ = {isa = PBXBuildFile; fileRef = 98EA9D143001438E0067F8EA /* PastJourneysListView.swift */; };
		98EA9D293001438E0067F8EA /* WalkableAspirationView.swift in Sources */ = {isa = PBXBuildFile; fileRef = 98EA9D073001438E0067F8EA /* WalkableAspirationView.swift */; };
		98EA9D2A3001438E0067F8EA /* SetStartPointView.swift in Sources */ = {isa = PBXBuildFile; fileRef = 98EA9D163001438E0067F8EA /* SetStartPointView.swift */; };
		98EA9D2B3001438E0067F8EA /* JourneyPreviewView.swift in Sources */ = {isa = PBXBuildFile; fileRef = 98EA9D0F3001438E0067F8EA /* JourneyPreviewView.swift */; };
		98EA9D2C3001438E0067F8EA /* JourneySetupView.swift in Sources */ = {isa = PBXBuildFile; fileRef = 98EA9D113001438E0067F8EA /* JourneySetupView.swift */; };
		98EA9D2D3001438E0067F8EA /* UserMinimapView.swift in Sources */ = {isa = PBXBuildFile; fileRef = 98EA9D173001438E0067F8EA /* UserMinimapView.swift */; };
		98EA9D2E3001438E0067F8EA /* OnboardingPageTwo.swift in Sources */ = {isa = PBXBuildFile; fileRef = 98EA9D043001438E0067F8EA /* OnboardingPageTwo.swift */; };
		98EA9D2F3001438E0067F8EA /* TanyaLeApp.swift in Sources */ = {isa = PBXBuildFile; fileRef = 98EA9CFC3001438E0067F8EA /* TanyaLeApp.swift */; };
		98EA9D303001438E0067F8EA /* JourneyService.swift in Sources */ = {isa = PBXBuildFile; fileRef = 98EA9D103001438E0067F8EA /* JourneyService.swift */; };
		98EA9D313001438E0067F8EA /* JourneyDetailView.swift in Sources */ = {isa = PBXBuildFile; fileRef = 98EA9D0D3001438E0067F8EA /* JourneyDetailView.swift */; };
		AA5E76462FFEC265009F664A /* (null) in Sources */ = {isa = PBXBuildFile; };
/* End PBXBuildFile section */

/* Begin PBXContainerItemProxy section */
		AA07A9412FFE0B7400CCB838 /* PBXContainerItemProxy */ = {
			isa = PBXContainerItemProxy;
			containerPortal = 9873792F2FF61D8900739D44 /* Project object */;
			proxyType = 1;
			remoteGlobalIDString = AA07A9362FFE0B7300CCB838;
			remoteInfo = TanyaleAppClip;
		};
/* End PBXContainerItemProxy section */

/* Begin PBXCopyFilesBuildPhase section */
		AA07A9482FFE0B7400CCB838 /* Embed App Clips */ = {
			isa = PBXCopyFilesBuildPhase;
			buildActionMask = 2147483647;
			dstPath = "$(CONTENTS_FOLDER_PATH)/AppClips";
			dstSubfolderSpec = 16;
			files = (
			);
			name = "Embed App Clips";
			runOnlyForDeploymentPostprocessing = 0;
		};
/* End PBXCopyFilesBuildPhase section */

/* Begin PBXFileReference section */
		98EA9C23300140380067F8EA /* Assets.xcassets */ = {isa = PBXFileReference; lastKnownFileType = folder.assetcatalog; path = Assets.xcassets; sourceTree = "<group>"; };
		98EA9C24300140380067F8EA /* TanyaleAppClip.entitlements */ = {isa = PBXFileReference; lastKnownFileType = text.plist.entitlements; path = TanyaleAppClip.entitlements; sourceTree = "<group>"; };
		98EA9C25300140380067F8EA /* TanyaleAppClipApp.swift */ = {isa = PBXFileReference; lastKnownFileType = sourcecode.swift; path = TanyaleAppClipApp.swift; sourceTree = "<group>"; };
		98EA9C57300140510067F8EA /* CitizenARViewModel.swift */ = {isa = PBXFileReference; lastKnownFileType = sourcecode.swift; path = CitizenARViewModel.swift; sourceTree = "<group>"; };
		98EA9C58300140510067F8EA /* LocationManager.swift */ = {isa = PBXFileReference; lastKnownFileType = sourcecode.swift; path = LocationManager.swift; sourceTree = "<group>"; };
		98EA9C59300140510067F8EA /* WalkableAspirationManager.swift */ = {isa = PBXFileReference; lastKnownFileType = sourcecode.swift; path = WalkableAspirationManager.swift; sourceTree = "<group>"; };
		98EA9C5A300140510067F8EA /* WalkableAspirationSceneController.swift */ = {isa = PBXFileReference; lastKnownFileType = sourcecode.swift; path = WalkableAspirationSceneController.swift; sourceTree = "<group>"; };
		98EA9C5C300140510067F8EA /* Asset3D.swift */ = {isa = PBXFileReference; lastKnownFileType = sourcecode.swift; path = Asset3D.swift; sourceTree = "<group>"; };
		98EA9C5D300140510067F8EA /* AssetPlacementConfig.swift */ = {isa = PBXFileReference; lastKnownFileType = sourcecode.swift; path = AssetPlacementConfig.swift; sourceTree = "<group>"; };
		98EA9C5E300140510067F8EA /* Checkpoint.swift */ = {isa = PBXFileReference; lastKnownFileType = sourcecode.swift; path = Checkpoint.swift; sourceTree = "<group>"; };
		98EA9C5F300140510067F8EA /* WalkableAspiration.swift */ = {isa = PBXFileReference; lastKnownFileType = sourcecode.swift; path = WalkableAspiration.swift; sourceTree = "<group>"; };
		98EA9C61300140510067F8EA /* asset3d_kandang-ayam.usdz */ = {isa = PBXFileReference; lastKnownFileType = file; path = "asset3d_kandang-ayam.usdz"; sourceTree = "<group>"; };
		98EA9C62300140510067F8EA /* asset3d_trashbin.usdz */ = {isa = PBXFileReference; lastKnownFileType = file; path = asset3d_trashbin.usdz; sourceTree = "<group>"; };
		98EA9C64300140510067F8EA /* appclipicon_tanyale.icon */ = {isa = PBXFileReference; lastKnownFileType = folder.iconcomposer.icon; path = appclipicon_tanyale.icon; sourceTree = "<group>"; };
		98EA9C65300140510067F8EA /* appicon_tanyale.icon */ = {isa = PBXFileReference; lastKnownFileType = folder.iconcomposer.icon; path = appicon_tanyale.icon; sourceTree = "<group>"; };
		98EA9C66300140510067F8EA /* Assets.xcassets */ = {isa = PBXFileReference; lastKnownFileType = folder.assetcatalog; path = Assets.xcassets; sourceTree = "<group>"; };
		98EA9C67300140510067F8EA /* Lele_Checkpoint.usdz */ = {isa = PBXFileReference; lastKnownFileType = file; path = Lele_Checkpoint.usdz; sourceTree = "<group>"; };
		98EA9C69300140510067F8EA /* MockAssetService.swift */ = {isa = PBXFileReference; lastKnownFileType = sourcecode.swift; path = MockAssetService.swift; sourceTree = "<group>"; };
		98EA9C6A300140510067F8EA /* MockDatabaseService.swift */ = {isa = PBXFileReference; lastKnownFileType = sourcecode.swift; path = MockDatabaseService.swift; sourceTree = "<group>"; };
		98EA9C6B300140510067F8EA /* MockPhotoService.swift */ = {isa = PBXFileReference; lastKnownFileType = sourcecode.swift; path = MockPhotoService.swift; sourceTree = "<group>"; };
		98EA9C6D300140510067F8EA /* TextFieldBottomSheet.swift */ = {isa = PBXFileReference; lastKnownFileType = sourcecode.swift; path = TextFieldBottomSheet.swift; sourceTree = "<group>"; };
		98EA9C6E300140510067F8EA /* WalkableAspirationButton.swift */ = {isa = PBXFileReference; lastKnownFileType = sourcecode.swift; path = WalkableAspirationButton.swift; sourceTree = "<group>"; };
		98EA9C70300140510067F8EA /* ARWalkView.swift */ = {isa = PBXFileReference; lastKnownFileType = sourcecode.swift; path = ARWalkView.swift; sourceTree = "<group>"; };
		98EA9C71300140510067F8EA /* CheckpointReachedCard.swift */ = {isa = PBXFileReference; lastKnownFileType = sourcecode.swift; path = CheckpointReachedCard.swift; sourceTree = "<group>"; };
		98EA9C72300140510067F8EA /* ConfirmationPopup.swift */ = {isa = PBXFileReference; lastKnownFileType = sourcecode.swift; path = ConfirmationPopup.swift; sourceTree = "<group>"; };
		98EA9C73300140510067F8EA /* RelativeARViewContainer.swift */ = {isa = PBXFileReference; lastKnownFileType = sourcecode.swift; path = RelativeARViewContainer.swift; sourceTree = "<group>"; };
		98EA9C74300140510067F8EA /* RelativeUserARView.swift */ = {isa = PBXFileReference; lastKnownFileType = sourcecode.swift; path = RelativeUserARView.swift; sourceTree = "<group>"; };
		98EA9C75300140510067F8EA /* TutorialPopup.swift */ = {isa = PBXFileReference; lastKnownFileType = sourcecode.swift; path = TutorialPopup.swift; sourceTree = "<group>"; };
		98EA9C76300140510067F8EA /* WelcomeView.swift */ = {isa = PBXFileReference; lastKnownFileType = sourcecode.swift; path = WelcomeView.swift; sourceTree = "<group>"; };
		98EA9C78300140510067F8EA /* ARMinimapView.swift */ = {isa = PBXFileReference; lastKnownFileType = sourcecode.swift; path = ARMinimapView.swift; sourceTree = "<group>"; };
		98EA9C7A300140510067F8EA /* ARSurveyBoard.swift */ = {isa = PBXFileReference; lastKnownFileType = sourcecode.swift; path = ARSurveyBoard.swift; sourceTree = "<group>"; };
		98EA9C7B300140510067F8EA /* CheckpointBoardLoader.swift */ = {isa = PBXFileReference; lastKnownFileType = sourcecode.swift; path = CheckpointBoardLoader.swift; sourceTree = "<group>"; };
		98EA9C7C300140510067F8EA /* CheckpointFormContent.swift */ = {isa = PBXFileReference; lastKnownFileType = sourcecode.swift; path = CheckpointFormContent.swift; sourceTree = "<group>"; };
		98EA9C7D300140510067F8EA /* EmojiCelebrationView.swift */ = {isa = PBXFileReference; lastKnownFileType = sourcecode.swift; path = EmojiCelebrationView.swift; sourceTree = "<group>"; };
		98EA9C7E300140510067F8EA /* ImagePicker.swift */ = {isa = PBXFileReference; lastKnownFileType = sourcecode.swift; path = ImagePicker.swift; sourceTree = "<group>"; };
		98EA9C7F300140510067F8EA /* MCQBoardEntity.swift */ = {isa = PBXFileReference; lastKnownFileType = sourcecode.swift; path = MCQBoardEntity.swift; sourceTree = "<group>"; };
		98EA9C80300140510067F8EA /* MessageBoardEntity.swift */ = {isa = PBXFileReference; lastKnownFileType = sourcecode.swift; path = MessageBoardEntity.swift; sourceTree = "<group>"; };
		98EA9C81300140510067F8EA /* PhotoGalleryView.swift */ = {isa = PBXFileReference; lastKnownFileType = sourcecode.swift; path = PhotoGalleryView.swift; sourceTree = "<group>"; };
		98EA9C83300140510067F8EA /* Asset3DLoader.swift */ = {isa = PBXFileReference; lastKnownFileType = sourcecode.swift; path = Asset3DLoader.swift; sourceTree = "<group>"; };
		98EA9C84300140510067F8EA /* AssetDetailView.swift */ = {isa = PBXFileReference; lastKnownFileType = sourcecode.swift; path = AssetDetailView.swift; sourceTree = "<group>"; };
		98EA9C85300140510067F8EA /* AssetPickerView.swift */ = {isa = PBXFileReference; lastKnownFileType = sourcecode.swift; path = AssetPickerView.swift; sourceTree = "<group>"; };
		98EA9C86300140510067F8EA /* AssetPlacementController.swift */ = {isa = PBXFileReference; lastKnownFileType = sourcecode.swift; path = AssetPlacementController.swift; sourceTree = "<group>"; };
		98EA9C87300140510067F8EA /* AssetThumbnailImage.swift */ = {isa = PBXFileReference; lastKnownFileType = sourcecode.swift; path = AssetThumbnailImage.swift; sourceTree = "<group>"; };
		98EA9C88300140510067F8EA /* BrandTheme.swift */ = {isa = PBXFileReference; lastKnownFileType = sourcecode.swift; path = BrandTheme.swift; sourceTree = "<group>"; };
		98EA9C8A300140510067F8EA /* CustomCameraView_Backup.swift */ = {isa = PBXFileReference; lastKnownFileType = sourcecode.swift; path = CustomCameraView_Backup.swift; sourceTree = "<group>"; };
		98EA9C8B300140510067F8EA /* Entity+GroundPlacement.swift */ = {isa = PBXFileReference; lastKnownFileType = sourcecode.swift; path = "Entity+GroundPlacement.swift"; sourceTree = "<group>"; };
		98EA9C8C300140510067F8EA /* PhotoboothBoardController.swift */ = {isa = PBXFileReference; lastKnownFileType = sourcecode.swift; path = PhotoboothBoardController.swift; sourceTree = "<group>"; };
		98EA9C8D300140510067F8EA /* PrimaryActionButton.swift */ = {isa = PBXFileReference; lastKnownFileType = sourcecode.swift; path = PrimaryActionButton.swift; sourceTree = "<group>"; };
		98EA9C90300140510067F8EA /* AppClipRootView.swift */ = {isa = PBXFileReference; lastKnownFileType = sourcecode.swift; path = AppClipRootView.swift; sourceTree = "<group>"; };
		98EA9C91300140510067F8EA /* PhotoboothCaptureView.swift */ = {isa = PBXFileReference; lastKnownFileType = sourcecode.swift; path = PhotoboothCaptureView.swift; sourceTree = "<group>"; };
		98EA9C92300140510067F8EA /* PhotoboothCaptureView_Backup.swift */ = {isa = PBXFileReference; lastKnownFileType = sourcecode.swift; path = PhotoboothCaptureView_Backup.swift; sourceTree = "<group>"; };
		98EA9C93300140510067F8EA /* PhotoPreviewView.swift */ = {isa = PBXFileReference; lastKnownFileType = sourcecode.swift; path = PhotoPreviewView.swift; sourceTree = "<group>"; };
		98EA9CFA300140550067F8EA /* TanyaleAppClip.app */ = {isa = PBXFileReference; explicitFileType = wrapper.application; includeInIndex = 0; path = TanyaleAppClip.app; sourceTree = BUILT_PRODUCTS_DIR; };
		98EA9CFB3001405A0067F8EA /* TanyaLe.app */ = {isa = PBXFileReference; explicitFileType = wrapper.application; includeInIndex = 0; path = TanyaLe.app; sourceTree = BUILT_PRODUCTS_DIR; };
		98EA9CFC3001438E0067F8EA /* TanyaLeApp.swift */ = {isa = PBXFileReference; lastKnownFileType = sourcecode.swift; path = TanyaLeApp.swift; sourceTree = "<group>"; };
		98EA9CFF3001438E0067F8EA /* MakerViewModel.swift */ = {isa = PBXFileReference; lastKnownFileType = sourcecode.swift; path = MakerViewModel.swift; sourceTree = "<group>"; };
		98EA9D013001438E0067F8EA /* ARPlacementPrototypeView.swift */ = {isa = PBXFileReference; lastKnownFileType = sourcecode.swift; path = ARPlacementPrototypeView.swift; sourceTree = "<group>"; };
		98EA9D023001438E0067F8EA /* OnboardingPageOne.swift */ = {isa = PBXFileReference; lastKnownFileType = sourcecode.swift; path = OnboardingPageOne.swift; sourceTree = "<group>"; };
		98EA9D033001438E0067F8EA /* OnboardingPageThree.swift */ = {isa = PBXFileReference; lastKnownFileType = sourcecode.swift; path = OnboardingPageThree.swift; sourceTree = "<group>"; };
		98EA9D043001438E0067F8EA /* OnboardingPageTwo.swift */ = {isa = PBXFileReference; lastKnownFileType = sourcecode.swift; path = OnboardingPageTwo.swift; sourceTree = "<group>"; };
		98EA9D053001438E0067F8EA /* SandboxDashboardView.swift */ = {isa = PBXFileReference; lastKnownFileType = sourcecode.swift; path = SandboxDashboardView.swift; sourceTree = "<group>"; };
		98EA9D063001438E0067F8EA /* SandboxMakerOnboardingView.swift */ = {isa = PBXFileReference; lastKnownFileType = sourcecode.swift; path = SandboxMakerOnboardingView.swift; sourceTree = "<group>"; };
		98EA9D073001438E0067F8EA /* WalkableAspirationView.swift */ = {isa = PBXFileReference; lastKnownFileType = sourcecode.swift; path = WalkableAspirationView.swift; sourceTree = "<group>"; };
		98EA9D093001438E0067F8EA /* CheckpointEditView.swift */ = {isa = PBXFileReference; lastKnownFileType = sourcecode.swift; path = CheckpointEditView.swift; sourceTree = "<group>"; };
		98EA9D0A3001438E0067F8EA /* CheckpointListView.swift */ = {isa = PBXFileReference; lastKnownFileType = sourcecode.swift; path = CheckpointListView.swift; sourceTree = "<group>"; };
		98EA9D0B3001438E0067F8EA /* Journey.swift */ = {isa = PBXFileReference; lastKnownFileType = sourcecode.swift; path = Journey.swift; sourceTree = "<group>"; };
		98EA9D0C3001438E0067F8EA /* JourneyARPlacementView.swift */ = {isa = PBXFileReference; lastKnownFileType = sourcecode.swift; path = JourneyARPlacementView.swift; sourceTree = "<group>"; };
		98EA9D0D3001438E0067F8EA /* JourneyDetailView.swift */ = {isa = PBXFileReference; lastKnownFileType = sourcecode.swift; path = JourneyDetailView.swift; sourceTree = "<group>"; };
		98EA9D0E3001438E0067F8EA /* JourneyLandingView.swift */ = {isa = PBXFileReference; lastKnownFileType = sourcecode.swift; path = JourneyLandingView.swift; sourceTree = "<group>"; };
		98EA9D0F3001438E0067F8EA /* JourneyPreviewView.swift */ = {isa = PBXFileReference; lastKnownFileType = sourcecode.swift; path = JourneyPreviewView.swift; sourceTree = "<group>"; };
		98EA9D103001438E0067F8EA /* JourneyService.swift */ = {isa = PBXFileReference; lastKnownFileType = sourcecode.swift; path = JourneyService.swift; sourceTree = "<group>"; };
		98EA9D113001438E0067F8EA /* JourneySetupView.swift */ = {isa = PBXFileReference; lastKnownFileType = sourcecode.swift; path = JourneySetupView.swift; sourceTree = "<group>"; };
		98EA9D123001438E0067F8EA /* MakerMapView.swift */ = {isa = PBXFileReference; lastKnownFileType = sourcecode.swift; path = MakerMapView.swift; sourceTree = "<group>"; };
		98EA9D133001438E0067F8EA /* MakerResponsesView.swift */ = {isa = PBXFileReference; lastKnownFileType = sourcecode.swift; path = MakerResponsesView.swift; sourceTree = "<group>"; };
		98EA9D143001438E0067F8EA /* PastJourneysListView.swift */ = {isa = PBXFileReference; lastKnownFileType = sourcecode.swift; path = PastJourneysListView.swift; sourceTree = "<group>"; };
		98EA9D153001438E0067F8EA /* RelativeMakerARView.swift */ = {isa = PBXFileReference; lastKnownFileType = sourcecode.swift; path = RelativeMakerARView.swift; sourceTree = "<group>"; };
		98EA9D163001438E0067F8EA /* SetStartPointView.swift */ = {isa = PBXFileReference; lastKnownFileType = sourcecode.swift; path = SetStartPointView.swift; sourceTree = "<group>"; };
		98EA9D173001438E0067F8EA /* UserMinimapView.swift */ = {isa = PBXFileReference; lastKnownFileType = sourcecode.swift; path = UserMinimapView.swift; sourceTree = "<group>"; };
/* End PBXFileReference section */

/* Begin PBXFrameworksBuildPhase section */
		987379342FF61D8900739D44 /* Frameworks */ = {
			isa = PBXFrameworksBuildPhase;
			buildActionMask = 2147483647;
			files = (
			);
			runOnlyForDeploymentPostprocessing = 0;
		};
		AA07A9342FFE0B7300CCB838 /* Frameworks */ = {
			isa = PBXFrameworksBuildPhase;
			buildActionMask = 2147483647;
			files = (
			);
			runOnlyForDeploymentPostprocessing = 0;
		};
/* End PBXFrameworksBuildPhase section */

/* Begin PBXGroup section */
		9873792E2FF61D8900739D44 = {
			isa = PBXGroup;
			children = (
				98EA9C95300140510067F8EA /* Shared */,
				98EA9C26300140380067F8EA /* TanyaleAppClip */,
				98EA9CFA300140550067F8EA /* TanyaleAppClip.app */,
				98EA9CFB3001405A0067F8EA /* TanyaLe.app */,
				98EA9D193001438E0067F8EA /* TanyaLeApp */,
			);
			sourceTree = "<group>";
		};
		98EA9C26300140380067F8EA /* TanyaleAppClip */ = {
			isa = PBXGroup;
			children = (
				98EA9C23300140380067F8EA /* Assets.xcassets */,
				98EA9C24300140380067F8EA /* TanyaleAppClip.entitlements */,
				98EA9C25300140380067F8EA /* TanyaleAppClipApp.swift */,
			);
			path = TanyaleAppClip;
			sourceTree = "<group>";
		};
		98EA9C5B300140510067F8EA /* Manager */ = {
			isa = PBXGroup;
			children = (
				98EA9C57300140510067F8EA /* CitizenARViewModel.swift */,
				98EA9C58300140510067F8EA /* LocationManager.swift */,
				98EA9C59300140510067F8EA /* WalkableAspirationManager.swift */,
				98EA9C5A300140510067F8EA /* WalkableAspirationSceneController.swift */,
			);
			path = Manager;
			sourceTree = "<group>";
		};
		98EA9C60300140510067F8EA /* Models */ = {
			isa = PBXGroup;
			children = (
				98EA9C5C300140510067F8EA /* Asset3D.swift */,
				98EA9C5D300140510067F8EA /* AssetPlacementConfig.swift */,
				98EA9C5E300140510067F8EA /* Checkpoint.swift */,
				98EA9C5F300140510067F8EA /* WalkableAspiration.swift */,
			);
			path = Models;
			sourceTree = "<group>";
		};
		98EA9C63300140510067F8EA /* Models3D */ = {
			isa = PBXGroup;
			children = (
				98EA9C61300140510067F8EA /* asset3d_kandang-ayam.usdz */,
				98EA9C62300140510067F8EA /* asset3d_trashbin.usdz */,
			);
			path = Models3D;
			sourceTree = "<group>";
		};
		98EA9C68300140510067F8EA /* Resources */ = {
			isa = PBXGroup;
			children = (
				98EA9C63300140510067F8EA /* Models3D */,
				98EA9C64300140510067F8EA /* appclipicon_tanyale.icon */,
				98EA9C65300140510067F8EA /* appicon_tanyale.icon */,
				98EA9C66300140510067F8EA /* Assets.xcassets */,
				98EA9C67300140510067F8EA /* Lele_Checkpoint.usdz */,
			);
			path = Resources;
			sourceTree = "<group>";
		};
		98EA9C6C300140510067F8EA /* Services */ = {
			isa = PBXGroup;
			children = (
				98EA9C69300140510067F8EA /* MockAssetService.swift */,
				98EA9C6A300140510067F8EA /* MockDatabaseService.swift */,
				98EA9C6B300140510067F8EA /* MockPhotoService.swift */,
			);
			path = Services;
			sourceTree = "<group>";
		};
		98EA9C6F300140510067F8EA /* Aspiration */ = {
			isa = PBXGroup;
			children = (
				98EA9C6D300140510067F8EA /* TextFieldBottomSheet.swift */,
				98EA9C6E300140510067F8EA /* WalkableAspirationButton.swift */,
			);
			path = Aspiration;
			sourceTree = "<group>";
		};
		98EA9C77300140510067F8EA /* Main View */ = {
			isa = PBXGroup;
			children = (
				98EA9C70300140510067F8EA /* ARWalkView.swift */,
				98EA9C71300140510067F8EA /* CheckpointReachedCard.swift */,
				98EA9C72300140510067F8EA /* ConfirmationPopup.swift */,
				98EA9C73300140510067F8EA /* RelativeARViewContainer.swift */,
				98EA9C74300140510067F8EA /* RelativeUserARView.swift */,
				98EA9C75300140510067F8EA /* TutorialPopup.swift */,
				98EA9C76300140510067F8EA /* WelcomeView.swift */,
			);
			path = "Main View";
			sourceTree = "<group>";
		};
		98EA9C79300140510067F8EA /* Map */ = {
			isa = PBXGroup;
			children = (
				98EA9C78300140510067F8EA /* ARMinimapView.swift */,
			);
			path = Map;
			sourceTree = "<group>";
		};
		98EA9C82300140510067F8EA /* Task */ = {
			isa = PBXGroup;
			children = (
				98EA9C7A300140510067F8EA /* ARSurveyBoard.swift */,
				98EA9C7B300140510067F8EA /* CheckpointBoardLoader.swift */,
				98EA9C7C300140510067F8EA /* CheckpointFormContent.swift */,
				98EA9C7D300140510067F8EA /* EmojiCelebrationView.swift */,
				98EA9C7E300140510067F8EA /* ImagePicker.swift */,
				98EA9C7F300140510067F8EA /* MCQBoardEntity.swift */,
				98EA9C80300140510067F8EA /* MessageBoardEntity.swift */,
				98EA9C81300140510067F8EA /* PhotoGalleryView.swift */,
			);
			path = Task;
			sourceTree = "<group>";
		};
		98EA9C8E300140510067F8EA /* Components */ = {
			isa = PBXGroup;
			children = (
				98EA9C6F300140510067F8EA /* Aspiration */,
				98EA9C77300140510067F8EA /* Main View */,
				98EA9C79300140510067F8EA /* Map */,
				98EA9C82300140510067F8EA /* Task */,
				98EA9C83300140510067F8EA /* Asset3DLoader.swift */,
				98EA9C84300140510067F8EA /* AssetDetailView.swift */,
				98EA9C85300140510067F8EA /* AssetPickerView.swift */,
				98EA9C86300140510067F8EA /* AssetPlacementController.swift */,
				98EA9C87300140510067F8EA /* AssetThumbnailImage.swift */,
				98EA9C88300140510067F8EA /* BrandTheme.swift */,
				98EA9C8A300140510067F8EA /* CustomCameraView_Backup.swift */,
				98EA9C8B300140510067F8EA /* Entity+GroundPlacement.swift */,
				98EA9C8C300140510067F8EA /* PhotoboothBoardController.swift */,
				98EA9C8D300140510067F8EA /* PrimaryActionButton.swift */,
			);
			path = Components;
			sourceTree = "<group>";
		};
		98EA9C8F300140510067F8EA /* TanyaLeApp */ = {
			isa = PBXGroup;
			children = (
			);
			path = TanyaLeApp;
			sourceTree = "<group>";
		};
		98EA9C94300140510067F8EA /* Views */ = {
			isa = PBXGroup;
			children = (
				98EA9C8E300140510067F8EA /* Components */,
				98EA9C8F300140510067F8EA /* TanyaLeApp */,
				98EA9C90300140510067F8EA /* AppClipRootView.swift */,
				98EA9C91300140510067F8EA /* PhotoboothCaptureView.swift */,
				98EA9C92300140510067F8EA /* PhotoboothCaptureView_Backup.swift */,
				98EA9C93300140510067F8EA /* PhotoPreviewView.swift */,
			);
			path = Views;
			sourceTree = "<group>";
		};
		98EA9C95300140510067F8EA /* Shared */ = {
			isa = PBXGroup;
			children = (
				98EA9C5B300140510067F8EA /* Manager */,
				98EA9C60300140510067F8EA /* Models */,
				98EA9C68300140510067F8EA /* Resources */,
				98EA9C6C300140510067F8EA /* Services */,
				98EA9C94300140510067F8EA /* Views */,
			);
			path = Shared;
			sourceTree = "<group>";
		};
		98EA9CFD3001438E0067F8EA /* App */ = {
			isa = PBXGroup;
			children = (
				98EA9CFC3001438E0067F8EA /* TanyaLeApp.swift */,
			);
			path = App;
			sourceTree = "<group>";
		};
		98EA9CFE3001438E0067F8EA /* Resources */ = {
			isa = PBXGroup;
			children = (
			);
			path = Resources;
			sourceTree = "<group>";
		};
		98EA9D003001438E0067F8EA /* ViewModels */ = {
			isa = PBXGroup;
			children = (
				98EA9CFF3001438E0067F8EA /* MakerViewModel.swift */,
			);
			path = ViewModels;
			sourceTree = "<group>";
		};
		98EA9D083001438E0067F8EA /* Prototypes */ = {
			isa = PBXGroup;
			children = (
				98EA9D013001438E0067F8EA /* ARPlacementPrototypeView.swift */,
				98EA9D023001438E0067F8EA /* OnboardingPageOne.swift */,
				98EA9D033001438E0067F8EA /* OnboardingPageThree.swift */,
				98EA9D043001438E0067F8EA /* OnboardingPageTwo.swift */,
				98EA9D053001438E0067F8EA /* SandboxDashboardView.swift */,
				98EA9D063001438E0067F8EA /* SandboxMakerOnboardingView.swift */,
				98EA9D073001438E0067F8EA /* WalkableAspirationView.swift */,
			);
			path = Prototypes;
			sourceTree = "<group>";
		};
		98EA9D183001438E0067F8EA /* Views */ = {
			isa = PBXGroup;
			children = (
				98EA9D083001438E0067F8EA /* Prototypes */,
				98EA9D093001438E0067F8EA /* CheckpointEditView.swift */,
				98EA9D0A3001438E0067F8EA /* CheckpointListView.swift */,
				98EA9D0B3001438E0067F8EA /* Journey.swift */,
				98EA9D0C3001438E0067F8EA /* JourneyARPlacementView.swift */,
				98EA9D0D3001438E0067F8EA /* JourneyDetailView.swift */,
				98EA9D0E3001438E0067F8EA /* JourneyLandingView.swift */,
				98EA9D0F3001438E0067F8EA /* JourneyPreviewView.swift */,
				98EA9D103001438E0067F8EA /* JourneyService.swift */,
				98EA9D113001438E0067F8EA /* JourneySetupView.swift */,
				98EA9D123001438E0067F8EA /* MakerMapView.swift */,
				98EA9D133001438E0067F8EA /* MakerResponsesView.swift */,
				98EA9D143001438E0067F8EA /* PastJourneysListView.swift */,
				98EA9D153001438E0067F8EA /* RelativeMakerARView.swift */,
				98EA9D163001438E0067F8EA /* SetStartPointView.swift */,
				98EA9D173001438E0067F8EA /* UserMinimapView.swift */,
			);
			path = Views;
			sourceTree = "<group>";
		};
		98EA9D193001438E0067F8EA /* TanyaLeApp */ = {
			isa = PBXGroup;
			children = (
				98EA9CFD3001438E0067F8EA /* App */,
				98EA9CFE3001438E0067F8EA /* Resources */,
				98EA9D003001438E0067F8EA /* ViewModels */,
				98EA9D183001438E0067F8EA /* Views */,
			);
			path = TanyaLeApp;
			sourceTree = "<group>";
		};
/* End PBXGroup section */

/* Begin PBXNativeTarget section */
		987379362FF61D8900739D44 /* TanyaLe */ = {
			isa = PBXNativeTarget;
			buildConfigurationList = 987379442FF61D8A00739D44 /* Build configuration list for PBXNativeTarget "TanyaLe" */;
			buildPhases = (
				987379332FF61D8900739D44 /* Sources */,
				987379342FF61D8900739D44 /* Frameworks */,
				987379352FF61D8900739D44 /* Resources */,
				AA07A9482FFE0B7400CCB838 /* Embed App Clips */,
			);
			buildRules = (
			);
			dependencies = (
				AA07A9422FFE0B7400CCB838 /* PBXTargetDependency */,
			);
			name = TanyaLe;
			productName = TanyaLe;
			productReference = 98EA9CFB3001405A0067F8EA /* TanyaLe.app */;
			productType = "com.apple.product-type.application";
		};
		AA07A9362FFE0B7300CCB838 /* TanyaleAppClip */ = {
			isa = PBXNativeTarget;
			buildConfigurationList = AA07A9452FFE0B7400CCB838 /* Build configuration list for PBXNativeTarget "TanyaleAppClip" */;
			buildPhases = (
				AA07A9332FFE0B7300CCB838 /* Sources */,
				AA07A9342FFE0B7300CCB838 /* Frameworks */,
				AA07A9352FFE0B7300CCB838 /* Resources */,
			);
			buildRules = (
			);
			dependencies = (
			);
			name = TanyaleAppClip;
			productName = TanyaleAppClip;
			productReference = 98EA9CFA300140550067F8EA /* TanyaleAppClip.app */;
			productType = "com.apple.product-type.application.on-demand-install-capable";
		};
/* End PBXNativeTarget section */

/* Begin PBXProject section */
		9873792F2FF61D8900739D44 /* Project object */ = {
			isa = PBXProject;
			attributes = {
				BuildIndependentTargetsInParallel = 1;
				LastSwiftUpdateCheck = 2630;
				LastUpgradeCheck = 2660;
				TargetAttributes = {
					987379362FF61D8900739D44 = {
						CreatedOnToolsVersion = 26.6;
					};
					AA07A9362FFE0B7300CCB838 = {
						CreatedOnToolsVersion = 26.3;
					};
				};
			};
			buildConfigurationList = 987379322FF61D8900739D44 /* Build configuration list for PBXProject "TanyaLe" */;
			developmentRegion = en;
			hasScannedForEncodings = 0;
			knownRegions = (
				en,
				Base,
			);
			mainGroup = 9873792E2FF61D8900739D44;
			minimizedProjectReferenceProxies = 1;
			preferredProjectObjectVersion = 77;
			productRefGroup = 9873792E2FF61D8900739D44;
			projectDirPath = "";
			projectRoot = "";
			targets = (
				987379362FF61D8900739D44 /* TanyaLe */,
				AA07A9362FFE0B7300CCB838 /* TanyaleAppClip */,
			);
		};
/* End PBXProject section */

/* Begin PBXResourcesBuildPhase section */
		987379352FF61D8900739D44 /* Resources */ = {
			isa = PBXResourcesBuildPhase;
			buildActionMask = 2147483647;
			files = (
				98EA9CF4300140510067F8EA /* Assets.xcassets in Resources */,
				98EA9CF5300140510067F8EA /* appclipicon_tanyale.icon in Resources */,
				98EA9CF6300140510067F8EA /* asset3d_kandang-ayam.usdz in Resources */,
				98EA9CF7300140510067F8EA /* asset3d_trashbin.usdz in Resources */,
				98EA9CF8300140510067F8EA /* appicon_tanyale.icon in Resources */,
				98EA9CF9300140510067F8EA /* Lele_Checkpoint.usdz in Resources */,
			);
			runOnlyForDeploymentPostprocessing = 0;
		};
		AA07A9352FFE0B7300CCB838 /* Resources */ = {
			isa = PBXResourcesBuildPhase;
			buildActionMask = 2147483647;
			files = (
				98EA9C27300140380067F8EA /* Assets.xcassets in Resources */,
				98EA9C96300140510067F8EA /* Assets.xcassets in Resources */,
				98EA9C97300140510067F8EA /* appclipicon_tanyale.icon in Resources */,
				98EA9C98300140510067F8EA /* asset3d_kandang-ayam.usdz in Resources */,
				98EA9C99300140510067F8EA /* asset3d_trashbin.usdz in Resources */,
				98EA9C9A300140510067F8EA /* appicon_tanyale.icon in Resources */,
				98EA9C9B300140510067F8EA /* Lele_Checkpoint.usdz in Resources */,
			);
			runOnlyForDeploymentPostprocessing = 0;
		};
/* End PBXResourcesBuildPhase section */

/* Begin PBXSourcesBuildPhase section */
		987379332FF61D8900739D44 /* Sources */ = {
			isa = PBXSourcesBuildPhase;
			buildActionMask = 2147483647;
			files = (
				98EA9CC8300140510067F8EA /* ARWalkView.swift in Sources */,
				98EA9CC9300140510067F8EA /* CheckpointBoardLoader.swift in Sources */,
				98EA9CCA300140510067F8EA /* ARMinimapView.swift in Sources */,
				98EA9CCB300140510067F8EA /* MessageBoardEntity.swift in Sources */,
				98EA9CCC300140510067F8EA /* Asset3DLoader.swift in Sources */,
				98EA9CCD300140510067F8EA /* WalkableAspirationButton.swift in Sources */,
				98EA9CCE300140510067F8EA /* AssetPickerView.swift in Sources */,
				98EA9CCF300140510067F8EA /* EmojiCelebrationView.swift in Sources */,
				98EA9CD0300140510067F8EA /* Entity+GroundPlacement.swift in Sources */,
				98EA9CD1300140510067F8EA /* ConfirmationPopup.swift in Sources */,
				98EA9CD2300140510067F8EA /* Asset3D.swift in Sources */,
				98EA9CD4300140510067F8EA /* TutorialPopup.swift in Sources */,
				98EA9CD5300140510067F8EA /* CheckpointReachedCard.swift in Sources */,
				98EA9CD6300140510067F8EA /* MockDatabaseService.swift in Sources */,
				98EA9CD7300140510067F8EA /* PhotoboothCaptureView.swift in Sources */,
				98EA9CD8300140510067F8EA /* PhotoboothCaptureView_Backup.swift in Sources */,
				98EA9CD9300140510067F8EA /* AssetPlacementConfig.swift in Sources */,
				98EA9CDA300140510067F8EA /* AppClipRootView.swift in Sources */,
				98EA9CDB300140510067F8EA /* AssetThumbnailImage.swift in Sources */,
				98EA9CDC300140510067F8EA /* LocationManager.swift in Sources */,
				98EA9CDD300140510067F8EA /* WelcomeView.swift in Sources */,
				98EA9CDE300140510067F8EA /* PhotoGalleryView.swift in Sources */,
				98EA9D1A3001438E0067F8EA /* MakerViewModel.swift in Sources */,
				98EA9D1B3001438E0067F8EA /* ARPlacementPrototypeView.swift in Sources */,
				98EA9D1C3001438E0067F8EA /* SandboxMakerOnboardingView.swift in Sources */,
				98EA9D1D3001438E0067F8EA /* SandboxDashboardView.swift in Sources */,
				98EA9D1E3001438E0067F8EA /* CheckpointEditView.swift in Sources */,
				98EA9D1F3001438E0067F8EA /* JourneyLandingView.swift in Sources */,
				98EA9D203001438E0067F8EA /* JourneyARPlacementView.swift in Sources */,
				98EA9D213001438E0067F8EA /* CheckpointListView.swift in Sources */,
				98EA9D223001438E0067F8EA /* Journey.swift in Sources */,
				98EA9D233001438E0067F8EA /* MakerResponsesView.swift in Sources */,
				98EA9D243001438E0067F8EA /* MakerMapView.swift in Sources */,
				98EA9D253001438E0067F8EA /* OnboardingPageThree.swift in Sources */,
				98EA9D263001438E0067F8EA /* OnboardingPageOne.swift in Sources */,
				98EA9D273001438E0067F8EA /* RelativeMakerARView.swift in Sources */,
				98EA9D283001438E0067F8EA /* PastJourneysListView.swift in Sources */,
				98EA9D293001438E0067F8EA /* WalkableAspirationView.swift in Sources */,
				98EA9D2A3001438E0067F8EA /* SetStartPointView.swift in Sources */,
				98EA9D2B3001438E0067F8EA /* JourneyPreviewView.swift in Sources */,
				98EA9D2C3001438E0067F8EA /* JourneySetupView.swift in Sources */,
				98EA9D2D3001438E0067F8EA /* UserMinimapView.swift in Sources */,
				98EA9D2E3001438E0067F8EA /* OnboardingPageTwo.swift in Sources */,
				98EA9D2F3001438E0067F8EA /* TanyaLeApp.swift in Sources */,
				98EA9D303001438E0067F8EA /* JourneyService.swift in Sources */,
				98EA9D313001438E0067F8EA /* JourneyDetailView.swift in Sources */,
				98EA9CDF300140510067F8EA /* RelativeARViewContainer.swift in Sources */,
				98EA9CE0300140510067F8EA /* CitizenARViewModel.swift in Sources */,
				98EA9CE1300140510067F8EA /* BrandTheme.swift in Sources */,
				98EA9CE2300140510067F8EA /* MockAssetService.swift in Sources */,
				98EA9CE3300140510067F8EA /* MCQBoardEntity.swift in Sources */,
				98EA9CE4300140510067F8EA /* MockPhotoService.swift in Sources */,
				98EA9CE5300140510067F8EA /* PhotoPreviewView.swift in Sources */,
				98EA9CE6300140510067F8EA /* PrimaryActionButton.swift in Sources */,
				98EA9CE7300140510067F8EA /* WalkableAspirationManager.swift in Sources */,
				98EA9CE8300140510067F8EA /* WalkableAspirationSceneController.swift in Sources */,
				98EA9CE9300140510067F8EA /* ImagePicker.swift in Sources */,
				98EA9CEA300140510067F8EA /* ARSurveyBoard.swift in Sources */,
				98EA9CEB300140510067F8EA /* PhotoboothBoardController.swift in Sources */,
				98EA9CEC300140510067F8EA /* AssetPlacementController.swift in Sources */,
				98EA9CED300140510067F8EA /* WalkableAspiration.swift in Sources */,
				98EA9CEE300140510067F8EA /* AssetDetailView.swift in Sources */,
				98EA9CEF300140510067F8EA /* RelativeUserARView.swift in Sources */,
				98EA9CF0300140510067F8EA /* CustomCameraView_Backup.swift in Sources */,
				98EA9CF1300140510067F8EA /* TextFieldBottomSheet.swift in Sources */,
				98EA9CF2300140510067F8EA /* Checkpoint.swift in Sources */,
				98EA9CF3300140510067F8EA /* CheckpointFormContent.swift in Sources */,
			);
			runOnlyForDeploymentPostprocessing = 0;
		};
		AA07A9332FFE0B7300CCB838 /* Sources */ = {
			isa = PBXSourcesBuildPhase;
			buildActionMask = 2147483647;
			files = (
				98EA9C28300140380067F8EA /* TanyaleAppClipApp.swift in Sources */,
				98EA9C9C300140510067F8EA /* ARWalkView.swift in Sources */,
				98EA9C9D300140510067F8EA /* CheckpointBoardLoader.swift in Sources */,
				98EA9C9E300140510067F8EA /* ARMinimapView.swift in Sources */,
				98EA9C9F300140510067F8EA /* MessageBoardEntity.swift in Sources */,
				98EA9CA0300140510067F8EA /* Asset3DLoader.swift in Sources */,
				98EA9CA1300140510067F8EA /* WalkableAspirationButton.swift in Sources */,
				98EA9CA2300140510067F8EA /* AssetPickerView.swift in Sources */,
				98EA9CA3300140510067F8EA /* EmojiCelebrationView.swift in Sources */,
				98EA9CA4300140510067F8EA /* Entity+GroundPlacement.swift in Sources */,
				98EA9CA5300140510067F8EA /* ConfirmationPopup.swift in Sources */,
				98EA9CA6300140510067F8EA /* Asset3D.swift in Sources */,
				98EA9CA8300140510067F8EA /* TutorialPopup.swift in Sources */,
				98EA9CA9300140510067F8EA /* CheckpointReachedCard.swift in Sources */,
				98EA9CAA300140510067F8EA /* MockDatabaseService.swift in Sources */,
				98EA9CAB300140510067F8EA /* PhotoboothCaptureView.swift in Sources */,
				98EA9CAC300140510067F8EA /* PhotoboothCaptureView_Backup.swift in Sources */,
				98EA9CAD300140510067F8EA /* AssetPlacementConfig.swift in Sources */,
				98EA9CAE300140510067F8EA /* AppClipRootView.swift in Sources */,
				98EA9CAF300140510067F8EA /* AssetThumbnailImage.swift in Sources */,
				98EA9CB0300140510067F8EA /* LocationManager.swift in Sources */,
				98EA9CB1300140510067F8EA /* WelcomeView.swift in Sources */,
				98EA9CB2300140510067F8EA /* PhotoGalleryView.swift in Sources */,
				98EA9CB3300140510067F8EA /* RelativeARViewContainer.swift in Sources */,
				98EA9CB4300140510067F8EA /* CitizenARViewModel.swift in Sources */,
				98EA9CB5300140510067F8EA /* BrandTheme.swift in Sources */,
				98EA9CB6300140510067F8EA /* MockAssetService.swift in Sources */,
				98EA9CB7300140510067F8EA /* MCQBoardEntity.swift in Sources */,
				98EA9CB8300140510067F8EA /* MockPhotoService.swift in Sources */,
				98EA9CB9300140510067F8EA /* PhotoPreviewView.swift in Sources */,
				98EA9CBA300140510067F8EA /* PrimaryActionButton.swift in Sources */,
				98EA9CBB300140510067F8EA /* WalkableAspirationManager.swift in Sources */,
				98EA9CBC300140510067F8EA /* WalkableAspirationSceneController.swift in Sources */,
				98EA9CBD300140510067F8EA /* ImagePicker.swift in Sources */,
				98EA9CBE300140510067F8EA /* ARSurveyBoard.swift in Sources */,
				98EA9CBF300140510067F8EA /* PhotoboothBoardController.swift in Sources */,
				98EA9CC0300140510067F8EA /* AssetPlacementController.swift in Sources */,
				98EA9CC1300140510067F8EA /* WalkableAspiration.swift in Sources */,
				98EA9CC2300140510067F8EA /* AssetDetailView.swift in Sources */,
				98EA9CC3300140510067F8EA /* RelativeUserARView.swift in Sources */,
				98EA9CC4300140510067F8EA /* CustomCameraView_Backup.swift in Sources */,
				98EA9CC5300140510067F8EA /* TextFieldBottomSheet.swift in Sources */,
				98EA9CC6300140510067F8EA /* Checkpoint.swift in Sources */,
				98EA9CC7300140510067F8EA /* CheckpointFormContent.swift in Sources */,
				AA5E76462FFEC265009F664A /* (null) in Sources */,
			);
			runOnlyForDeploymentPostprocessing = 0;
		};
/* End PBXSourcesBuildPhase section */

/* Begin PBXTargetDependency section */
		AA07A9422FFE0B7400CCB838 /* PBXTargetDependency */ = {
			isa = PBXTargetDependency;
			target = AA07A9362FFE0B7300CCB838 /* TanyaleAppClip */;
			targetProxy = AA07A9412FFE0B7400CCB838 /* PBXContainerItemProxy */;
		};
/* End PBXTargetDependency section */

/* Begin XCBuildConfiguration section */
		987379452FF61D8A00739D44 /* Debug */ = {
			isa = XCBuildConfiguration;
			buildSettings = {
				ASSETCATALOG_COMPILER_APPICON_NAME = appicon_tanyale;
				ASSETCATALOG_COMPILER_GLOBAL_ACCENT_COLOR_NAME = AccentColor;
				CODE_SIGN_STYLE = Automatic;
				CURRENT_PROJECT_VERSION = 1;
				DEVELOPMENT_TEAM = 8QT63UDSK5;
				ENABLE_PREVIEWS = YES;
				GENERATE_INFOPLIST_FILE = YES;
				INFOPLIST_KEY_NSCameraUsageDescription = CAMERA_USAGE_DESCRIPTION;
				INFOPLIST_KEY_NSLocationWhenInUseUsageDescription = LOCATION_USAGE_DESCRIPTION;
				INFOPLIST_KEY_UIApplicationSupportsIndirectInputEvents = YES;
				INFOPLIST_KEY_UILaunchScreen_Generation = YES;
				INFOPLIST_KEY_UIRequiredDeviceCapabilities = arkit;
				INFOPLIST_KEY_UIStatusBarHidden = YES;
				INFOPLIST_KEY_UISupportedInterfaceOrientations_iPad = "UIInterfaceOrientationPortrait UIInterfaceOrientationPortraitUpsideDown UIInterfaceOrientationLandscapeLeft UIInterfaceOrientationLandscapeRight";
				INFOPLIST_KEY_UISupportedInterfaceOrientations_iPhone = "UIInterfaceOrientationPortrait UIInterfaceOrientationLandscapeLeft UIInterfaceOrientationLandscapeRight";
				IPHONEOS_DEPLOYMENT_TARGET = 26.0;
				LD_RUNPATH_SEARCH_PATHS = (
					"$(inherited)",
					"@executable_path/Frameworks",
				);
				MARKETING_VERSION = 1.0;
				PRODUCT_BUNDLE_IDENTIFIER = com.ian.TanyaLe;
				PRODUCT_NAME = "$(TARGET_NAME)";
				STRING_CATALOG_GENERATE_SYMBOLS = YES;
				SWIFT_APPROACHABLE_CONCURRENCY = YES;
				SWIFT_DEFAULT_ACTOR_ISOLATION = MainActor;
				SWIFT_EMIT_LOC_STRINGS = YES;
				SWIFT_UPCOMING_FEATURE_MEMBER_IMPORT_VISIBILITY = YES;
				SWIFT_VERSION = 5.0;
				TARGETED_DEVICE_FAMILY = "1,2";
			};
			name = Debug;
		};
		987379462FF61D8A00739D44 /* Release */ = {
			isa = XCBuildConfiguration;
			buildSettings = {
				ASSETCATALOG_COMPILER_APPICON_NAME = appicon_tanyale;
				ASSETCATALOG_COMPILER_GLOBAL_ACCENT_COLOR_NAME = AccentColor;
				CODE_SIGN_STYLE = Automatic;
				CURRENT_PROJECT_VERSION = 1;
				DEVELOPMENT_TEAM = 8QT63UDSK5;
				ENABLE_PREVIEWS = YES;
				GENERATE_INFOPLIST_FILE = YES;
				INFOPLIST_KEY_NSCameraUsageDescription = CAMERA_USAGE_DESCRIPTION;
				INFOPLIST_KEY_NSLocationWhenInUseUsageDescription = LOCATION_USAGE_DESCRIPTION;
				INFOPLIST_KEY_UIApplicationSupportsIndirectInputEvents = YES;
				INFOPLIST_KEY_UILaunchScreen_Generation = YES;
				INFOPLIST_KEY_UIRequiredDeviceCapabilities = arkit;
				INFOPLIST_KEY_UIStatusBarHidden = YES;
				INFOPLIST_KEY_UISupportedInterfaceOrientations_iPad = "UIInterfaceOrientationPortrait UIInterfaceOrientationPortraitUpsideDown UIInterfaceOrientationLandscapeLeft UIInterfaceOrientationLandscapeRight";
				INFOPLIST_KEY_UISupportedInterfaceOrientations_iPhone = "UIInterfaceOrientationPortrait UIInterfaceOrientationLandscapeLeft UIInterfaceOrientationLandscapeRight";
				IPHONEOS_DEPLOYMENT_TARGET = 26.0;
				LD_RUNPATH_SEARCH_PATHS = (
					"$(inherited)",
					"@executable_path/Frameworks",
				);
				MARKETING_VERSION = 1.0;
				PRODUCT_BUNDLE_IDENTIFIER = com.ian.TanyaLe;
				PRODUCT_NAME = "$(TARGET_NAME)";
				STRING_CATALOG_GENERATE_SYMBOLS = YES;
				SWIFT_APPROACHABLE_CONCURRENCY = YES;
				SWIFT_DEFAULT_ACTOR_ISOLATION = MainActor;
				SWIFT_EMIT_LOC_STRINGS = YES;
				SWIFT_UPCOMING_FEATURE_MEMBER_IMPORT_VISIBILITY = YES;
				SWIFT_VERSION = 5.0;
				TARGETED_DEVICE_FAMILY = "1,2";
			};
			name = Release;
		};
		987379472FF61D8A00739D44 /* Debug */ = {
			isa = XCBuildConfiguration;
			buildSettings = {
				ALWAYS_SEARCH_USER_PATHS = NO;
				ASSETCATALOG_COMPILER_GENERATE_SWIFT_ASSET_SYMBOL_EXTENSIONS = YES;
				CLANG_ANALYZER_NONNULL = YES;
				CLANG_ANALYZER_NUMBER_OBJECT_CONVERSION = YES_AGGRESSIVE;
				CLANG_CXX_LANGUAGE_STANDARD = "gnu++20";
				CLANG_ENABLE_MODULES = YES;
				CLANG_ENABLE_OBJC_ARC = YES;
				CLANG_ENABLE_OBJC_WEAK = YES;
				CLANG_WARN_BLOCK_CAPTURE_AUTORELEASING = YES;
				CLANG_WARN_BOOL_CONVERSION = YES;
				CLANG_WARN_COMMA = YES;
				CLANG_WARN_CONSTANT_CONVERSION = YES;
				CLANG_WARN_DEPRECATED_OBJC_IMPLEMENTATIONS = YES;
				CLANG_WARN_DIRECT_OBJC_ISA_USAGE = YES_ERROR;
				CLANG_WARN_DOCUMENTATION_COMMENTS = YES;
				CLANG_WARN_EMPTY_BODY = YES;
				CLANG_WARN_ENUM_CONVERSION = YES;
				CLANG_WARN_INFINITE_RECURSION = YES;
				CLANG_WARN_INT_CONVERSION = YES;
				CLANG_WARN_NON_LITERAL_NULL_CONVERSION = YES;
				CLANG_WARN_OBJC_IMPLICIT_RETAIN_SELF = YES;
				CLANG_WARN_OBJC_LITERAL_CONVERSION = YES;
				CLANG_WARN_OBJC_ROOT_CLASS = YES_ERROR;
				CLANG_WARN_QUOTED_INCLUDE_IN_FRAMEWORK_HEADER = YES;
				CLANG_WARN_RANGE_LOOP_ANALYSIS = YES;
				CLANG_WARN_STRICT_PROTOTYPES = YES;
				CLANG_WARN_SUSPICIOUS_MOVE = YES;
				CLANG_WARN_UNGUARDED_AVAILABILITY = YES_AGGRESSIVE;
				CLANG_WARN_UNREACHABLE_CODE = YES;
				CLANG_WARN__DUPLICATE_METHOD_MATCH = YES;
				COPY_PHASE_STRIP = NO;
				DEBUG_INFORMATION_FORMAT = dwarf;
				ENABLE_STRICT_OBJC_MSGSEND = YES;
				ENABLE_TESTABILITY = YES;
				ENABLE_USER_SCRIPT_SANDBOXING = YES;
				GCC_C_LANGUAGE_STANDARD = gnu17;
				GCC_DYNAMIC_NO_PIC = NO;
				GCC_NO_COMMON_BLOCKS = YES;
				GCC_OPTIMIZATION_LEVEL = 0;
				GCC_PREPROCESSOR_DEFINITIONS = (
					"DEBUG=1",
					"$(inherited)",
				);
				GCC_WARN_64_TO_32_BIT_CONVERSION = YES;
				GCC_WARN_ABOUT_RETURN_TYPE = YES_ERROR;
				GCC_WARN_UNDECLARED_SELECTOR = YES;
				GCC_WARN_UNINITIALIZED_AUTOS = YES_AGGRESSIVE;
				GCC_WARN_UNUSED_FUNCTION = YES;
				GCC_WARN_UNUSED_VARIABLE = YES;
				IPHONEOS_DEPLOYMENT_TARGET = 26.5;
				LOCALIZATION_PREFERS_STRING_CATALOGS = YES;
				MTL_ENABLE_DEBUG_INFO = INCLUDE_SOURCE;
				MTL_FAST_MATH = YES;
				ONLY_ACTIVE_ARCH = YES;
				SDKROOT = iphoneos;
				SWIFT_ACTIVE_COMPILATION_CONDITIONS = "DEBUG $(inherited)";
				SWIFT_OPTIMIZATION_LEVEL = "-Onone";
			};
			name = Debug;
		};
		987379482FF61D8A00739D44 /* Release */ = {
			isa = XCBuildConfiguration;
			buildSettings = {
				ALWAYS_SEARCH_USER_PATHS = NO;
				ASSETCATALOG_COMPILER_GENERATE_SWIFT_ASSET_SYMBOL_EXTENSIONS = YES;
				CLANG_ANALYZER_NONNULL = YES;
				CLANG_ANALYZER_NUMBER_OBJECT_CONVERSION = YES_AGGRESSIVE;
				CLANG_CXX_LANGUAGE_STANDARD = "gnu++20";
				CLANG_ENABLE_MODULES = YES;
				CLANG_ENABLE_OBJC_ARC = YES;
				CLANG_ENABLE_OBJC_WEAK = YES;
				CLANG_WARN_BLOCK_CAPTURE_AUTORELEASING = YES;
				CLANG_WARN_BOOL_CONVERSION = YES;
				CLANG_WARN_COMMA = YES;
				CLANG_WARN_CONSTANT_CONVERSION = YES;
				CLANG_WARN_DEPRECATED_OBJC_IMPLEMENTATIONS = YES;
				CLANG_WARN_DIRECT_OBJC_ISA_USAGE = YES_ERROR;
				CLANG_WARN_DOCUMENTATION_COMMENTS = YES;
				CLANG_WARN_EMPTY_BODY = YES;
				CLANG_WARN_ENUM_CONVERSION = YES;
				CLANG_WARN_INFINITE_RECURSION = YES;
				CLANG_WARN_INT_CONVERSION = YES;
				CLANG_WARN_NON_LITERAL_NULL_CONVERSION = YES;
				CLANG_WARN_OBJC_IMPLICIT_RETAIN_SELF = YES;
				CLANG_WARN_OBJC_LITERAL_CONVERSION = YES;
				CLANG_WARN_OBJC_ROOT_CLASS = YES_ERROR;
				CLANG_WARN_QUOTED_INCLUDE_IN_FRAMEWORK_HEADER = YES;
				CLANG_WARN_RANGE_LOOP_ANALYSIS = YES;
				CLANG_WARN_STRICT_PROTOTYPES = YES;
				CLANG_WARN_SUSPICIOUS_MOVE = YES;
				CLANG_WARN_UNGUARDED_AVAILABILITY = YES_AGGRESSIVE;
				CLANG_WARN_UNREACHABLE_CODE = YES;
				CLANG_WARN__DUPLICATE_METHOD_MATCH = YES;
				COPY_PHASE_STRIP = NO;
				DEBUG_INFORMATION_FORMAT = "dwarf-with-dsym";
				ENABLE_NS_ASSERTIONS = NO;
				ENABLE_STRICT_OBJC_MSGSEND = YES;
				ENABLE_USER_SCRIPT_SANDBOXING = YES;
				GCC_C_LANGUAGE_STANDARD = gnu17;
				GCC_NO_COMMON_BLOCKS = YES;
				GCC_WARN_64_TO_32_BIT_CONVERSION = YES;
				GCC_WARN_ABOUT_RETURN_TYPE = YES_ERROR;
				GCC_WARN_UNDECLARED_SELECTOR = YES;
				GCC_WARN_UNINITIALIZED_AUTOS = YES_AGGRESSIVE;
				GCC_WARN_UNUSED_FUNCTION = YES;
				GCC_WARN_UNUSED_VARIABLE = YES;
				IPHONEOS_DEPLOYMENT_TARGET = 26.5;
				LOCALIZATION_PREFERS_STRING_CATALOGS = YES;
				MTL_ENABLE_DEBUG_INFO = NO;
				MTL_FAST_MATH = YES;
				SDKROOT = iphoneos;
				SWIFT_COMPILATION_MODE = wholemodule;
				VALIDATE_PRODUCT = YES;
			};
			name = Release;
		};
		AA07A9462FFE0B7400CCB838 /* Debug */ = {
			isa = XCBuildConfiguration;
			buildSettings = {
				ASSETCATALOG_COMPILER_APPICON_NAME = appclipicon_tanyale;
				ASSETCATALOG_COMPILER_GLOBAL_ACCENT_COLOR_NAME = AccentColor;
				CODE_SIGN_ENTITLEMENTS = TanyaleAppClip/TanyaleAppClip.entitlements;
				CODE_SIGN_STYLE = Automatic;
				CURRENT_PROJECT_VERSION = 1;
				DEVELOPMENT_TEAM = 8QT63UDSK5;
				ENABLE_PREVIEWS = YES;
				GENERATE_INFOPLIST_FILE = YES;
				INFOPLIST_KEY_CFBundleDisplayName = "TanyaLe App Clip";
				INFOPLIST_KEY_NSCameraUsageDescription = "TanyaLe uses the camera to place and view AR journey markers in the world around you.";
				INFOPLIST_KEY_NSLocationWhenInUseUsageDescription = "TanyaLe uses your location to place and guide you to AR journey markers nearby.";
				INFOPLIST_KEY_UIApplicationSceneManifest_Generation = YES;
				INFOPLIST_KEY_UIApplicationSupportsIndirectInputEvents = YES;
				INFOPLIST_KEY_UILaunchScreen_Generation = YES;
				INFOPLIST_KEY_UIRequiredDeviceCapabilities = arkit;
				INFOPLIST_KEY_UISupportedInterfaceOrientations_iPad = "UIInterfaceOrientationPortrait UIInterfaceOrientationPortraitUpsideDown UIInterfaceOrientationLandscapeLeft UIInterfaceOrientationLandscapeRight";
				INFOPLIST_KEY_UISupportedInterfaceOrientations_iPhone = "UIInterfaceOrientationPortrait UIInterfaceOrientationLandscapeLeft UIInterfaceOrientationLandscapeRight";
				IPHONEOS_DEPLOYMENT_TARGET = 26.2;
				LD_RUNPATH_SEARCH_PATHS = (
					"$(inherited)",
					"@executable_path/Frameworks",
				);
				MARKETING_VERSION = 1.0;
				PRODUCT_BUNDLE_IDENTIFIER = com.ian.TanyaLe.Clip;
				PRODUCT_NAME = "$(TARGET_NAME)";
				STRING_CATALOG_GENERATE_SYMBOLS = YES;
				SWIFT_APPROACHABLE_CONCURRENCY = YES;
				SWIFT_DEFAULT_ACTOR_ISOLATION = MainActor;
				SWIFT_EMIT_LOC_STRINGS = YES;
				SWIFT_UPCOMING_FEATURE_MEMBER_IMPORT_VISIBILITY = YES;
				SWIFT_VERSION = 5.0;
				TARGETED_DEVICE_FAMILY = "1,2";
			};
			name = Debug;
		};
		AA07A9472FFE0B7400CCB838 /* Release */ = {
			isa = XCBuildConfiguration;
			buildSettings = {
				ASSETCATALOG_COMPILER_APPICON_NAME = appclipicon_tanyale;
				ASSETCATALOG_COMPILER_GLOBAL_ACCENT_COLOR_NAME = AccentColor;
				CODE_SIGN_ENTITLEMENTS = TanyaleAppClip/TanyaleAppClip.entitlements;
				CODE_SIGN_STYLE = Automatic;
				CURRENT_PROJECT_VERSION = 1;
				DEVELOPMENT_TEAM = MABNSMHA8L;
				ENABLE_PREVIEWS = YES;
				GENERATE_INFOPLIST_FILE = YES;
				INFOPLIST_KEY_CFBundleDisplayName = "TanyaLe App Clip";
				INFOPLIST_KEY_NSCameraUsageDescription = "TanyaLe uses the camera to place and view AR journey markers in the world around you.";
				INFOPLIST_KEY_NSLocationWhenInUseUsageDescription = "TanyaLe uses your location to place and guide you to AR journey markers nearby.";
				INFOPLIST_KEY_UIApplicationSceneManifest_Generation = YES;
				INFOPLIST_KEY_UIApplicationSupportsIndirectInputEvents = YES;
				INFOPLIST_KEY_UILaunchScreen_Generation = YES;
				INFOPLIST_KEY_UIRequiredDeviceCapabilities = arkit;
				INFOPLIST_KEY_UISupportedInterfaceOrientations_iPad = "UIInterfaceOrientationPortrait UIInterfaceOrientationPortraitUpsideDown UIInterfaceOrientationLandscapeLeft UIInterfaceOrientationLandscapeRight";
				INFOPLIST_KEY_UISupportedInterfaceOrientations_iPhone = "UIInterfaceOrientationPortrait UIInterfaceOrientationLandscapeLeft UIInterfaceOrientationLandscapeRight";
				IPHONEOS_DEPLOYMENT_TARGET = 26.2;
				LD_RUNPATH_SEARCH_PATHS = (
					"$(inherited)",
					"@executable_path/Frameworks",
				);
				MARKETING_VERSION = 1.0;
				PRODUCT_BUNDLE_IDENTIFIER = com.ian.TanyaLe.Clip;
				PRODUCT_NAME = "$(TARGET_NAME)";
				STRING_CATALOG_GENERATE_SYMBOLS = YES;
				SWIFT_APPROACHABLE_CONCURRENCY = YES;
				SWIFT_DEFAULT_ACTOR_ISOLATION = MainActor;
				SWIFT_EMIT_LOC_STRINGS = YES;
				SWIFT_UPCOMING_FEATURE_MEMBER_IMPORT_VISIBILITY = YES;
				SWIFT_VERSION = 5.0;
				TARGETED_DEVICE_FAMILY = "1,2";
			};
			name = Release;
		};
/* End XCBuildConfiguration section */

/* Begin XCConfigurationList section */
		987379322FF61D8900739D44 /* Build configuration list for PBXProject "TanyaLe" */ = {
			isa = XCConfigurationList;
			buildConfigurations = (
				987379472FF61D8A00739D44 /* Debug */,
				987379482FF61D8A00739D44 /* Release */,
			);
			defaultConfigurationIsVisible = 0;
			defaultConfigurationName = Release;
		};
		987379442FF61D8A00739D44 /* Build configuration list for PBXNativeTarget "TanyaLe" */ = {
			isa = XCConfigurationList;
			buildConfigurations = (
				987379452FF61D8A00739D44 /* Debug */,
				987379462FF61D8A00739D44 /* Release */,
			);
			defaultConfigurationIsVisible = 0;
			defaultConfigurationName = Release;
		};
		AA07A9452FFE0B7400CCB838 /* Build configuration list for PBXNativeTarget "TanyaleAppClip" */ = {
			isa = XCConfigurationList;
			buildConfigurations = (
				AA07A9462FFE0B7400CCB838 /* Debug */,
				AA07A9472FFE0B7400CCB838 /* Release */,
			);
			defaultConfigurationIsVisible = 0;
			defaultConfigurationName = Release;
		};
/* End XCConfigurationList section */
	};
	rootObject = 9873792F2FF61D8900739D44 /* Project object */;
}
